// !$*UTF8*$!
{
	archiveVersion = 1;
	classes = {
	};
	objectVersion = 46;
	objects = {

/* Begin PBXBuildFile section */
		0001646A18DA11C700E590EB /* GHUITableViewSwipeCell.m in Sources */ = {isa = PBXBuildFile; fileRef = 0001646918DA11C700E590EB /* GHUITableViewSwipeCell.m */; };
		0001646D18DA12F400E590EB /* GHUICellButtonView.m in Sources */ = {isa = PBXBuildFile; fileRef = 0001646C18DA12F400E590EB /* GHUICellButtonView.m */; };
		0001647A18DA664000E590EB /* GHUILongPressGestureRecognizer.m in Sources */ = {isa = PBXBuildFile; fileRef = 0001647918DA664000E590EB /* GHUILongPressGestureRecognizer.m */; };
		0001647D18DA66D600E590EB /* GHUITapGestureRecognizer.m in Sources */ = {isa = PBXBuildFile; fileRef = 0001647C18DA66D600E590EB /* GHUITapGestureRecognizer.m */; };
		001CF5DB18AC081500D830A2 /* GHUIViewControllerFall.m in Sources */ = {isa = PBXBuildFile; fileRef = 001CF5DA18AC081500D830A2 /* GHUIViewControllerFall.m */; };
		001CF5DF18AC26D800D830A2 /* GHUIPanel.m in Sources */ = {isa = PBXBuildFile; fileRef = 001CF5DE18AC26D800D830A2 /* GHUIPanel.m */; };
		001CF5F018AEE8C900D830A2 /* GHUIModalView.m in Sources */ = {isa = PBXBuildFile; fileRef = 001CF5EF18AEE8C900D830A2 /* GHUIModalView.m */; };
		002ECB041868E4C5005523A6 /* GHUIKeyboardHandler.m in Sources */ = {isa = PBXBuildFile; fileRef = 002ECB031868E4C5005523A6 /* GHUIKeyboardHandler.m */; };
		00307A4F1863C6DD00FA5977 /* GHUITextField.m in Sources */ = {isa = PBXBuildFile; fileRef = 00307A4E1863C6DD00FA5977 /* GHUITextField.m */; };
		004A98F018EA0F2300280D82 /* GHUITableViewTitleCell.m in Sources */ = {isa = PBXBuildFile; fileRef = 004A98EF18EA0F2300280D82 /* GHUITableViewTitleCell.m */; };
		004A98FF18EB3A4B00280D82 /* GHUIContentView.m in Sources */ = {isa = PBXBuildFile; fileRef = 004A98FE18EB3A4B00280D82 /* GHUIContentView.m */; };
		004CB3C618909A2A00EFE8F7 /* GHUITableView.m in Sources */ = {isa = PBXBuildFile; fileRef = 004CB3C518909A2A00EFE8F7 /* GHUITableView.m */; };
		004CB3C918909A3A00EFE8F7 /* GHUITableViewDataSource.m in Sources */ = {isa = PBXBuildFile; fileRef = 004CB3C818909A3A00EFE8F7 /* GHUITableViewDataSource.m */; };
		004CB3CC18909AED00EFE8F7 /* GHUICellDataSource.m in Sources */ = {isa = PBXBuildFile; fileRef = 004CB3CB18909AED00EFE8F7 /* GHUICellDataSource.m */; };
		00993257181879BD00556ECC /* Foundation.framework in Frameworks */ = {isa = PBXBuildFile; fileRef = 00993256181879BD00556ECC /* Foundation.framework */; };
		0099325C181879BD00556ECC /* GHUIKit.h in CopyFiles */ = {isa = PBXBuildFile; fileRef = 0099325B181879BD00556ECC /* GHUIKit.h */; };
		0099328218187BFE00556ECC /* GHUICollectionView.m in Sources */ = {isa = PBXBuildFile; fileRef = 0099328118187BFE00556ECC /* GHUICollectionView.m */; };
		0099328418187DBE00556ECC /* UIKit.framework in Frameworks */ = {isa = PBXBuildFile; fileRef = 0099328318187DBE00556ECC /* UIKit.framework */; };
		0099328F181ADDEB00556ECC /* GHUICollectionViewCell.m in Sources */ = {isa = PBXBuildFile; fileRef = 0099328E181ADDEB00556ECC /* GHUICollectionViewCell.m */; };
		009932A118204D9100556ECC /* GHUIView.m in Sources */ = {isa = PBXBuildFile; fileRef = 009932A018204D9100556ECC /* GHUIView.m */; };
		009932A818204F4B00556ECC /* GHUIButton.m in Sources */ = {isa = PBXBuildFile; fileRef = 009932A718204F4B00556ECC /* GHUIButton.m */; };
		009932AB1820501800556ECC /* GHUIControl.m in Sources */ = {isa = PBXBuildFile; fileRef = 009932AA1820501800556ECC /* GHUIControl.m */; };
		009932AE1820537000556ECC /* GHLayout.m in Sources */ = {isa = PBXBuildFile; fileRef = 009932AD1820537000556ECC /* GHLayout.m */; };
		009932B51820571F00556ECC /* GHUINavigationBar.m in Sources */ = {isa = PBXBuildFile; fileRef = 009932B41820571F00556ECC /* GHUINavigationBar.m */; };
		009932BA18206DFF00556ECC /* GHUISwitchButton.m in Sources */ = {isa = PBXBuildFile; fileRef = 009932B918206DFF00556ECC /* GHUISwitchButton.m */; };
		00A411B8182445E200C5A20F /* GHUIImageView.m in Sources */ = {isa = PBXBuildFile; fileRef = 00A411B7182445E200C5A20F /* GHUIImageView.m */; };
		00A411BB182457CE00C5A20F /* GHUICollectionViewDataSource.m in Sources */ = {isa = PBXBuildFile; fileRef = 00A411BA182457CE00C5A20F /* GHUICollectionViewDataSource.m */; };
		00A411C11829A16000C5A20F /* GHUIUtils.m in Sources */ = {isa = PBXBuildFile; fileRef = 00A411C01829A16000C5A20F /* GHUIUtils.m */; };
		00A412021829D9CD00C5A20F /* GHUIListView.m in Sources */ = {isa = PBXBuildFile; fileRef = 00A412011829D9CD00C5A20F /* GHUIListView.m */; };
		00AFEFA318A5A93A0072632C /* GHUIViewControllerAnimation.m in Sources */ = {isa = PBXBuildFile; fileRef = 00AFEFA218A5A93A0072632C /* GHUIViewControllerAnimation.m */; };
		00AFEFA618A5AA100072632C /* GHUIViewControllerDropUp.m in Sources */ = {isa = PBXBuildFile; fileRef = 00AFEFA518A5AA100072632C /* GHUIViewControllerDropUp.m */; };
		00AFEFAD18A5B6F90072632C /* GHUITableViewDetailCell.m in Sources */ = {isa = PBXBuildFile; fileRef = 00AFEFAC18A5B6F90072632C /* GHUITableViewDetailCell.m */; };
		00AFEFBC18A5C19B0072632C /* GHUIViewControllerModal.m in Sources */ = {isa = PBXBuildFile; fileRef = 00AFEFBB18A5C19B0072632C /* GHUIViewControllerModal.m */; };
		00AFEFBF18A5C4330072632C /* GHUIViewControllerSlide3D.m in Sources */ = {isa = PBXBuildFile; fileRef = 00AFEFBE18A5C4330072632C /* GHUIViewControllerSlide3D.m */; };
		00C0950E1821C64200E37D61 /* GHUIActivityView.m in Sources */ = {isa = PBXBuildFile; fileRef = 00C0950D1821C64200E37D61 /* GHUIActivityView.m */; };
		00C095121821D1CE00E37D61 /* GHUIActionSheet.m in Sources */ = {isa = PBXBuildFile; fileRef = 00C095111821D1CE00E37D61 /* GHUIActionSheet.m */; };
		00C1D5E7182D95CA0080E2CF /* GHUILabel.m in Sources */ = {isa = PBXBuildFile; fileRef = 00C1D5E6182D95CA0080E2CF /* GHUILabel.m */; };
		00C1D5F1183171E90080E2CF /* GHUIViewController.m in Sources */ = {isa = PBXBuildFile; fileRef = 00C1D5F0183171E90080E2CF /* GHUIViewController.m */; };
		00E1A6BC18230DD300BBDFBD /* GHUIAlertView.m in Sources */ = {isa = PBXBuildFile; fileRef = 00E1A6BB18230DD300BBDFBD /* GHUIAlertView.m */; };
		00E2B5FD18BBEFB200441C28 /* GHUIErrorView.m in Sources */ = {isa = PBXBuildFile; fileRef = 00E2B5FC18BBEFB200441C28 /* GHUIErrorView.m */; };
		00EE07DC18A97D4E0061915F /* GHUIViewTransitioning.m in Sources */ = {isa = PBXBuildFile; fileRef = 00EE07DB18A97D4E0061915F /* GHUIViewTransitioning.m */; };
		00EE07DF18A98B5A0061915F /* GHUIViewControllerDrop.m in Sources */ = {isa = PBXBuildFile; fileRef = 00EE07DE18A98B5A0061915F /* GHUIViewControllerDrop.m */; };
		00EE07E818A9B9940061915F /* GHUIViewControllerReveal.m in Sources */ = {isa = PBXBuildFile; fileRef = 00EE07E718A9B9940061915F /* GHUIViewControllerReveal.m */; };
		00EF3D621835C52E00C6B5C0 /* GHUICollectionViewLabel.m in Sources */ = {isa = PBXBuildFile; fileRef = 00EF3D611835C52E00C6B5C0 /* GHUICollectionViewLabel.m */; };
		00F238951890A58F00EE58D9 /* GHUITableViewCell.m in Sources */ = {isa = PBXBuildFile; fileRef = 00F238941890A58F00EE58D9 /* GHUITableViewCell.m */; };
		CEB2341B467542B980EEF5F6 /* libPods.a in Frameworks */ = {isa = PBXBuildFile; fileRef = 5E609F41752043869A0ED942 /* libPods.a */; };
/* End PBXBuildFile section */

/* Begin PBXCopyFilesBuildPhase section */
		00993251181879BD00556ECC /* CopyFiles */ = {
			isa = PBXCopyFilesBuildPhase;
			buildActionMask = 2147483647;
			dstPath = "include/$(PRODUCT_NAME)";
			dstSubfolderSpec = 16;
			files = (
				0099325C181879BD00556ECC /* GHUIKit.h in CopyFiles */,
			);
			runOnlyForDeploymentPostprocessing = 0;
		};
/* End PBXCopyFilesBuildPhase section */

/* Begin PBXFileReference section */
		0001646818DA11C700E590EB /* GHUITableViewSwipeCell.h */ = {isa = PBXFileReference; fileEncoding = 4; lastKnownFileType = sourcecode.c.h; path = GHUITableViewSwipeCell.h; sourceTree = "<group>"; };
		0001646918DA11C700E590EB /* GHUITableViewSwipeCell.m */ = {isa = PBXFileReference; fileEncoding = 4; lastKnownFileType = sourcecode.c.objc; path = GHUITableViewSwipeCell.m; sourceTree = "<group>"; };
		0001646B18DA12F400E590EB /* GHUICellButtonView.h */ = {isa = PBXFileReference; fileEncoding = 4; lastKnownFileType = sourcecode.c.h; path = GHUICellButtonView.h; sourceTree = "<group>"; };
		0001646C18DA12F400E590EB /* GHUICellButtonView.m */ = {isa = PBXFileReference; fileEncoding = 4; lastKnownFileType = sourcecode.c.objc; path = GHUICellButtonView.m; sourceTree = "<group>"; };
		0001647818DA664000E590EB /* GHUILongPressGestureRecognizer.h */ = {isa = PBXFileReference; fileEncoding = 4; lastKnownFileType = sourcecode.c.h; path = GHUILongPressGestureRecognizer.h; sourceTree = "<group>"; };
		0001647918DA664000E590EB /* GHUILongPressGestureRecognizer.m */ = {isa = PBXFileReference; fileEncoding = 4; lastKnownFileType = sourcecode.c.objc; path = GHUILongPressGestureRecognizer.m; sourceTree = "<group>"; };
		0001647B18DA66D600E590EB /* GHUITapGestureRecognizer.h */ = {isa = PBXFileReference; fileEncoding = 4; lastKnownFileType = sourcecode.c.h; path = GHUITapGestureRecognizer.h; sourceTree = "<group>"; };
		0001647C18DA66D600E590EB /* GHUITapGestureRecognizer.m */ = {isa = PBXFileReference; fileEncoding = 4; lastKnownFileType = sourcecode.c.objc; path = GHUITapGestureRecognizer.m; sourceTree = "<group>"; };
		001CF5D918AC081500D830A2 /* GHUIViewControllerFall.h */ = {isa = PBXFileReference; fileEncoding = 4; lastKnownFileType = sourcecode.c.h; path = GHUIViewControllerFall.h; sourceTree = "<group>"; };
		001CF5DA18AC081500D830A2 /* GHUIViewControllerFall.m */ = {isa = PBXFileReference; fileEncoding = 4; lastKnownFileType = sourcecode.c.objc; path = GHUIViewControllerFall.m; sourceTree = "<group>"; };
		001CF5DD18AC26D800D830A2 /* GHUIPanel.h */ = {isa = PBXFileReference; fileEncoding = 4; lastKnownFileType = sourcecode.c.h; path = GHUIPanel.h; sourceTree = "<group>"; };
		001CF5DE18AC26D800D830A2 /* GHUIPanel.m */ = {isa = PBXFileReference; fileEncoding = 4; lastKnownFileType = sourcecode.c.objc; path = GHUIPanel.m; sourceTree = "<group>"; };
		001CF5EE18AEE8C900D830A2 /* GHUIModalView.h */ = {isa = PBXFileReference; fileEncoding = 4; lastKnownFileType = sourcecode.c.h; path = GHUIModalView.h; sourceTree = "<group>"; };
		001CF5EF18AEE8C900D830A2 /* GHUIModalView.m */ = {isa = PBXFileReference; fileEncoding = 4; lastKnownFileType = sourcecode.c.objc; path = GHUIModalView.m; sourceTree = "<group>"; };
		002ECB021868E4C5005523A6 /* GHUIKeyboardHandler.h */ = {isa = PBXFileReference; fileEncoding = 4; lastKnownFileType = sourcecode.c.h; path = GHUIKeyboardHandler.h; sourceTree = "<group>"; };
		002ECB031868E4C5005523A6 /* GHUIKeyboardHandler.m */ = {isa = PBXFileReference; fileEncoding = 4; lastKnownFileType = sourcecode.c.objc; path = GHUIKeyboardHandler.m; sourceTree = "<group>"; };
		00307A4D1863C6DD00FA5977 /* GHUITextField.h */ = {isa = PBXFileReference; fileEncoding = 4; lastKnownFileType = sourcecode.c.h; path = GHUITextField.h; sourceTree = "<group>"; };
		00307A4E1863C6DD00FA5977 /* GHUITextField.m */ = {isa = PBXFileReference; fileEncoding = 4; lastKnownFileType = sourcecode.c.objc; path = GHUITextField.m; sourceTree = "<group>"; };
		004A98EE18EA0F2300280D82 /* GHUITableViewTitleCell.h */ = {isa = PBXFileReference; fileEncoding = 4; lastKnownFileType = sourcecode.c.h; path = GHUITableViewTitleCell.h; sourceTree = "<group>"; };
		004A98EF18EA0F2300280D82 /* GHUITableViewTitleCell.m */ = {isa = PBXFileReference; fileEncoding = 4; lastKnownFileType = sourcecode.c.objc; path = GHUITableViewTitleCell.m; sourceTree = "<group>"; };
		004A98FD18EB3A4B00280D82 /* GHUIContentView.h */ = {isa = PBXFileReference; fileEncoding = 4; lastKnownFileType = sourcecode.c.h; path = GHUIContentView.h; sourceTree = "<group>"; };
		004A98FE18EB3A4B00280D82 /* GHUIContentView.m */ = {isa = PBXFileReference; fileEncoding = 4; lastKnownFileType = sourcecode.c.objc; path = GHUIContentView.m; sourceTree = "<group>"; };
		004CB3C418909A2A00EFE8F7 /* GHUITableView.h */ = {isa = PBXFileReference; fileEncoding = 4; lastKnownFileType = sourcecode.c.h; path = GHUITableView.h; sourceTree = "<group>"; };
		004CB3C518909A2A00EFE8F7 /* GHUITableView.m */ = {isa = PBXFileReference; fileEncoding = 4; lastKnownFileType = sourcecode.c.objc; path = GHUITableView.m; sourceTree = "<group>"; };
		004CB3C718909A3A00EFE8F7 /* GHUITableViewDataSource.h */ = {isa = PBXFileReference; fileEncoding = 4; lastKnownFileType = sourcecode.c.h; path = GHUITableViewDataSource.h; sourceTree = "<group>"; };
		004CB3C818909A3A00EFE8F7 /* GHUITableViewDataSource.m */ = {isa = PBXFileReference; fileEncoding = 4; lastKnownFileType = sourcecode.c.objc; path = GHUITableViewDataSource.m; sourceTree = "<group>"; };
		004CB3CA18909AED00EFE8F7 /* GHUICellDataSource.h */ = {isa = PBXFileReference; fileEncoding = 4; lastKnownFileType = sourcecode.c.h; path = GHUICellDataSource.h; sourceTree = "<group>"; };
		004CB3CB18909AED00EFE8F7 /* GHUICellDataSource.m */ = {isa = PBXFileReference; fileEncoding = 4; lastKnownFileType = sourcecode.c.objc; path = GHUICellDataSource.m; sourceTree = "<group>"; };
		00993253181879BD00556ECC /* libGHUIKit.a */ = {isa = PBXFileReference; explicitFileType = archive.ar; includeInIndex = 0; path = libGHUIKit.a; sourceTree = BUILT_PRODUCTS_DIR; };
		00993256181879BD00556ECC /* Foundation.framework */ = {isa = PBXFileReference; lastKnownFileType = wrapper.framework; name = Foundation.framework; path = System/Library/Frameworks/Foundation.framework; sourceTree = SDKROOT; };
		0099325A181879BD00556ECC /* GHUIKit-Prefix.pch */ = {isa = PBXFileReference; lastKnownFileType = sourcecode.c.h; path = "GHUIKit-Prefix.pch"; sourceTree = "<group>"; };
		0099325B181879BD00556ECC /* GHUIKit.h */ = {isa = PBXFileReference; lastKnownFileType = sourcecode.c.h; path = GHUIKit.h; sourceTree = "<group>"; };
		0099328018187BFE00556ECC /* GHUICollectionView.h */ = {isa = PBXFileReference; fileEncoding = 4; lastKnownFileType = sourcecode.c.h; path = GHUICollectionView.h; sourceTree = "<group>"; };
		0099328118187BFE00556ECC /* GHUICollectionView.m */ = {isa = PBXFileReference; fileEncoding = 4; lastKnownFileType = sourcecode.c.objc; path = GHUICollectionView.m; sourceTree = "<group>"; };
		0099328318187DBE00556ECC /* UIKit.framework */ = {isa = PBXFileReference; lastKnownFileType = wrapper.framework; name = UIKit.framework; path = System/Library/Frameworks/UIKit.framework; sourceTree = SDKROOT; };
		0099328A1819A68A00556ECC /* GHUIDefines.h */ = {isa = PBXFileReference; fileEncoding = 4; lastKnownFileType = sourcecode.c.h; path = GHUIDefines.h; sourceTree = "<group>"; };
		0099328D181ADDEB00556ECC /* GHUICollectionViewCell.h */ = {isa = PBXFileReference; fileEncoding = 4; lastKnownFileType = sourcecode.c.h; path = GHUICollectionViewCell.h; sourceTree = "<group>"; };
		0099328E181ADDEB00556ECC /* GHUICollectionViewCell.m */ = {isa = PBXFileReference; fileEncoding = 4; lastKnownFileType = sourcecode.c.objc; path = GHUICollectionViewCell.m; sourceTree = "<group>"; };
		0099329F18204D9100556ECC /* GHUIView.h */ = {isa = PBXFileReference; fileEncoding = 4; lastKnownFileType = sourcecode.c.h; path = GHUIView.h; sourceTree = "<group>"; };
		009932A018204D9100556ECC /* GHUIView.m */ = {isa = PBXFileReference; fileEncoding = 4; lastKnownFileType = sourcecode.c.objc; path = GHUIView.m; sourceTree = "<group>"; };
		009932A618204F4B00556ECC /* GHUIButton.h */ = {isa = PBXFileReference; fileEncoding = 4; lastKnownFileType = sourcecode.c.h; path = GHUIButton.h; sourceTree = "<group>"; };
		009932A718204F4B00556ECC /* GHUIButton.m */ = {isa = PBXFileReference; fileEncoding = 4; lastKnownFileType = sourcecode.c.objc; path = GHUIButton.m; sourceTree = "<group>"; };
		009932A91820501800556ECC /* GHUIControl.h */ = {isa = PBXFileReference; fileEncoding = 4; lastKnownFileType = sourcecode.c.h; path = GHUIControl.h; sourceTree = "<group>"; };
		009932AA1820501800556ECC /* GHUIControl.m */ = {isa = PBXFileReference; fileEncoding = 4; lastKnownFileType = sourcecode.c.objc; path = GHUIControl.m; sourceTree = "<group>"; };
		009932AC1820537000556ECC /* GHLayout.h */ = {isa = PBXFileReference; fileEncoding = 4; lastKnownFileType = sourcecode.c.h; path = GHLayout.h; sourceTree = "<group>"; };
		009932AD1820537000556ECC /* GHLayout.m */ = {isa = PBXFileReference; fileEncoding = 4; lastKnownFileType = sourcecode.c.objc; path = GHLayout.m; sourceTree = "<group>"; };
		009932B31820571F00556ECC /* GHUINavigationBar.h */ = {isa = PBXFileReference; fileEncoding = 4; lastKnownFileType = sourcecode.c.h; path = GHUINavigationBar.h; sourceTree = "<group>"; };
		009932B41820571F00556ECC /* GHUINavigationBar.m */ = {isa = PBXFileReference; fileEncoding = 4; lastKnownFileType = sourcecode.c.objc; path = GHUINavigationBar.m; sourceTree = "<group>"; };
		009932B61820691100556ECC /* Podfile */ = {isa = PBXFileReference; lastKnownFileType = text; path = Podfile; sourceTree = "<group>"; xcLanguageSpecificationIdentifier = xcode.lang.ruby; };
		009932B71820696E00556ECC /* GHUIKit.podspec */ = {isa = PBXFileReference; lastKnownFileType = text; path = GHUIKit.podspec; sourceTree = "<group>"; };
		009932B818206DFF00556ECC /* GHUISwitchButton.h */ = {isa = PBXFileReference; fileEncoding = 4; lastKnownFileType = sourcecode.c.h; path = GHUISwitchButton.h; sourceTree = "<group>"; };
		009932B918206DFF00556ECC /* GHUISwitchButton.m */ = {isa = PBXFileReference; fileEncoding = 4; lastKnownFileType = sourcecode.c.objc; path = GHUISwitchButton.m; sourceTree = "<group>"; };
		00A411B6182445E200C5A20F /* GHUIImageView.h */ = {isa = PBXFileReference; fileEncoding = 4; lastKnownFileType = sourcecode.c.h; path = GHUIImageView.h; sourceTree = "<group>"; };
		00A411B7182445E200C5A20F /* GHUIImageView.m */ = {isa = PBXFileReference; fileEncoding = 4; lastKnownFileType = sourcecode.c.objc; path = GHUIImageView.m; sourceTree = "<group>"; };
		00A411B9182457CE00C5A20F /* GHUICollectionViewDataSource.h */ = {isa = PBXFileReference; fileEncoding = 4; lastKnownFileType = sourcecode.c.h; path = GHUICollectionViewDataSource.h; sourceTree = "<group>"; };
		00A411BA182457CE00C5A20F /* GHUICollectionViewDataSource.m */ = {isa = PBXFileReference; fileEncoding = 4; lastKnownFileType = sourcecode.c.objc; path = GHUICollectionViewDataSource.m; sourceTree = "<group>"; };
		00A411BF1829A16000C5A20F /* GHUIUtils.h */ = {isa = PBXFileReference; fileEncoding = 4; lastKnownFileType = sourcecode.c.h; path = GHUIUtils.h; sourceTree = "<group>"; };
		00A411C01829A16000C5A20F /* GHUIUtils.m */ = {isa = PBXFileReference; fileEncoding = 4; lastKnownFileType = sourcecode.c.objc; path = GHUIUtils.m; sourceTree = "<group>"; };
		00A411D21829D6EA00C5A20F /* CoreGraphics.framework */ = {isa = PBXFileReference; lastKnownFileType = wrapper.framework; name = CoreGraphics.framework; path = System/Library/Frameworks/CoreGraphics.framework; sourceTree = SDKROOT; };
		00A412001829D9CD00C5A20F /* GHUIListView.h */ = {isa = PBXFileReference; fileEncoding = 4; lastKnownFileType = sourcecode.c.h; path = GHUIListView.h; sourceTree = "<group>"; };
		00A412011829D9CD00C5A20F /* GHUIListView.m */ = {isa = PBXFileReference; fileEncoding = 4; lastKnownFileType = sourcecode.c.objc; path = GHUIListView.m; sourceTree = "<group>"; };
		00AFEFA118A5A93A0072632C /* GHUIViewControllerAnimation.h */ = {isa = PBXFileReference; fileEncoding = 4; lastKnownFileType = sourcecode.c.h; path = GHUIViewControllerAnimation.h; sourceTree = "<group>"; };
		00AFEFA218A5A93A0072632C /* GHUIViewControllerAnimation.m */ = {isa = PBXFileReference; fileEncoding = 4; lastKnownFileType = sourcecode.c.objc; path = GHUIViewControllerAnimation.m; sourceTree = "<group>"; };
		00AFEFA418A5AA100072632C /* GHUIViewControllerDropUp.h */ = {isa = PBXFileReference; fileEncoding = 4; lastKnownFileType = sourcecode.c.h; path = GHUIViewControllerDropUp.h; sourceTree = "<group>"; };
		00AFEFA518A5AA100072632C /* GHUIViewControllerDropUp.m */ = {isa = PBXFileReference; fileEncoding = 4; lastKnownFileType = sourcecode.c.objc; path = GHUIViewControllerDropUp.m; sourceTree = "<group>"; };
		00AFEFAB18A5B6F90072632C /* GHUITableViewDetailCell.h */ = {isa = PBXFileReference; fileEncoding = 4; lastKnownFileType = sourcecode.c.h; path = GHUITableViewDetailCell.h; sourceTree = "<group>"; };
		00AFEFAC18A5B6F90072632C /* GHUITableViewDetailCell.m */ = {isa = PBXFileReference; fileEncoding = 4; lastKnownFileType = sourcecode.c.objc; path = GHUITableViewDetailCell.m; sourceTree = "<group>"; };
		00AFEFBA18A5C19B0072632C /* GHUIViewControllerModal.h */ = {isa = PBXFileReference; fileEncoding = 4; lastKnownFileType = sourcecode.c.h; path = GHUIViewControllerModal.h; sourceTree = "<group>"; };
		00AFEFBB18A5C19B0072632C /* GHUIViewControllerModal.m */ = {isa = PBXFileReference; fileEncoding = 4; lastKnownFileType = sourcecode.c.objc; path = GHUIViewControllerModal.m; sourceTree = "<group>"; };
		00AFEFBD18A5C4330072632C /* GHUIViewControllerSlide3D.h */ = {isa = PBXFileReference; fileEncoding = 4; lastKnownFileType = sourcecode.c.h; path = GHUIViewControllerSlide3D.h; sourceTree = "<group>"; };
		00AFEFBE18A5C4330072632C /* GHUIViewControllerSlide3D.m */ = {isa = PBXFileReference; fileEncoding = 4; lastKnownFileType = sourcecode.c.objc; path = GHUIViewControllerSlide3D.m; sourceTree = "<group>"; };
		00C0950C1821C64200E37D61 /* GHUIActivityView.h */ = {isa = PBXFileReference; fileEncoding = 4; lastKnownFileType = sourcecode.c.h; path = GHUIActivityView.h; sourceTree = "<group>"; };
		00C0950D1821C64200E37D61 /* GHUIActivityView.m */ = {isa = PBXFileReference; fileEncoding = 4; lastKnownFileType = sourcecode.c.objc; path = GHUIActivityView.m; sourceTree = "<group>"; };
		00C095101821D1CE00E37D61 /* GHUIActionSheet.h */ = {isa = PBXFileReference; fileEncoding = 4; lastKnownFileType = sourcecode.c.h; path = GHUIActionSheet.h; sourceTree = "<group>"; };
		00C095111821D1CE00E37D61 /* GHUIActionSheet.m */ = {isa = PBXFileReference; fileEncoding = 4; lastKnownFileType = sourcecode.c.objc; path = GHUIActionSheet.m; sourceTree = "<group>"; };
		00C1D5E5182D95CA0080E2CF /* GHUILabel.h */ = {isa = PBXFileReference; fileEncoding = 4; lastKnownFileType = sourcecode.c.h; path = GHUILabel.h; sourceTree = "<group>"; };
		00C1D5E6182D95CA0080E2CF /* GHUILabel.m */ = {isa = PBXFileReference; fileEncoding = 4; lastKnownFileType = sourcecode.c.objc; path = GHUILabel.m; sourceTree = "<group>"; };
		00C1D5EF183171E90080E2CF /* GHUIViewController.h */ = {isa = PBXFileReference; fileEncoding = 4; lastKnownFileType = sourcecode.c.h; path = GHUIViewController.h; sourceTree = "<group>"; };
		00C1D5F0183171E90080E2CF /* GHUIViewController.m */ = {isa = PBXFileReference; fileEncoding = 4; lastKnownFileType = sourcecode.c.objc; path = GHUIViewController.m; sourceTree = "<group>"; };
		00E1A6BA18230DD300BBDFBD /* GHUIAlertView.h */ = {isa = PBXFileReference; fileEncoding = 4; lastKnownFileType = sourcecode.c.h; path = GHUIAlertView.h; sourceTree = "<group>"; };
		00E1A6BB18230DD300BBDFBD /* GHUIAlertView.m */ = {isa = PBXFileReference; fileEncoding = 4; lastKnownFileType = sourcecode.c.objc; path = GHUIAlertView.m; sourceTree = "<group>"; };
		00E2B5FB18BBEFB200441C28 /* GHUIErrorView.h */ = {isa = PBXFileReference; fileEncoding = 4; lastKnownFileType = sourcecode.c.h; path = GHUIErrorView.h; sourceTree = "<group>"; };
		00E2B5FC18BBEFB200441C28 /* GHUIErrorView.m */ = {isa = PBXFileReference; fileEncoding = 4; lastKnownFileType = sourcecode.c.objc; path = GHUIErrorView.m; sourceTree = "<group>"; };
		00EE07DA18A97D4E0061915F /* GHUIViewTransitioning.h */ = {isa = PBXFileReference; fileEncoding = 4; lastKnownFileType = sourcecode.c.h; path = GHUIViewTransitioning.h; sourceTree = "<group>"; };
		00EE07DB18A97D4E0061915F /* GHUIViewTransitioning.m */ = {isa = PBXFileReference; fileEncoding = 4; lastKnownFileType = sourcecode.c.objc; path = GHUIViewTransitioning.m; sourceTree = "<group>"; };
		00EE07DD18A98B5A0061915F /* GHUIViewControllerDrop.h */ = {isa = PBXFileReference; fileEncoding = 4; lastKnownFileType = sourcecode.c.h; path = GHUIViewControllerDrop.h; sourceTree = "<group>"; };
		00EE07DE18A98B5A0061915F /* GHUIViewControllerDrop.m */ = {isa = PBXFileReference; fileEncoding = 4; lastKnownFileType = sourcecode.c.objc; path = GHUIViewControllerDrop.m; sourceTree = "<group>"; };
		00EE07E618A9B9940061915F /* GHUIViewControllerReveal.h */ = {isa = PBXFileReference; fileEncoding = 4; lastKnownFileType = sourcecode.c.h; path = GHUIViewControllerReveal.h; sourceTree = "<group>"; };
		00EE07E718A9B9940061915F /* GHUIViewControllerReveal.m */ = {isa = PBXFileReference; fileEncoding = 4; lastKnownFileType = sourcecode.c.objc; path = GHUIViewControllerReveal.m; sourceTree = "<group>"; };
		00EF3D601835C52E00C6B5C0 /* GHUICollectionViewLabel.h */ = {isa = PBXFileReference; fileEncoding = 4; lastKnownFileType = sourcecode.c.h; path = GHUICollectionViewLabel.h; sourceTree = "<group>"; };
		00EF3D611835C52E00C6B5C0 /* GHUICollectionViewLabel.m */ = {isa = PBXFileReference; fileEncoding = 4; lastKnownFileType = sourcecode.c.objc; path = GHUICollectionViewLabel.m; sourceTree = "<group>"; };
		00F238931890A58F00EE58D9 /* GHUITableViewCell.h */ = {isa = PBXFileReference; fileEncoding = 4; lastKnownFileType = sourcecode.c.h; path = GHUITableViewCell.h; sourceTree = "<group>"; };
		00F238941890A58F00EE58D9 /* GHUITableViewCell.m */ = {isa = PBXFileReference; fileEncoding = 4; lastKnownFileType = sourcecode.c.objc; path = GHUITableViewCell.m; sourceTree = "<group>"; };
		41180B493CA648BEBF3F8549 /* Pods.xcconfig */ = {isa = PBXFileReference; includeInIndex = 1; lastKnownFileType = text.xcconfig; name = Pods.xcconfig; path = Pods/Pods.xcconfig; sourceTree = "<group>"; };
		5E609F41752043869A0ED942 /* libPods.a */ = {isa = PBXFileReference; explicitFileType = archive.ar; includeInIndex = 0; path = libPods.a; sourceTree = BUILT_PRODUCTS_DIR; };
/* End PBXFileReference section */

/* Begin PBXFrameworksBuildPhase section */
		00993250181879BD00556ECC /* Frameworks */ = {
			isa = PBXFrameworksBuildPhase;
			buildActionMask = 2147483647;
			files = (
				0099328418187DBE00556ECC /* UIKit.framework in Frameworks */,
				00993257181879BD00556ECC /* Foundation.framework in Frameworks */,
				CEB2341B467542B980EEF5F6 /* libPods.a in Frameworks */,
			);
			runOnlyForDeploymentPostprocessing = 0;
		};
/* End PBXFrameworksBuildPhase section */

/* Begin PBXGroup section */
		0001647718DA65FC00E590EB /* UIGestureRecognizer */ = {
			isa = PBXGroup;
			children = (
				0001647818DA664000E590EB /* GHUILongPressGestureRecognizer.h */,
				0001647918DA664000E590EB /* GHUILongPressGestureRecognizer.m */,
				0001647B18DA66D600E590EB /* GHUITapGestureRecognizer.h */,
				0001647C18DA66D600E590EB /* GHUITapGestureRecognizer.m */,
			);
			path = UIGestureRecognizer;
			sourceTree = "<group>";
		};
		001CF5DC18AC26C300D830A2 /* UIMenu */ = {
			isa = PBXGroup;
			children = (
				001CF5DD18AC26D800D830A2 /* GHUIPanel.h */,
				001CF5DE18AC26D800D830A2 /* GHUIPanel.m */,
				001CF5EE18AEE8C900D830A2 /* GHUIModalView.h */,
				001CF5EF18AEE8C900D830A2 /* GHUIModalView.m */,
			);
			path = UIMenu;
			sourceTree = "<group>";
		};
		00307A4C1863C6CD00FA5977 /* UITextField */ = {
			isa = PBXGroup;
			children = (
				00307A4D1863C6DD00FA5977 /* GHUITextField.h */,
				00307A4E1863C6DD00FA5977 /* GHUITextField.m */,
			);
			path = UITextField;
			sourceTree = "<group>";
		};
		004A98ED18EA0F0600280D82 /* UITableViewCell */ = {
			isa = PBXGroup;
			children = (
				004A98EE18EA0F2300280D82 /* GHUITableViewTitleCell.h */,
				004A98EF18EA0F2300280D82 /* GHUITableViewTitleCell.m */,
			);
			path = UITableViewCell;
			sourceTree = "<group>";
		};
		004CB3C318909A1100EFE8F7 /* UITableView */ = {
			isa = PBXGroup;
			children = (
				004CB3C418909A2A00EFE8F7 /* GHUITableView.h */,
				004CB3C518909A2A00EFE8F7 /* GHUITableView.m */,
				004CB3C718909A3A00EFE8F7 /* GHUITableViewDataSource.h */,
				004CB3C818909A3A00EFE8F7 /* GHUITableViewDataSource.m */,
				00F238931890A58F00EE58D9 /* GHUITableViewCell.h */,
				00F238941890A58F00EE58D9 /* GHUITableViewCell.m */,
				00AFEFAB18A5B6F90072632C /* GHUITableViewDetailCell.h */,
				00AFEFAC18A5B6F90072632C /* GHUITableViewDetailCell.m */,
				0001646818DA11C700E590EB /* GHUITableViewSwipeCell.h */,
				0001646918DA11C700E590EB /* GHUITableViewSwipeCell.m */,
				0001646B18DA12F400E590EB /* GHUICellButtonView.h */,
				0001646C18DA12F400E590EB /* GHUICellButtonView.m */,
			);
			path = UITableView;
			sourceTree = "<group>";
		};
		0099324A181879BD00556ECC = {
			isa = PBXGroup;
			children = (
				00993258181879BD00556ECC /* GHUIKit */,
				00993255181879BD00556ECC /* Frameworks */,
				00993254181879BD00556ECC /* Products */,
				41180B493CA648BEBF3F8549 /* Pods.xcconfig */,
				009932B61820691100556ECC /* Podfile */,
				009932B71820696E00556ECC /* GHUIKit.podspec */,
			);
			sourceTree = "<group>";
		};
		00993254181879BD00556ECC /* Products */ = {
			isa = PBXGroup;
			children = (
				00993253181879BD00556ECC /* libGHUIKit.a */,
			);
			name = Products;
			sourceTree = "<group>";
		};
		00993255181879BD00556ECC /* Frameworks */ = {
			isa = PBXGroup;
			children = (
				0099328318187DBE00556ECC /* UIKit.framework */,
				00993256181879BD00556ECC /* Foundation.framework */,
				5E609F41752043869A0ED942 /* libPods.a */,
				00A411D21829D6EA00C5A20F /* CoreGraphics.framework */,
			);
			name = Frameworks;
			sourceTree = "<group>";
		};
		00993258181879BD00556ECC /* GHUIKit */ = {
			isa = PBXGroup;
			children = (
				0099325B181879BD00556ECC /* GHUIKit.h */,
				0099328A1819A68A00556ECC /* GHUIDefines.h */,
				00A411BF1829A16000C5A20F /* GHUIUtils.h */,
				00A411C01829A16000C5A20F /* GHUIUtils.m */,
				0099327F18187BFE00556ECC /* UICollectionView */,
				004CB3C318909A1100EFE8F7 /* UITableView */,
				004A98ED18EA0F0600280D82 /* UITableViewCell */,
				0099329E18204D8600556ECC /* UIView */,
				001CF5DC18AC26C300D830A2 /* UIMenu */,
				009932B21820570F00556ECC /* UINavigationBar */,
				009932A518204F3200556ECC /* UIButton */,
				00C0950B1821C63200E37D61 /* UIActivityView */,
				00C0950F1821D1B500E37D61 /* UIActionSheet */,
				00E1A6B918230DB100BBDFBD /* UIAlertView */,
				00A411B5182445D400C5A20F /* UIImageView */,
				00A411FF1829D9AF00C5A20F /* UIListView */,
				00C1D5E4182D95BC0080E2CF /* UILabel */,
				00993259181879BD00556ECC /* Supporting Files */,
				00C1D5E8183171160080E2CF /* UINavigationController */,
				0001647718DA65FC00E590EB /* UIGestureRecognizer */,
				00307A4C1863C6CD00FA5977 /* UITextField */,
			);
			path = GHUIKit;
			sourceTree = "<group>";
		};
		00993259181879BD00556ECC /* Supporting Files */ = {
			isa = PBXGroup;
			children = (
				0099325A181879BD00556ECC /* GHUIKit-Prefix.pch */,
			);
			name = "Supporting Files";
			sourceTree = "<group>";
		};
		0099327F18187BFE00556ECC /* UICollectionView */ = {
			isa = PBXGroup;
			children = (
				0099328018187BFE00556ECC /* GHUICollectionView.h */,
				0099328118187BFE00556ECC /* GHUICollectionView.m */,
				0099328D181ADDEB00556ECC /* GHUICollectionViewCell.h */,
				0099328E181ADDEB00556ECC /* GHUICollectionViewCell.m */,
				00A411B9182457CE00C5A20F /* GHUICollectionViewDataSource.h */,
				00A411BA182457CE00C5A20F /* GHUICollectionViewDataSource.m */,
				00EF3D601835C52E00C6B5C0 /* GHUICollectionViewLabel.h */,
				00EF3D611835C52E00C6B5C0 /* GHUICollectionViewLabel.m */,
				004CB3CA18909AED00EFE8F7 /* GHUICellDataSource.h */,
				004CB3CB18909AED00EFE8F7 /* GHUICellDataSource.m */,
			);
			path = UICollectionView;
			sourceTree = "<group>";
		};
		0099329E18204D8600556ECC /* UIView */ = {
			isa = PBXGroup;
			children = (
				0099329F18204D9100556ECC /* GHUIView.h */,
				009932A018204D9100556ECC /* GHUIView.m */,
				004A98FD18EB3A4B00280D82 /* GHUIContentView.h */,
				004A98FE18EB3A4B00280D82 /* GHUIContentView.m */,
				009932AC1820537000556ECC /* GHLayout.h */,
				009932AD1820537000556ECC /* GHLayout.m */,
				002ECB021868E4C5005523A6 /* GHUIKeyboardHandler.h */,
				002ECB031868E4C5005523A6 /* GHUIKeyboardHandler.m */,
			);
			path = UIView;
			sourceTree = "<group>";
		};
		009932A518204F3200556ECC /* UIButton */ = {
			isa = PBXGroup;
			children = (
				009932A91820501800556ECC /* GHUIControl.h */,
				009932AA1820501800556ECC /* GHUIControl.m */,
				009932A618204F4B00556ECC /* GHUIButton.h */,
				009932A718204F4B00556ECC /* GHUIButton.m */,
				009932B818206DFF00556ECC /* GHUISwitchButton.h */,
				009932B918206DFF00556ECC /* GHUISwitchButton.m */,
			);
			path = UIButton;
			sourceTree = "<group>";
		};
		009932B21820570F00556ECC /* UINavigationBar */ = {
			isa = PBXGroup;
			children = (
				009932B31820571F00556ECC /* GHUINavigationBar.h */,
				009932B41820571F00556ECC /* GHUINavigationBar.m */,
			);
			path = UINavigationBar;
			sourceTree = "<group>";
		};
		00A411B5182445D400C5A20F /* UIImageView */ = {
			isa = PBXGroup;
			children = (
				00A411B6182445E200C5A20F /* GHUIImageView.h */,
				00A411B7182445E200C5A20F /* GHUIImageView.m */,
			);
			path = UIImageView;
			sourceTree = "<group>";
		};
		00A411FF1829D9AF00C5A20F /* UIListView */ = {
			isa = PBXGroup;
			children = (
				00A412001829D9CD00C5A20F /* GHUIListView.h */,
				00A412011829D9CD00C5A20F /* GHUIListView.m */,
			);
			path = UIListView;
			sourceTree = "<group>";
		};
		00C0950B1821C63200E37D61 /* UIActivityView */ = {
			isa = PBXGroup;
			children = (
				00C0950C1821C64200E37D61 /* GHUIActivityView.h */,
				00C0950D1821C64200E37D61 /* GHUIActivityView.m */,
				00E2B5FB18BBEFB200441C28 /* GHUIErrorView.h */,
				00E2B5FC18BBEFB200441C28 /* GHUIErrorView.m */,
			);
			path = UIActivityView;
			sourceTree = "<group>";
		};
		00C0950F1821D1B500E37D61 /* UIActionSheet */ = {
			isa = PBXGroup;
			children = (
				00C095101821D1CE00E37D61 /* GHUIActionSheet.h */,
				00C095111821D1CE00E37D61 /* GHUIActionSheet.m */,
			);
			path = UIActionSheet;
			sourceTree = "<group>";
		};
		00C1D5E4182D95BC0080E2CF /* UILabel */ = {
			isa = PBXGroup;
			children = (
				00C1D5E5182D95CA0080E2CF /* GHUILabel.h */,
				00C1D5E6182D95CA0080E2CF /* GHUILabel.m */,
			);
			path = UILabel;
			sourceTree = "<group>";
		};
		00C1D5E8183171160080E2CF /* UINavigationController */ = {
			isa = PBXGroup;
			children = (
				00C1D5EF183171E90080E2CF /* GHUIViewController.h */,
				00C1D5F0183171E90080E2CF /* GHUIViewController.m */,
				00AFEFA118A5A93A0072632C /* GHUIViewControllerAnimation.h */,
				00AFEFA218A5A93A0072632C /* GHUIViewControllerAnimation.m */,
				00AFEFBA18A5C19B0072632C /* GHUIViewControllerModal.h */,
				00AFEFBB18A5C19B0072632C /* GHUIViewControllerModal.m */,
				00AFEFBD18A5C4330072632C /* GHUIViewControllerSlide3D.h */,
				00AFEFBE18A5C4330072632C /* GHUIViewControllerSlide3D.m */,
				00EE07DA18A97D4E0061915F /* GHUIViewTransitioning.h */,
				00EE07DB18A97D4E0061915F /* GHUIViewTransitioning.m */,
				00AFEFA418A5AA100072632C /* GHUIViewControllerDropUp.h */,
				00AFEFA518A5AA100072632C /* GHUIViewControllerDropUp.m */,
				00EE07DD18A98B5A0061915F /* GHUIViewControllerDrop.h */,
				00EE07DE18A98B5A0061915F /* GHUIViewControllerDrop.m */,
				00EE07E618A9B9940061915F /* GHUIViewControllerReveal.h */,
				00EE07E718A9B9940061915F /* GHUIViewControllerReveal.m */,
				001CF5D918AC081500D830A2 /* GHUIViewControllerFall.h */,
				001CF5DA18AC081500D830A2 /* GHUIViewControllerFall.m */,
			);
			path = UINavigationController;
			sourceTree = "<group>";
		};
		00E1A6B918230DB100BBDFBD /* UIAlertView */ = {
			isa = PBXGroup;
			children = (
				00E1A6BA18230DD300BBDFBD /* GHUIAlertView.h */,
				00E1A6BB18230DD300BBDFBD /* GHUIAlertView.m */,
			);
			path = UIAlertView;
			sourceTree = "<group>";
		};
/* End PBXGroup section */

/* Begin PBXNativeTarget section */
		00993252181879BD00556ECC /* GHUIKit */ = {
			isa = PBXNativeTarget;
			buildConfigurationList = 00993276181879BE00556ECC /* Build configuration list for PBXNativeTarget "GHUIKit" */;
			buildPhases = (
				FB88F8DBD0204C1E9FC95343 /* Check Pods Manifest.lock */,
				0099324F181879BD00556ECC /* Sources */,
				00993250181879BD00556ECC /* Frameworks */,
				00993251181879BD00556ECC /* CopyFiles */,
				F846BB60569348B8BB13386B /* Copy Pods Resources */,
			);
			buildRules = (
			);
			dependencies = (
			);
			name = GHUIKit;
			productName = GHUIKit;
			productReference = 00993253181879BD00556ECC /* libGHUIKit.a */;
			productType = "com.apple.product-type.library.static";
		};
/* End PBXNativeTarget section */

/* Begin PBXProject section */
		0099324B181879BD00556ECC /* Project object */ = {
			isa = PBXProject;
			attributes = {
				LastUpgradeCheck = 0500;
				ORGANIZATIONNAME = "Gabriel Handford";
			};
			buildConfigurationList = 0099324E181879BD00556ECC /* Build configuration list for PBXProject "GHUIKit" */;
			compatibilityVersion = "Xcode 3.2";
			developmentRegion = English;
			hasScannedForEncodings = 0;
			knownRegions = (
				en,
			);
			mainGroup = 0099324A181879BD00556ECC;
			productRefGroup = 00993254181879BD00556ECC /* Products */;
			projectDirPath = "";
			projectRoot = "";
			targets = (
				00993252181879BD00556ECC /* GHUIKit */,
			);
		};
/* End PBXProject section */

/* Begin PBXShellScriptBuildPhase section */
		F846BB60569348B8BB13386B /* Copy Pods Resources */ = {
			isa = PBXShellScriptBuildPhase;
			buildActionMask = 2147483647;
			files = (
			);
			inputPaths = (
			);
			name = "Copy Pods Resources";
			outputPaths = (
			);
			runOnlyForDeploymentPostprocessing = 0;
			shellPath = /bin/sh;
			shellScript = "\"${SRCROOT}/Pods/Pods-resources.sh\"\n";
			showEnvVarsInLog = 0;
		};
		FB88F8DBD0204C1E9FC95343 /* Check Pods Manifest.lock */ = {
			isa = PBXShellScriptBuildPhase;
			buildActionMask = 2147483647;
			files = (
			);
			inputPaths = (
			);
			name = "Check Pods Manifest.lock";
			outputPaths = (
			);
			runOnlyForDeploymentPostprocessing = 0;
			shellPath = /bin/sh;
			shellScript = "diff \"${PODS_ROOT}/../Podfile.lock\" \"${PODS_ROOT}/Manifest.lock\" > /dev/null\nif [[ $? != 0 ]] ; then\n    cat << EOM\nerror: The sandbox is not in sync with the Podfile.lock. Run 'pod install' or update your CocoaPods installation.\nEOM\n    exit 1\nfi\n";
			showEnvVarsInLog = 0;
		};
/* End PBXShellScriptBuildPhase section */

/* Begin PBXSourcesBuildPhase section */
		0099324F181879BD00556ECC /* Sources */ = {
			isa = PBXSourcesBuildPhase;
			buildActionMask = 2147483647;
			files = (
				001CF5DB18AC081500D830A2 /* GHUIViewControllerFall.m in Sources */,
				00307A4F1863C6DD00FA5977 /* GHUITextField.m in Sources */,
				009932AE1820537000556ECC /* GHLayout.m in Sources */,
				00C1D5E7182D95CA0080E2CF /* GHUILabel.m in Sources */,
				0099328218187BFE00556ECC /* GHUICollectionView.m in Sources */,
				0001647A18DA664000E590EB /* GHUILongPressGestureRecognizer.m in Sources */,
				004A98F018EA0F2300280D82 /* GHUITableViewTitleCell.m in Sources */,
				004CB3CC18909AED00EFE8F7 /* GHUICellDataSource.m in Sources */,
				009932A818204F4B00556ECC /* GHUIButton.m in Sources */,
				001CF5F018AEE8C900D830A2 /* GHUIModalView.m in Sources */,
				00AFEFA618A5AA100072632C /* GHUIViewControllerDropUp.m in Sources */,
				00C1D5F1183171E90080E2CF /* GHUIViewController.m in Sources */,
				00C095121821D1CE00E37D61 /* GHUIActionSheet.m in Sources */,
				00F238951890A58F00EE58D9 /* GHUITableViewCell.m in Sources */,
				009932B51820571F00556ECC /* GHUINavigationBar.m in Sources */,
				00AFEFBC18A5C19B0072632C /* GHUIViewControllerModal.m in Sources */,
				004CB3C918909A3A00EFE8F7 /* GHUITableViewDataSource.m in Sources */,
				001CF5DF18AC26D800D830A2 /* GHUIPanel.m in Sources */,
				009932A118204D9100556ECC /* GHUIView.m in Sources */,
				00AFEFBF18A5C4330072632C /* GHUIViewControllerSlide3D.m in Sources */,
				00EE07DF18A98B5A0061915F /* GHUIViewControllerDrop.m in Sources */,
				002ECB041868E4C5005523A6 /* GHUIKeyboardHandler.m in Sources */,
				00A411C11829A16000C5A20F /* GHUIUtils.m in Sources */,
				0001647D18DA66D600E590EB /* GHUITapGestureRecognizer.m in Sources */,
				009932BA18206DFF00556ECC /* GHUISwitchButton.m in Sources */,
				0001646A18DA11C700E590EB /* GHUITableViewSwipeCell.m in Sources */,
				004CB3C618909A2A00EFE8F7 /* GHUITableView.m in Sources */,
				00EE07DC18A97D4E0061915F /* GHUIViewTransitioning.m in Sources */,
				00A411BB182457CE00C5A20F /* GHUICollectionViewDataSource.m in Sources */,
				00A412021829D9CD00C5A20F /* GHUIListView.m in Sources */,
				0001646D18DA12F400E590EB /* GHUICellButtonView.m in Sources */,
				00AFEFAD18A5B6F90072632C /* GHUITableViewDetailCell.m in Sources */,
				0099328F181ADDEB00556ECC /* GHUICollectionViewCell.m in Sources */,
				00EF3D621835C52E00C6B5C0 /* GHUICollectionViewLabel.m in Sources */,
				009932AB1820501800556ECC /* GHUIControl.m in Sources */,
				00EE07E818A9B9940061915F /* GHUIViewControllerReveal.m in Sources */,
				00AFEFA318A5A93A0072632C /* GHUIViewControllerAnimation.m in Sources */,
				00E2B5FD18BBEFB200441C28 /* GHUIErrorView.m in Sources */,
				004A98FF18EB3A4B00280D82 /* GHUIContentView.m in Sources */,
				00A411B8182445E200C5A20F /* GHUIImageView.m in Sources */,
				00C0950E1821C64200E37D61 /* GHUIActivityView.m in Sources */,
				00E1A6BC18230DD300BBDFBD /* GHUIAlertView.m in Sources */,
			);
			runOnlyForDeploymentPostprocessing = 0;
		};
/* End PBXSourcesBuildPhase section */

/* Begin XCBuildConfiguration section */
		00993274181879BE00556ECC /* Debug */ = {
			isa = XCBuildConfiguration;
			buildSettings = {
				ALWAYS_SEARCH_USER_PATHS = NO;
				ARCHS = "$(ARCHS_STANDARD_INCLUDING_64_BIT)";
				CLANG_CXX_LANGUAGE_STANDARD = "gnu++0x";
				CLANG_CXX_LIBRARY = "libc++";
				CLANG_ENABLE_MODULES = YES;
				CLANG_ENABLE_OBJC_ARC = YES;
				CLANG_WARN_BOOL_CONVERSION = YES;
				CLANG_WARN_CONSTANT_CONVERSION = YES;
				CLANG_WARN_DIRECT_OBJC_ISA_USAGE = YES_ERROR;
				CLANG_WARN_EMPTY_BODY = YES;
				CLANG_WARN_ENUM_CONVERSION = YES;
				CLANG_WARN_INT_CONVERSION = YES;
				CLANG_WARN_OBJC_ROOT_CLASS = YES_ERROR;
				CLANG_WARN__DUPLICATE_METHOD_MATCH = YES;
				COPY_PHASE_STRIP = NO;
				GCC_C_LANGUAGE_STANDARD = gnu99;
				GCC_DYNAMIC_NO_PIC = NO;
				GCC_OPTIMIZATION_LEVEL = 0;
				GCC_PREPROCESSOR_DEFINITIONS = (
					"DEBUG=1",
					"$(inherited)",
				);
				GCC_SYMBOLS_PRIVATE_EXTERN = NO;
				GCC_WARN_64_TO_32_BIT_CONVERSION = YES;
				GCC_WARN_ABOUT_RETURN_TYPE = YES_ERROR;
				GCC_WARN_UNDECLARED_SELECTOR = YES;
				GCC_WARN_UNINITIALIZED_AUTOS = YES;
				GCC_WARN_UNUSED_FUNCTION = YES;
				GCC_WARN_UNUSED_VARIABLE = YES;
				IPHONEOS_DEPLOYMENT_TARGET = 7.0;
				ONLY_ACTIVE_ARCH = YES;
				SDKROOT = iphoneos;
			};
			name = Debug;
		};
		00993275181879BE00556ECC /* Release */ = {
			isa = XCBuildConfiguration;
			buildSettings = {
				ALWAYS_SEARCH_USER_PATHS = NO;
				ARCHS = "$(ARCHS_STANDARD_INCLUDING_64_BIT)";
				CLANG_CXX_LANGUAGE_STANDARD = "gnu++0x";
				CLANG_CXX_LIBRARY = "libc++";
				CLANG_ENABLE_MODULES = YES;
				CLANG_ENABLE_OBJC_ARC = YES;
				CLANG_WARN_BOOL_CONVERSION = YES;
				CLANG_WARN_CONSTANT_CONVERSION = YES;
				CLANG_WARN_DIRECT_OBJC_ISA_USAGE = YES_ERROR;
				CLANG_WARN_EMPTY_BODY = YES;
				CLANG_WARN_ENUM_CONVERSION = YES;
				CLANG_WARN_INT_CONVERSION = YES;
				CLANG_WARN_OBJC_ROOT_CLASS = YES_ERROR;
				CLANG_WARN__DUPLICATE_METHOD_MATCH = YES;
				COPY_PHASE_STRIP = YES;
				ENABLE_NS_ASSERTIONS = NO;
				GCC_C_LANGUAGE_STANDARD = gnu99;
				GCC_WARN_64_TO_32_BIT_CONVERSION = YES;
				GCC_WARN_ABOUT_RETURN_TYPE = YES_ERROR;
				GCC_WARN_UNDECLARED_SELECTOR = YES;
				GCC_WARN_UNINITIALIZED_AUTOS = YES;
				GCC_WARN_UNUSED_FUNCTION = YES;
				GCC_WARN_UNUSED_VARIABLE = YES;
				IPHONEOS_DEPLOYMENT_TARGET = 7.0;
				SDKROOT = iphoneos;
				VALIDATE_PRODUCT = YES;
			};
			name = Release;
		};
		00993277181879BE00556ECC /* Debug */ = {
			isa = XCBuildConfiguration;
			baseConfigurationReference = 41180B493CA648BEBF3F8549 /* Pods.xcconfig */;
			buildSettings = {
				DSTROOT = /tmp/GHUIKit.dst;
				GCC_PRECOMPILE_PREFIX_HEADER = YES;
				GCC_PREFIX_HEADER = "GHUIKit/GHUIKit-Prefix.pch";
				PRODUCT_NAME = "$(TARGET_NAME)";
				SKIP_INSTALL = YES;
			};
			name = Debug;
		};
		00993278181879BE00556ECC /* Release */ = {
			isa = XCBuildConfiguration;
			baseConfigurationReference = 41180B493CA648BEBF3F8549 /* Pods.xcconfig */;
			buildSettings = {
				DSTROOT = /tmp/GHUIKit.dst;
				GCC_PRECOMPILE_PREFIX_HEADER = YES;
				GCC_PREFIX_HEADER = "GHUIKit/GHUIKit-Prefix.pch";
				PRODUCT_NAME = "$(TARGET_NAME)";
				SKIP_INSTALL = YES;
			};
			name = Release;
		};
/* End XCBuildConfiguration section */

/* Begin XCConfigurationList section */
		0099324E181879BD00556ECC /* Build configuration list for PBXProject "GHUIKit" */ = {
			isa = XCConfigurationList;
			buildConfigurations = (
				00993274181879BE00556ECC /* Debug */,
				00993275181879BE00556ECC /* Release */,
			);
			defaultConfigurationIsVisible = 0;
			defaultConfigurationName = Release;
		};
		00993276181879BE00556ECC /* Build configuration list for PBXNativeTarget "GHUIKit" */ = {
			isa = XCConfigurationList;
			buildConfigurations = (
				00993277181879BE00556ECC /* Debug */,
				00993278181879BE00556ECC /* Release */,
			);
			defaultConfigurationIsVisible = 0;
			defaultConfigurationName = Release;
		};
/* End XCConfigurationList section */
	};
	rootObject = 0099324B181879BD00556ECC /* Project object */;
}
