// !$*UTF8*$!
{
	archiveVersion = 1;
	classes = {
	};
	objectVersion = 46;
	objects = {

/* Begin PBXBuildFile section */
		00BA9F781B17BC1F0072167B /* GHUIKit.h in Headers */ = {isa = PBXBuildFile; fileRef = 0099325B181879BD00556ECC /* GHUIKit.h */; settings = {ATTRIBUTES = (Public, ); }; };
		00BA9F791B17BC1F0072167B /* GHUIDefines.h in Headers */ = {isa = PBXBuildFile; fileRef = 0099328A1819A68A00556ECC /* GHUIDefines.h */; };
		00BA9F7A1B17BC1F0072167B /* GHUIUtils.h in Headers */ = {isa = PBXBuildFile; fileRef = 00A411BF1829A16000C5A20F /* GHUIUtils.h */; };
		00BA9F7B1B17BC1F0072167B /* GHUIUtils.m in Sources */ = {isa = PBXBuildFile; fileRef = 00A411C01829A16000C5A20F /* GHUIUtils.m */; };
		00BA9F801B17BC370072167B /* GHUITextField.h in Headers */ = {isa = PBXBuildFile; fileRef = 00307A4D1863C6DD00FA5977 /* GHUITextField.h */; };
		00BA9F811B17BC370072167B /* GHUITextField.m in Sources */ = {isa = PBXBuildFile; fileRef = 00307A4E1863C6DD00FA5977 /* GHUITextField.m */; };
		00BA9F821B17BC3A0072167B /* GHUILongPressGestureRecognizer.h in Headers */ = {isa = PBXBuildFile; fileRef = 0001647818DA664000E590EB /* GHUILongPressGestureRecognizer.h */; };
		00BA9F831B17BC3A0072167B /* GHUILongPressGestureRecognizer.m in Sources */ = {isa = PBXBuildFile; fileRef = 0001647918DA664000E590EB /* GHUILongPressGestureRecognizer.m */; };
		00BA9F841B17BC3A0072167B /* GHUITapGestureRecognizer.h in Headers */ = {isa = PBXBuildFile; fileRef = 0001647B18DA66D600E590EB /* GHUITapGestureRecognizer.h */; };
		00BA9F851B17BC3A0072167B /* GHUITapGestureRecognizer.m in Sources */ = {isa = PBXBuildFile; fileRef = 0001647C18DA66D600E590EB /* GHUITapGestureRecognizer.m */; };
		00BA9F861B17BC3D0072167B /* GHUIViewController.h in Headers */ = {isa = PBXBuildFile; fileRef = 00C1D5EF183171E90080E2CF /* GHUIViewController.h */; };
		00BA9F871B17BC3D0072167B /* GHUIViewController.m in Sources */ = {isa = PBXBuildFile; fileRef = 00C1D5F0183171E90080E2CF /* GHUIViewController.m */; };
		00BA9F881B17BC3D0072167B /* GHUIViewControllerAnimation.h in Headers */ = {isa = PBXBuildFile; fileRef = 00AFEFA118A5A93A0072632C /* GHUIViewControllerAnimation.h */; };
		00BA9F891B17BC3D0072167B /* GHUIViewControllerAnimation.m in Sources */ = {isa = PBXBuildFile; fileRef = 00AFEFA218A5A93A0072632C /* GHUIViewControllerAnimation.m */; };
		00BA9F8A1B17BC3D0072167B /* GHUIViewControllerModal.h in Headers */ = {isa = PBXBuildFile; fileRef = 00AFEFBA18A5C19B0072632C /* GHUIViewControllerModal.h */; };
		00BA9F8B1B17BC3D0072167B /* GHUIViewControllerModal.m in Sources */ = {isa = PBXBuildFile; fileRef = 00AFEFBB18A5C19B0072632C /* GHUIViewControllerModal.m */; };
		00BA9F8C1B17BC3D0072167B /* GHUIViewControllerSlide3D.h in Headers */ = {isa = PBXBuildFile; fileRef = 00AFEFBD18A5C4330072632C /* GHUIViewControllerSlide3D.h */; };
		00BA9F8D1B17BC3D0072167B /* GHUIViewControllerSlide3D.m in Sources */ = {isa = PBXBuildFile; fileRef = 00AFEFBE18A5C4330072632C /* GHUIViewControllerSlide3D.m */; };
		00BA9F8E1B17BC3D0072167B /* GHUIViewTransitioning.h in Headers */ = {isa = PBXBuildFile; fileRef = 00EE07DA18A97D4E0061915F /* GHUIViewTransitioning.h */; };
		00BA9F8F1B17BC3D0072167B /* GHUIViewTransitioning.m in Sources */ = {isa = PBXBuildFile; fileRef = 00EE07DB18A97D4E0061915F /* GHUIViewTransitioning.m */; };
		00BA9F901B17BC3D0072167B /* GHUIViewControllerDropUp.h in Headers */ = {isa = PBXBuildFile; fileRef = 00AFEFA418A5AA100072632C /* GHUIViewControllerDropUp.h */; };
		00BA9F911B17BC3D0072167B /* GHUIViewControllerDropUp.m in Sources */ = {isa = PBXBuildFile; fileRef = 00AFEFA518A5AA100072632C /* GHUIViewControllerDropUp.m */; };
		00BA9F921B17BC3D0072167B /* GHUIViewControllerDrop.h in Headers */ = {isa = PBXBuildFile; fileRef = 00EE07DD18A98B5A0061915F /* GHUIViewControllerDrop.h */; };
		00BA9F931B17BC3D0072167B /* GHUIViewControllerDrop.m in Sources */ = {isa = PBXBuildFile; fileRef = 00EE07DE18A98B5A0061915F /* GHUIViewControllerDrop.m */; };
		00BA9F941B17BC3D0072167B /* GHUIViewControllerReveal.h in Headers */ = {isa = PBXBuildFile; fileRef = 00EE07E618A9B9940061915F /* GHUIViewControllerReveal.h */; };
		00BA9F951B17BC3D0072167B /* GHUIViewControllerReveal.m in Sources */ = {isa = PBXBuildFile; fileRef = 00EE07E718A9B9940061915F /* GHUIViewControllerReveal.m */; };
		00BA9F961B17BC3D0072167B /* GHUIViewControllerFall.h in Headers */ = {isa = PBXBuildFile; fileRef = 001CF5D918AC081500D830A2 /* GHUIViewControllerFall.h */; };
		00BA9F971B17BC3D0072167B /* GHUIViewControllerFall.m in Sources */ = {isa = PBXBuildFile; fileRef = 001CF5DA18AC081500D830A2 /* GHUIViewControllerFall.m */; };
		00BA9F981B17BC3D0072167B /* GHUIViewControllerFade.h in Headers */ = {isa = PBXBuildFile; fileRef = 0016114419B7DCC300816EB8 /* GHUIViewControllerFade.h */; };
		00BA9F991B17BC3D0072167B /* GHUIViewControllerFade.m in Sources */ = {isa = PBXBuildFile; fileRef = 0016114519B7DCC300816EB8 /* GHUIViewControllerFade.m */; };
		00BA9F9A1B17BC400072167B /* GHUILabel.h in Headers */ = {isa = PBXBuildFile; fileRef = 00C1D5E5182D95CA0080E2CF /* GHUILabel.h */; };
		00BA9F9B1B17BC400072167B /* GHUILabel.m in Sources */ = {isa = PBXBuildFile; fileRef = 00C1D5E6182D95CA0080E2CF /* GHUILabel.m */; };
		00BA9F9C1B17BC490072167B /* GHUIControl.h in Headers */ = {isa = PBXBuildFile; fileRef = 009932A91820501800556ECC /* GHUIControl.h */; };
		00BA9F9D1B17BC490072167B /* GHUIControl.m in Sources */ = {isa = PBXBuildFile; fileRef = 009932AA1820501800556ECC /* GHUIControl.m */; };
		00BA9F9E1B17BC490072167B /* GHUIButton.h in Headers */ = {isa = PBXBuildFile; fileRef = 009932A618204F4B00556ECC /* GHUIButton.h */; };
		00BA9F9F1B17BC490072167B /* GHUIButton.m in Sources */ = {isa = PBXBuildFile; fileRef = 009932A718204F4B00556ECC /* GHUIButton.m */; };
		00BA9FA01B17BC490072167B /* GHUISwitchButton.h in Headers */ = {isa = PBXBuildFile; fileRef = 009932B818206DFF00556ECC /* GHUISwitchButton.h */; };
		00BA9FA11B17BC490072167B /* GHUISwitchButton.m in Sources */ = {isa = PBXBuildFile; fileRef = 009932B918206DFF00556ECC /* GHUISwitchButton.m */; };
		00BA9FA21B17BC490072167B /* GHUIActivityView.h in Headers */ = {isa = PBXBuildFile; fileRef = 00C0950C1821C64200E37D61 /* GHUIActivityView.h */; };
		00BA9FA31B17BC490072167B /* GHUIActivityView.m in Sources */ = {isa = PBXBuildFile; fileRef = 00C0950D1821C64200E37D61 /* GHUIActivityView.m */; };
		00BA9FA41B17BC490072167B /* GHUIErrorView.h in Headers */ = {isa = PBXBuildFile; fileRef = 00E2B5FB18BBEFB200441C28 /* GHUIErrorView.h */; };
		00BA9FA51B17BC490072167B /* GHUIErrorView.m in Sources */ = {isa = PBXBuildFile; fileRef = 00E2B5FC18BBEFB200441C28 /* GHUIErrorView.m */; };
		00BA9FA61B17BC490072167B /* GHUIActionSheet.h in Headers */ = {isa = PBXBuildFile; fileRef = 00C095101821D1CE00E37D61 /* GHUIActionSheet.h */; };
		00BA9FA71B17BC490072167B /* GHUIActionSheet.m in Sources */ = {isa = PBXBuildFile; fileRef = 00C095111821D1CE00E37D61 /* GHUIActionSheet.m */; };
		00BA9FA81B17BC490072167B /* GHUIAlertView.h in Headers */ = {isa = PBXBuildFile; fileRef = 00E1A6BA18230DD300BBDFBD /* GHUIAlertView.h */; };
		00BA9FA91B17BC490072167B /* GHUIAlertView.m in Sources */ = {isa = PBXBuildFile; fileRef = 00E1A6BB18230DD300BBDFBD /* GHUIAlertView.m */; };
		00BA9FAA1B17BC490072167B /* GHUIImageView.h in Headers */ = {isa = PBXBuildFile; fileRef = 00A411B6182445E200C5A20F /* GHUIImageView.h */; };
		00BA9FAB1B17BC490072167B /* GHUIImageView.m in Sources */ = {isa = PBXBuildFile; fileRef = 00A411B7182445E200C5A20F /* GHUIImageView.m */; };
		00BA9FAC1B17BC490072167B /* GHUIListView.h in Headers */ = {isa = PBXBuildFile; fileRef = 00A412001829D9CD00C5A20F /* GHUIListView.h */; };
		00BA9FAD1B17BC490072167B /* GHUIListView.m in Sources */ = {isa = PBXBuildFile; fileRef = 00A412011829D9CD00C5A20F /* GHUIListView.m */; };
		00BA9FBE1B17BC540072167B /* GHUICollectionViewLabel.h in Headers */ = {isa = PBXBuildFile; fileRef = 00689A651B17AB7300E1D982 /* GHUICollectionViewLabel.h */; };
		00BA9FBF1B17BC540072167B /* GHUICollectionViewLabel.m in Sources */ = {isa = PBXBuildFile; fileRef = 00689A661B17AB7300E1D982 /* GHUICollectionViewLabel.m */; };
		00BA9FC01B17BC540072167B /* GHUITableViewTitleCell.h in Headers */ = {isa = PBXBuildFile; fileRef = 004A98EE18EA0F2300280D82 /* GHUITableViewTitleCell.h */; };
		00BA9FC11B17BC540072167B /* GHUITableViewTitleCell.m in Sources */ = {isa = PBXBuildFile; fileRef = 004A98EF18EA0F2300280D82 /* GHUITableViewTitleCell.m */; };
		00BA9FC21B17BC540072167B /* GHUIView.h in Headers */ = {isa = PBXBuildFile; fileRef = 0099329F18204D9100556ECC /* GHUIView.h */; };
		00BA9FC31B17BC540072167B /* GHUIView.m in Sources */ = {isa = PBXBuildFile; fileRef = 009932A018204D9100556ECC /* GHUIView.m */; };
		00BA9FC41B17BC540072167B /* GHUIContentView.h in Headers */ = {isa = PBXBuildFile; fileRef = 004A98FD18EB3A4B00280D82 /* GHUIContentView.h */; };
		00BA9FC51B17BC540072167B /* GHUIContentView.m in Sources */ = {isa = PBXBuildFile; fileRef = 004A98FE18EB3A4B00280D82 /* GHUIContentView.m */; };
		00BA9FC61B17BC540072167B /* GHLayout.h in Headers */ = {isa = PBXBuildFile; fileRef = 009932AC1820537000556ECC /* GHLayout.h */; };
		00BA9FC71B17BC540072167B /* GHLayout.m in Sources */ = {isa = PBXBuildFile; fileRef = 009932AD1820537000556ECC /* GHLayout.m */; };
		00BA9FC81B17BC540072167B /* GHUIKeyboardHandler.h in Headers */ = {isa = PBXBuildFile; fileRef = 002ECB021868E4C5005523A6 /* GHUIKeyboardHandler.h */; };
		00BA9FC91B17BC540072167B /* GHUIKeyboardHandler.m in Sources */ = {isa = PBXBuildFile; fileRef = 002ECB031868E4C5005523A6 /* GHUIKeyboardHandler.m */; };
		00BA9FCA1B17BC540072167B /* GHUIBorderView.h in Headers */ = {isa = PBXBuildFile; fileRef = 00E875E9192FBCB800946E4E /* GHUIBorderView.h */; };
		00BA9FCB1B17BC540072167B /* GHUIBorderView.m in Sources */ = {isa = PBXBuildFile; fileRef = 00E875EA192FBCB800946E4E /* GHUIBorderView.m */; };
		00BA9FCC1B17BC540072167B /* GHUIPanel.h in Headers */ = {isa = PBXBuildFile; fileRef = 001CF5DD18AC26D800D830A2 /* GHUIPanel.h */; };
		00BA9FCD1B17BC540072167B /* GHUIPanel.m in Sources */ = {isa = PBXBuildFile; fileRef = 001CF5DE18AC26D800D830A2 /* GHUIPanel.m */; };
		00BA9FCE1B17BC540072167B /* GHUIModalView.h in Headers */ = {isa = PBXBuildFile; fileRef = 001CF5EE18AEE8C900D830A2 /* GHUIModalView.h */; };
		00BA9FCF1B17BC540072167B /* GHUIModalView.m in Sources */ = {isa = PBXBuildFile; fileRef = 001CF5EF18AEE8C900D830A2 /* GHUIModalView.m */; };
		00BA9FD01B17BC540072167B /* GHUINavigationBar.h in Headers */ = {isa = PBXBuildFile; fileRef = 009932B31820571F00556ECC /* GHUINavigationBar.h */; };
		00BA9FD11B17BC540072167B /* GHUINavigationBar.m in Sources */ = {isa = PBXBuildFile; fileRef = 009932B41820571F00556ECC /* GHUINavigationBar.m */; };
		74E12C641A0CBD65744FEE48 /* libPods-GHUIKit.a in Frameworks */ = {isa = PBXBuildFile; fileRef = 14DF5963B25028E204419FC6 /* libPods-GHUIKit.a */; };
/* End PBXBuildFile section */

/* Begin PBXFileReference section */
		0001647818DA664000E590EB /* GHUILongPressGestureRecognizer.h */ = {isa = PBXFileReference; fileEncoding = 4; lastKnownFileType = sourcecode.c.h; path = GHUILongPressGestureRecognizer.h; sourceTree = "<group>"; };
		0001647918DA664000E590EB /* GHUILongPressGestureRecognizer.m */ = {isa = PBXFileReference; fileEncoding = 4; lastKnownFileType = sourcecode.c.objc; path = GHUILongPressGestureRecognizer.m; sourceTree = "<group>"; };
		0001647B18DA66D600E590EB /* GHUITapGestureRecognizer.h */ = {isa = PBXFileReference; fileEncoding = 4; lastKnownFileType = sourcecode.c.h; path = GHUITapGestureRecognizer.h; sourceTree = "<group>"; };
		0001647C18DA66D600E590EB /* GHUITapGestureRecognizer.m */ = {isa = PBXFileReference; fileEncoding = 4; lastKnownFileType = sourcecode.c.objc; path = GHUITapGestureRecognizer.m; sourceTree = "<group>"; };
		0016114419B7DCC300816EB8 /* GHUIViewControllerFade.h */ = {isa = PBXFileReference; fileEncoding = 4; lastKnownFileType = sourcecode.c.h; path = GHUIViewControllerFade.h; sourceTree = "<group>"; };
		0016114519B7DCC300816EB8 /* GHUIViewControllerFade.m */ = {isa = PBXFileReference; fileEncoding = 4; lastKnownFileType = sourcecode.c.objc; path = GHUIViewControllerFade.m; sourceTree = "<group>"; };
		001CF5D918AC081500D830A2 /* GHUIViewControllerFall.h */ = {isa = PBXFileReference; fileEncoding = 4; lastKnownFileType = sourcecode.c.h; path = GHUIViewControllerFall.h; sourceTree = "<group>"; };
		001CF5DA18AC081500D830A2 /* GHUIViewControllerFall.m */ = {isa = PBXFileReference; fileEncoding = 4; lastKnownFileType = sourcecode.c.objc; path = GHUIViewControllerFall.m; sourceTree = "<group>"; };
		001CF5DD18AC26D800D830A2 /* GHUIPanel.h */ = {isa = PBXFileReference; fileEncoding = 4; lastKnownFileType = sourcecode.c.h; path = GHUIPanel.h; sourceTree = "<group>"; };
		001CF5DE18AC26D800D830A2 /* GHUIPanel.m */ = {isa = PBXFileReference; fileEncoding = 4; lastKnownFileType = sourcecode.c.objc; path = GHUIPanel.m; sourceTree = "<group>"; };
		001CF5EE18AEE8C900D830A2 /* GHUIModalView.h */ = {isa = PBXFileReference; fileEncoding = 4; lastKnownFileType = sourcecode.c.h; path = GHUIModalView.h; sourceTree = "<group>"; };
		001CF5EF18AEE8C900D830A2 /* GHUIModalView.m */ = {isa = PBXFileReference; fileEncoding = 4; lastKnownFileType = sourcecode.c.objc; path = GHUIModalView.m; sourceTree = "<group>"; };
		002ECB021868E4C5005523A6 /* GHUIKeyboardHandler.h */ = {isa = PBXFileReference; fileEncoding = 4; lastKnownFileType = sourcecode.c.h; path = GHUIKeyboardHandler.h; sourceTree = "<group>"; };
		002ECB031868E4C5005523A6 /* GHUIKeyboardHandler.m */ = {isa = PBXFileReference; fileEncoding = 4; lastKnownFileType = sourcecode.c.objc; path = GHUIKeyboardHandler.m; sourceTree = "<group>"; };
		00307A4D1863C6DD00FA5977 /* GHUITextField.h */ = {isa = PBXFileReference; fileEncoding = 4; lastKnownFileType = sourcecode.c.h; path = GHUITextField.h; sourceTree = "<group>"; };
		00307A4E1863C6DD00FA5977 /* GHUITextField.m */ = {isa = PBXFileReference; fileEncoding = 4; lastKnownFileType = sourcecode.c.objc; path = GHUITextField.m; sourceTree = "<group>"; };
		004A98EE18EA0F2300280D82 /* GHUITableViewTitleCell.h */ = {isa = PBXFileReference; fileEncoding = 4; lastKnownFileType = sourcecode.c.h; path = GHUITableViewTitleCell.h; sourceTree = "<group>"; };
		004A98EF18EA0F2300280D82 /* GHUITableViewTitleCell.m */ = {isa = PBXFileReference; fileEncoding = 4; lastKnownFileType = sourcecode.c.objc; path = GHUITableViewTitleCell.m; sourceTree = "<group>"; };
		004A98FD18EB3A4B00280D82 /* GHUIContentView.h */ = {isa = PBXFileReference; fileEncoding = 4; lastKnownFileType = sourcecode.c.h; path = GHUIContentView.h; sourceTree = "<group>"; };
		004A98FE18EB3A4B00280D82 /* GHUIContentView.m */ = {isa = PBXFileReference; fileEncoding = 4; lastKnownFileType = sourcecode.c.objc; path = GHUIContentView.m; sourceTree = "<group>"; };
		00689A651B17AB7300E1D982 /* GHUICollectionViewLabel.h */ = {isa = PBXFileReference; fileEncoding = 4; lastKnownFileType = sourcecode.c.h; path = GHUICollectionViewLabel.h; sourceTree = "<group>"; };
		00689A661B17AB7300E1D982 /* GHUICollectionViewLabel.m */ = {isa = PBXFileReference; fileEncoding = 4; lastKnownFileType = sourcecode.c.objc; path = GHUICollectionViewLabel.m; sourceTree = "<group>"; };
		00689A681B17AE0600E1D982 /* libsqlite3.dylib */ = {isa = PBXFileReference; lastKnownFileType = "compiled.mach-o.dylib"; name = libsqlite3.dylib; path = usr/lib/libsqlite3.dylib; sourceTree = SDKROOT; };
		00993256181879BD00556ECC /* Foundation.framework */ = {isa = PBXFileReference; lastKnownFileType = wrapper.framework; name = Foundation.framework; path = System/Library/Frameworks/Foundation.framework; sourceTree = SDKROOT; };
		0099325B181879BD00556ECC /* GHUIKit.h */ = {isa = PBXFileReference; lastKnownFileType = sourcecode.c.h; path = GHUIKit.h; sourceTree = "<group>"; };
		0099328318187DBE00556ECC /* UIKit.framework */ = {isa = PBXFileReference; lastKnownFileType = wrapper.framework; name = UIKit.framework; path = System/Library/Frameworks/UIKit.framework; sourceTree = SDKROOT; };
		0099328A1819A68A00556ECC /* GHUIDefines.h */ = {isa = PBXFileReference; fileEncoding = 4; lastKnownFileType = sourcecode.c.h; path = GHUIDefines.h; sourceTree = "<group>"; };
		0099329F18204D9100556ECC /* GHUIView.h */ = {isa = PBXFileReference; fileEncoding = 4; lastKnownFileType = sourcecode.c.h; path = GHUIView.h; sourceTree = "<group>"; };
		009932A018204D9100556ECC /* GHUIView.m */ = {isa = PBXFileReference; fileEncoding = 4; lastKnownFileType = sourcecode.c.objc; path = GHUIView.m; sourceTree = "<group>"; };
		009932A618204F4B00556ECC /* GHUIButton.h */ = {isa = PBXFileReference; fileEncoding = 4; lastKnownFileType = sourcecode.c.h; path = GHUIButton.h; sourceTree = "<group>"; };
		009932A718204F4B00556ECC /* GHUIButton.m */ = {isa = PBXFileReference; fileEncoding = 4; lastKnownFileType = sourcecode.c.objc; path = GHUIButton.m; sourceTree = "<group>"; };
		009932A91820501800556ECC /* GHUIControl.h */ = {isa = PBXFileReference; fileEncoding = 4; lastKnownFileType = sourcecode.c.h; path = GHUIControl.h; sourceTree = "<group>"; };
		009932AA1820501800556ECC /* GHUIControl.m */ = {isa = PBXFileReference; fileEncoding = 4; lastKnownFileType = sourcecode.c.objc; path = GHUIControl.m; sourceTree = "<group>"; };
		009932AC1820537000556ECC /* GHLayout.h */ = {isa = PBXFileReference; fileEncoding = 4; lastKnownFileType = sourcecode.c.h; path = GHLayout.h; sourceTree = "<group>"; };
		009932AD1820537000556ECC /* GHLayout.m */ = {isa = PBXFileReference; fileEncoding = 4; lastKnownFileType = sourcecode.c.objc; path = GHLayout.m; sourceTree = "<group>"; };
		009932B31820571F00556ECC /* GHUINavigationBar.h */ = {isa = PBXFileReference; fileEncoding = 4; lastKnownFileType = sourcecode.c.h; path = GHUINavigationBar.h; sourceTree = "<group>"; };
		009932B41820571F00556ECC /* GHUINavigationBar.m */ = {isa = PBXFileReference; fileEncoding = 4; lastKnownFileType = sourcecode.c.objc; path = GHUINavigationBar.m; sourceTree = "<group>"; };
		009932B61820691100556ECC /* Podfile */ = {isa = PBXFileReference; lastKnownFileType = text; path = Podfile; sourceTree = "<group>"; xcLanguageSpecificationIdentifier = xcode.lang.ruby; };
		009932B71820696E00556ECC /* GHUIKit.podspec */ = {isa = PBXFileReference; lastKnownFileType = text; path = GHUIKit.podspec; sourceTree = "<group>"; };
		009932B818206DFF00556ECC /* GHUISwitchButton.h */ = {isa = PBXFileReference; fileEncoding = 4; lastKnownFileType = sourcecode.c.h; path = GHUISwitchButton.h; sourceTree = "<group>"; };
		009932B918206DFF00556ECC /* GHUISwitchButton.m */ = {isa = PBXFileReference; fileEncoding = 4; lastKnownFileType = sourcecode.c.objc; path = GHUISwitchButton.m; sourceTree = "<group>"; };
		00A411B6182445E200C5A20F /* GHUIImageView.h */ = {isa = PBXFileReference; fileEncoding = 4; lastKnownFileType = sourcecode.c.h; path = GHUIImageView.h; sourceTree = "<group>"; };
		00A411B7182445E200C5A20F /* GHUIImageView.m */ = {isa = PBXFileReference; fileEncoding = 4; lastKnownFileType = sourcecode.c.objc; path = GHUIImageView.m; sourceTree = "<group>"; };
		00A411BF1829A16000C5A20F /* GHUIUtils.h */ = {isa = PBXFileReference; fileEncoding = 4; lastKnownFileType = sourcecode.c.h; path = GHUIUtils.h; sourceTree = "<group>"; };
		00A411C01829A16000C5A20F /* GHUIUtils.m */ = {isa = PBXFileReference; fileEncoding = 4; lastKnownFileType = sourcecode.c.objc; path = GHUIUtils.m; sourceTree = "<group>"; };
		00A411D21829D6EA00C5A20F /* CoreGraphics.framework */ = {isa = PBXFileReference; lastKnownFileType = wrapper.framework; name = CoreGraphics.framework; path = System/Library/Frameworks/CoreGraphics.framework; sourceTree = SDKROOT; };
		00A412001829D9CD00C5A20F /* GHUIListView.h */ = {isa = PBXFileReference; fileEncoding = 4; lastKnownFileType = sourcecode.c.h; path = GHUIListView.h; sourceTree = "<group>"; };
		00A412011829D9CD00C5A20F /* GHUIListView.m */ = {isa = PBXFileReference; fileEncoding = 4; lastKnownFileType = sourcecode.c.objc; path = GHUIListView.m; sourceTree = "<group>"; };
		00AFEFA118A5A93A0072632C /* GHUIViewControllerAnimation.h */ = {isa = PBXFileReference; fileEncoding = 4; lastKnownFileType = sourcecode.c.h; path = GHUIViewControllerAnimation.h; sourceTree = "<group>"; };
		00AFEFA218A5A93A0072632C /* GHUIViewControllerAnimation.m */ = {isa = PBXFileReference; fileEncoding = 4; lastKnownFileType = sourcecode.c.objc; path = GHUIViewControllerAnimation.m; sourceTree = "<group>"; };
		00AFEFA418A5AA100072632C /* GHUIViewControllerDropUp.h */ = {isa = PBXFileReference; fileEncoding = 4; lastKnownFileType = sourcecode.c.h; path = GHUIViewControllerDropUp.h; sourceTree = "<group>"; };
		00AFEFA518A5AA100072632C /* GHUIViewControllerDropUp.m */ = {isa = PBXFileReference; fileEncoding = 4; lastKnownFileType = sourcecode.c.objc; path = GHUIViewControllerDropUp.m; sourceTree = "<group>"; };
		00AFEFBA18A5C19B0072632C /* GHUIViewControllerModal.h */ = {isa = PBXFileReference; fileEncoding = 4; lastKnownFileType = sourcecode.c.h; path = GHUIViewControllerModal.h; sourceTree = "<group>"; };
		00AFEFBB18A5C19B0072632C /* GHUIViewControllerModal.m */ = {isa = PBXFileReference; fileEncoding = 4; lastKnownFileType = sourcecode.c.objc; path = GHUIViewControllerModal.m; sourceTree = "<group>"; };
		00AFEFBD18A5C4330072632C /* GHUIViewControllerSlide3D.h */ = {isa = PBXFileReference; fileEncoding = 4; lastKnownFileType = sourcecode.c.h; path = GHUIViewControllerSlide3D.h; sourceTree = "<group>"; };
		00AFEFBE18A5C4330072632C /* GHUIViewControllerSlide3D.m */ = {isa = PBXFileReference; fileEncoding = 4; lastKnownFileType = sourcecode.c.objc; path = GHUIViewControllerSlide3D.m; sourceTree = "<group>"; };
		00BA9F5F1B17BB880072167B /* GHUIKit.framework */ = {isa = PBXFileReference; explicitFileType = wrapper.framework; includeInIndex = 0; path = GHUIKit.framework; sourceTree = BUILT_PRODUCTS_DIR; };
		00C0950C1821C64200E37D61 /* GHUIActivityView.h */ = {isa = PBXFileReference; fileEncoding = 4; lastKnownFileType = sourcecode.c.h; path = GHUIActivityView.h; sourceTree = "<group>"; };
		00C0950D1821C64200E37D61 /* GHUIActivityView.m */ = {isa = PBXFileReference; fileEncoding = 4; lastKnownFileType = sourcecode.c.objc; path = GHUIActivityView.m; sourceTree = "<group>"; };
		00C095101821D1CE00E37D61 /* GHUIActionSheet.h */ = {isa = PBXFileReference; fileEncoding = 4; lastKnownFileType = sourcecode.c.h; path = GHUIActionSheet.h; sourceTree = "<group>"; };
		00C095111821D1CE00E37D61 /* GHUIActionSheet.m */ = {isa = PBXFileReference; fileEncoding = 4; lastKnownFileType = sourcecode.c.objc; path = GHUIActionSheet.m; sourceTree = "<group>"; };
		00C1D5E5182D95CA0080E2CF /* GHUILabel.h */ = {isa = PBXFileReference; fileEncoding = 4; lastKnownFileType = sourcecode.c.h; path = GHUILabel.h; sourceTree = "<group>"; };
		00C1D5E6182D95CA0080E2CF /* GHUILabel.m */ = {isa = PBXFileReference; fileEncoding = 4; lastKnownFileType = sourcecode.c.objc; path = GHUILabel.m; sourceTree = "<group>"; };
		00C1D5EF183171E90080E2CF /* GHUIViewController.h */ = {isa = PBXFileReference; fileEncoding = 4; lastKnownFileType = sourcecode.c.h; path = GHUIViewController.h; sourceTree = "<group>"; };
		00C1D5F0183171E90080E2CF /* GHUIViewController.m */ = {isa = PBXFileReference; fileEncoding = 4; lastKnownFileType = sourcecode.c.objc; path = GHUIViewController.m; sourceTree = "<group>"; };
		00E1A6BA18230DD300BBDFBD /* GHUIAlertView.h */ = {isa = PBXFileReference; fileEncoding = 4; lastKnownFileType = sourcecode.c.h; path = GHUIAlertView.h; sourceTree = "<group>"; };
		00E1A6BB18230DD300BBDFBD /* GHUIAlertView.m */ = {isa = PBXFileReference; fileEncoding = 4; lastKnownFileType = sourcecode.c.objc; path = GHUIAlertView.m; sourceTree = "<group>"; };
		00E2B5FB18BBEFB200441C28 /* GHUIErrorView.h */ = {isa = PBXFileReference; fileEncoding = 4; lastKnownFileType = sourcecode.c.h; path = GHUIErrorView.h; sourceTree = "<group>"; };
		00E2B5FC18BBEFB200441C28 /* GHUIErrorView.m */ = {isa = PBXFileReference; fileEncoding = 4; lastKnownFileType = sourcecode.c.objc; path = GHUIErrorView.m; sourceTree = "<group>"; };
		00E875E9192FBCB800946E4E /* GHUIBorderView.h */ = {isa = PBXFileReference; fileEncoding = 4; lastKnownFileType = sourcecode.c.h; path = GHUIBorderView.h; sourceTree = "<group>"; };
		00E875EA192FBCB800946E4E /* GHUIBorderView.m */ = {isa = PBXFileReference; fileEncoding = 4; lastKnownFileType = sourcecode.c.objc; path = GHUIBorderView.m; sourceTree = "<group>"; };
		00EE07DA18A97D4E0061915F /* GHUIViewTransitioning.h */ = {isa = PBXFileReference; fileEncoding = 4; lastKnownFileType = sourcecode.c.h; path = GHUIViewTransitioning.h; sourceTree = "<group>"; };
		00EE07DB18A97D4E0061915F /* GHUIViewTransitioning.m */ = {isa = PBXFileReference; fileEncoding = 4; lastKnownFileType = sourcecode.c.objc; path = GHUIViewTransitioning.m; sourceTree = "<group>"; };
		00EE07DD18A98B5A0061915F /* GHUIViewControllerDrop.h */ = {isa = PBXFileReference; fileEncoding = 4; lastKnownFileType = sourcecode.c.h; path = GHUIViewControllerDrop.h; sourceTree = "<group>"; };
		00EE07DE18A98B5A0061915F /* GHUIViewControllerDrop.m */ = {isa = PBXFileReference; fileEncoding = 4; lastKnownFileType = sourcecode.c.objc; path = GHUIViewControllerDrop.m; sourceTree = "<group>"; };
		00EE07E618A9B9940061915F /* GHUIViewControllerReveal.h */ = {isa = PBXFileReference; fileEncoding = 4; lastKnownFileType = sourcecode.c.h; path = GHUIViewControllerReveal.h; sourceTree = "<group>"; };
		00EE07E718A9B9940061915F /* GHUIViewControllerReveal.m */ = {isa = PBXFileReference; fileEncoding = 4; lastKnownFileType = sourcecode.c.objc; path = GHUIViewControllerReveal.m; sourceTree = "<group>"; };
		14DF5963B25028E204419FC6 /* libPods-GHUIKit.a */ = {isa = PBXFileReference; explicitFileType = archive.ar; includeInIndex = 0; path = "libPods-GHUIKit.a"; sourceTree = BUILT_PRODUCTS_DIR; };
		5E609F41752043869A0ED942 /* libPods.a */ = {isa = PBXFileReference; explicitFileType = archive.ar; includeInIndex = 0; path = libPods.a; sourceTree = BUILT_PRODUCTS_DIR; };
		8AD6B8DE44EA5FB375722F8F /* Pods-GHUIKit.debug.xcconfig */ = {isa = PBXFileReference; includeInIndex = 1; lastKnownFileType = text.xcconfig; name = "Pods-GHUIKit.debug.xcconfig"; path = "Pods/Target Support Files/Pods-GHUIKit/Pods-GHUIKit.debug.xcconfig"; sourceTree = "<group>"; };
		95CA27AFA11534E5FD68E28A /* Pods-GHUIKit.release.xcconfig */ = {isa = PBXFileReference; includeInIndex = 1; lastKnownFileType = text.xcconfig; name = "Pods-GHUIKit.release.xcconfig"; path = "Pods/Target Support Files/Pods-GHUIKit/Pods-GHUIKit.release.xcconfig"; sourceTree = "<group>"; };
/* End PBXFileReference section */

/* Begin PBXFrameworksBuildPhase section */
		00BA9F5B1B17BB880072167B /* Frameworks */ = {
			isa = PBXFrameworksBuildPhase;
			buildActionMask = 2147483647;
			files = (
				74E12C641A0CBD65744FEE48 /* libPods-GHUIKit.a in Frameworks */,
			);
			runOnlyForDeploymentPostprocessing = 0;
		};
/* End PBXFrameworksBuildPhase section */

/* Begin PBXGroup section */
		0001647718DA65FC00E590EB /* UIGestureRecognizer */ = {
			isa = PBXGroup;
			children = (
				0001647818DA664000E590EB /* GHUILongPressGestureRecognizer.h */,
				0001647918DA664000E590EB /* GHUILongPressGestureRecognizer.m */,
				0001647B18DA66D600E590EB /* GHUITapGestureRecognizer.h */,
				0001647C18DA66D600E590EB /* GHUITapGestureRecognizer.m */,
			);
			path = UIGestureRecognizer;
			sourceTree = "<group>";
		};
		001CF5DC18AC26C300D830A2 /* UIMenu */ = {
			isa = PBXGroup;
			children = (
				001CF5DD18AC26D800D830A2 /* GHUIPanel.h */,
				001CF5DE18AC26D800D830A2 /* GHUIPanel.m */,
				001CF5EE18AEE8C900D830A2 /* GHUIModalView.h */,
				001CF5EF18AEE8C900D830A2 /* GHUIModalView.m */,
			);
			path = UIMenu;
			sourceTree = "<group>";
		};
		00307A4C1863C6CD00FA5977 /* UITextField */ = {
			isa = PBXGroup;
			children = (
				00307A4D1863C6DD00FA5977 /* GHUITextField.h */,
				00307A4E1863C6DD00FA5977 /* GHUITextField.m */,
			);
			path = UITextField;
			sourceTree = "<group>";
		};
		004A98ED18EA0F0600280D82 /* UITableViewCell */ = {
			isa = PBXGroup;
			children = (
				00689A651B17AB7300E1D982 /* GHUICollectionViewLabel.h */,
				00689A661B17AB7300E1D982 /* GHUICollectionViewLabel.m */,
				004A98EE18EA0F2300280D82 /* GHUITableViewTitleCell.h */,
				004A98EF18EA0F2300280D82 /* GHUITableViewTitleCell.m */,
			);
			path = UITableViewCell;
			sourceTree = "<group>";
		};
		0099324A181879BD00556ECC = {
			isa = PBXGroup;
			children = (
				009932B61820691100556ECC /* Podfile */,
				009932B71820696E00556ECC /* GHUIKit.podspec */,
				00993258181879BD00556ECC /* GHUIKit */,
				00993255181879BD00556ECC /* Frameworks */,
				00993254181879BD00556ECC /* Products */,
				CBBF10FC981075F921703669 /* Pods */,
			);
			sourceTree = "<group>";
		};
		00993254181879BD00556ECC /* Products */ = {
			isa = PBXGroup;
			children = (
				00BA9F5F1B17BB880072167B /* GHUIKit.framework */,
			);
			name = Products;
			sourceTree = "<group>";
		};
		00993255181879BD00556ECC /* Frameworks */ = {
			isa = PBXGroup;
			children = (
				00689A681B17AE0600E1D982 /* libsqlite3.dylib */,
				0099328318187DBE00556ECC /* UIKit.framework */,
				00993256181879BD00556ECC /* Foundation.framework */,
				5E609F41752043869A0ED942 /* libPods.a */,
				00A411D21829D6EA00C5A20F /* CoreGraphics.framework */,
				14DF5963B25028E204419FC6 /* libPods-GHUIKit.a */,
			);
			name = Frameworks;
			sourceTree = "<group>";
		};
		00993258181879BD00556ECC /* GHUIKit */ = {
			isa = PBXGroup;
			children = (
				0099325B181879BD00556ECC /* GHUIKit.h */,
				0099328A1819A68A00556ECC /* GHUIDefines.h */,
				00A411BF1829A16000C5A20F /* GHUIUtils.h */,
				00A411C01829A16000C5A20F /* GHUIUtils.m */,
				004A98ED18EA0F0600280D82 /* UITableViewCell */,
				0099329E18204D8600556ECC /* UIView */,
				001CF5DC18AC26C300D830A2 /* UIMenu */,
				009932B21820570F00556ECC /* UINavigationBar */,
				009932A518204F3200556ECC /* UIButton */,
				00C0950B1821C63200E37D61 /* UIActivityView */,
				00C0950F1821D1B500E37D61 /* UIActionSheet */,
				00E1A6B918230DB100BBDFBD /* UIAlertView */,
				00A411B5182445D400C5A20F /* UIImageView */,
				00A411FF1829D9AF00C5A20F /* UIListView */,
				00C1D5E4182D95BC0080E2CF /* UILabel */,
				00C1D5E8183171160080E2CF /* UINavigationController */,
				0001647718DA65FC00E590EB /* UIGestureRecognizer */,
				00307A4C1863C6CD00FA5977 /* UITextField */,
			);
			path = GHUIKit;
			sourceTree = "<group>";
		};
		0099329E18204D8600556ECC /* UIView */ = {
			isa = PBXGroup;
			children = (
				0099329F18204D9100556ECC /* GHUIView.h */,
				009932A018204D9100556ECC /* GHUIView.m */,
				004A98FD18EB3A4B00280D82 /* GHUIContentView.h */,
				004A98FE18EB3A4B00280D82 /* GHUIContentView.m */,
				009932AC1820537000556ECC /* GHLayout.h */,
				009932AD1820537000556ECC /* GHLayout.m */,
				002ECB021868E4C5005523A6 /* GHUIKeyboardHandler.h */,
				002ECB031868E4C5005523A6 /* GHUIKeyboardHandler.m */,
				00E875E9192FBCB800946E4E /* GHUIBorderView.h */,
				00E875EA192FBCB800946E4E /* GHUIBorderView.m */,
			);
			path = UIView;
			sourceTree = "<group>";
		};
		009932A518204F3200556ECC /* UIButton */ = {
			isa = PBXGroup;
			children = (
				009932A91820501800556ECC /* GHUIControl.h */,
				009932AA1820501800556ECC /* GHUIControl.m */,
				009932A618204F4B00556ECC /* GHUIButton.h */,
				009932A718204F4B00556ECC /* GHUIButton.m */,
				009932B818206DFF00556ECC /* GHUISwitchButton.h */,
				009932B918206DFF00556ECC /* GHUISwitchButton.m */,
			);
			path = UIButton;
			sourceTree = "<group>";
		};
		009932B21820570F00556ECC /* UINavigationBar */ = {
			isa = PBXGroup;
			children = (
				009932B31820571F00556ECC /* GHUINavigationBar.h */,
				009932B41820571F00556ECC /* GHUINavigationBar.m */,
			);
			path = UINavigationBar;
			sourceTree = "<group>";
		};
		00A411B5182445D400C5A20F /* UIImageView */ = {
			isa = PBXGroup;
			children = (
				00A411B6182445E200C5A20F /* GHUIImageView.h */,
				00A411B7182445E200C5A20F /* GHUIImageView.m */,
			);
			path = UIImageView;
			sourceTree = "<group>";
		};
		00A411FF1829D9AF00C5A20F /* UIListView */ = {
			isa = PBXGroup;
			children = (
				00A412001829D9CD00C5A20F /* GHUIListView.h */,
				00A412011829D9CD00C5A20F /* GHUIListView.m */,
			);
			path = UIListView;
			sourceTree = "<group>";
		};
		00C0950B1821C63200E37D61 /* UIActivityView */ = {
			isa = PBXGroup;
			children = (
				00C0950C1821C64200E37D61 /* GHUIActivityView.h */,
				00C0950D1821C64200E37D61 /* GHUIActivityView.m */,
				00E2B5FB18BBEFB200441C28 /* GHUIErrorView.h */,
				00E2B5FC18BBEFB200441C28 /* GHUIErrorView.m */,
			);
			path = UIActivityView;
			sourceTree = "<group>";
		};
		00C0950F1821D1B500E37D61 /* UIActionSheet */ = {
			isa = PBXGroup;
			children = (
				00C095101821D1CE00E37D61 /* GHUIActionSheet.h */,
				00C095111821D1CE00E37D61 /* GHUIActionSheet.m */,
			);
			path = UIActionSheet;
			sourceTree = "<group>";
		};
		00C1D5E4182D95BC0080E2CF /* UILabel */ = {
			isa = PBXGroup;
			children = (
				00C1D5E5182D95CA0080E2CF /* GHUILabel.h */,
				00C1D5E6182D95CA0080E2CF /* GHUILabel.m */,
			);
			path = UILabel;
			sourceTree = "<group>";
		};
		00C1D5E8183171160080E2CF /* UINavigationController */ = {
			isa = PBXGroup;
			children = (
				00C1D5EF183171E90080E2CF /* GHUIViewController.h */,
				00C1D5F0183171E90080E2CF /* GHUIViewController.m */,
				00AFEFA118A5A93A0072632C /* GHUIViewControllerAnimation.h */,
				00AFEFA218A5A93A0072632C /* GHUIViewControllerAnimation.m */,
				00AFEFBA18A5C19B0072632C /* GHUIViewControllerModal.h */,
				00AFEFBB18A5C19B0072632C /* GHUIViewControllerModal.m */,
				00AFEFBD18A5C4330072632C /* GHUIViewControllerSlide3D.h */,
				00AFEFBE18A5C4330072632C /* GHUIViewControllerSlide3D.m */,
				00EE07DA18A97D4E0061915F /* GHUIViewTransitioning.h */,
				00EE07DB18A97D4E0061915F /* GHUIViewTransitioning.m */,
				00AFEFA418A5AA100072632C /* GHUIViewControllerDropUp.h */,
				00AFEFA518A5AA100072632C /* GHUIViewControllerDropUp.m */,
				00EE07DD18A98B5A0061915F /* GHUIViewControllerDrop.h */,
				00EE07DE18A98B5A0061915F /* GHUIViewControllerDrop.m */,
				00EE07E618A9B9940061915F /* GHUIViewControllerReveal.h */,
				00EE07E718A9B9940061915F /* GHUIViewControllerReveal.m */,
				001CF5D918AC081500D830A2 /* GHUIViewControllerFall.h */,
				001CF5DA18AC081500D830A2 /* GHUIViewControllerFall.m */,
				0016114419B7DCC300816EB8 /* GHUIViewControllerFade.h */,
				0016114519B7DCC300816EB8 /* GHUIViewControllerFade.m */,
			);
			path = UINavigationController;
			sourceTree = "<group>";
		};
		00E1A6B918230DB100BBDFBD /* UIAlertView */ = {
			isa = PBXGroup;
			children = (
				00E1A6BA18230DD300BBDFBD /* GHUIAlertView.h */,
				00E1A6BB18230DD300BBDFBD /* GHUIAlertView.m */,
			);
			path = UIAlertView;
			sourceTree = "<group>";
		};
		CBBF10FC981075F921703669 /* Pods */ = {
			isa = PBXGroup;
			children = (
				8AD6B8DE44EA5FB375722F8F /* Pods-GHUIKit.debug.xcconfig */,
				95CA27AFA11534E5FD68E28A /* Pods-GHUIKit.release.xcconfig */,
			);
			name = Pods;
			sourceTree = "<group>";
		};
/* End PBXGroup section */

/* Begin PBXHeadersBuildPhase section */
		00BA9F5C1B17BB880072167B /* Headers */ = {
			isa = PBXHeadersBuildPhase;
			buildActionMask = 2147483647;
			files = (
				00BA9F791B17BC1F0072167B /* GHUIDefines.h in Headers */,
				00BA9F8C1B17BC3D0072167B /* GHUIViewControllerSlide3D.h in Headers */,
				00BA9F861B17BC3D0072167B /* GHUIViewController.h in Headers */,
				00BA9FA61B17BC490072167B /* GHUIActionSheet.h in Headers */,
				00BA9F841B17BC3A0072167B /* GHUITapGestureRecognizer.h in Headers */,
				00BA9FC61B17BC540072167B /* GHLayout.h in Headers */,
				00BA9F921B17BC3D0072167B /* GHUIViewControllerDrop.h in Headers */,
				00BA9FC81B17BC540072167B /* GHUIKeyboardHandler.h in Headers */,
				00BA9F9A1B17BC400072167B /* GHUILabel.h in Headers */,
				00BA9F901B17BC3D0072167B /* GHUIViewControllerDropUp.h in Headers */,
				00BA9F781B17BC1F0072167B /* GHUIKit.h in Headers */,
				00BA9FAA1B17BC490072167B /* GHUIImageView.h in Headers */,
				00BA9FCE1B17BC540072167B /* GHUIModalView.h in Headers */,
				00BA9FA21B17BC490072167B /* GHUIActivityView.h in Headers */,
				00BA9F961B17BC3D0072167B /* GHUIViewControllerFall.h in Headers */,
				00BA9F801B17BC370072167B /* GHUITextField.h in Headers */,
				00BA9F981B17BC3D0072167B /* GHUIViewControllerFade.h in Headers */,
				00BA9F8A1B17BC3D0072167B /* GHUIViewControllerModal.h in Headers */,
				00BA9F9E1B17BC490072167B /* GHUIButton.h in Headers */,
				00BA9F9C1B17BC490072167B /* GHUIControl.h in Headers */,
				00BA9FC21B17BC540072167B /* GHUIView.h in Headers */,
				00BA9F7A1B17BC1F0072167B /* GHUIUtils.h in Headers */,
				00BA9F941B17BC3D0072167B /* GHUIViewControllerReveal.h in Headers */,
				00BA9FC41B17BC540072167B /* GHUIContentView.h in Headers */,
				00BA9FAC1B17BC490072167B /* GHUIListView.h in Headers */,
				00BA9FCC1B17BC540072167B /* GHUIPanel.h in Headers */,
				00BA9FC01B17BC540072167B /* GHUITableViewTitleCell.h in Headers */,
				00BA9F881B17BC3D0072167B /* GHUIViewControllerAnimation.h in Headers */,
				00BA9F821B17BC3A0072167B /* GHUILongPressGestureRecognizer.h in Headers */,
				00BA9FA01B17BC490072167B /* GHUISwitchButton.h in Headers */,
				00BA9FBE1B17BC540072167B /* GHUICollectionViewLabel.h in Headers */,
				00BA9FD01B17BC540072167B /* GHUINavigationBar.h in Headers */,
				00BA9F8E1B17BC3D0072167B /* GHUIViewTransitioning.h in Headers */,
				00BA9FA41B17BC490072167B /* GHUIErrorView.h in Headers */,
				00BA9FCA1B17BC540072167B /* GHUIBorderView.h in Headers */,
				00BA9FA81B17BC490072167B /* GHUIAlertView.h in Headers */,
			);
			runOnlyForDeploymentPostprocessing = 0;
		};
/* End PBXHeadersBuildPhase section */

/* Begin PBXNativeTarget section */
		00BA9F5E1B17BB880072167B /* GHUIKit */ = {
			isa = PBXNativeTarget;
			buildConfigurationList = 00BA9F721B17BB890072167B /* Build configuration list for PBXNativeTarget "GHUIKit" */;
			buildPhases = (
				F6C15A170AD50AD087F3E32D /* Check Pods Manifest.lock */,
				00BA9F5A1B17BB880072167B /* Sources */,
				00BA9F5B1B17BB880072167B /* Frameworks */,
				00BA9F5C1B17BB880072167B /* Headers */,
				00BA9F5D1B17BB880072167B /* Resources */,
				C1250DBE9DDE53FE067BA152 /* Copy Pods Resources */,
			);
			buildRules = (
			);
			dependencies = (
			);
			name = GHUIKit;
			productName = GHUIKit;
			productReference = 00BA9F5F1B17BB880072167B /* GHUIKit.framework */;
			productType = "com.apple.product-type.framework";
		};
/* End PBXNativeTarget section */

/* Begin PBXProject section */
		0099324B181879BD00556ECC /* Project object */ = {
			isa = PBXProject;
			attributes = {
				LastUpgradeCheck = 0600;
				ORGANIZATIONNAME = "Gabriel Handford";
				TargetAttributes = {
					00BA9F5E1B17BB880072167B = {
						CreatedOnToolsVersion = 6.3.2;
					};
				};
			};
			buildConfigurationList = 0099324E181879BD00556ECC /* Build configuration list for PBXProject "GHUIKit" */;
			compatibilityVersion = "Xcode 3.2";
			developmentRegion = English;
			hasScannedForEncodings = 0;
			knownRegions = (
				en,
			);
			mainGroup = 0099324A181879BD00556ECC;
			productRefGroup = 00993254181879BD00556ECC /* Products */;
			projectDirPath = "";
			projectRoot = "";
			targets = (
				00BA9F5E1B17BB880072167B /* GHUIKit */,
			);
		};
/* End PBXProject section */

/* Begin PBXResourcesBuildPhase section */
		00BA9F5D1B17BB880072167B /* Resources */ = {
			isa = PBXResourcesBuildPhase;
			buildActionMask = 2147483647;
			files = (
			);
			runOnlyForDeploymentPostprocessing = 0;
		};
/* End PBXResourcesBuildPhase section */

/* Begin PBXShellScriptBuildPhase section */
		C1250DBE9DDE53FE067BA152 /* Copy Pods Resources */ = {
			isa = PBXShellScriptBuildPhase;
			buildActionMask = 2147483647;
			files = (
			);
			inputPaths = (
			);
			name = "Copy Pods Resources";
			outputPaths = (
			);
			runOnlyForDeploymentPostprocessing = 0;
			shellPath = /bin/sh;
			shellScript = "\"${SRCROOT}/Pods/Target Support Files/Pods-GHUIKit/Pods-GHUIKit-resources.sh\"\n";
			showEnvVarsInLog = 0;
		};
		F6C15A170AD50AD087F3E32D /* Check Pods Manifest.lock */ = {
			isa = PBXShellScriptBuildPhase;
			buildActionMask = 2147483647;
			files = (
			);
			inputPaths = (
			);
			name = "Check Pods Manifest.lock";
			outputPaths = (
			);
			runOnlyForDeploymentPostprocessing = 0;
			shellPath = /bin/sh;
			shellScript = "diff \"${PODS_ROOT}/../Podfile.lock\" \"${PODS_ROOT}/Manifest.lock\" > /dev/null\nif [[ $? != 0 ]] ; then\n    cat << EOM\nerror: The sandbox is not in sync with the Podfile.lock. Run 'pod install' or update your CocoaPods installation.\nEOM\n    exit 1\nfi\n";
			showEnvVarsInLog = 0;
		};
/* End PBXShellScriptBuildPhase section */

/* Begin PBXSourcesBuildPhase section */
		00BA9F5A1B17BB880072167B /* Sources */ = {
			isa = PBXSourcesBuildPhase;
			buildActionMask = 2147483647;
			files = (
				00BA9FC91B17BC540072167B /* GHUIKeyboardHandler.m in Sources */,
				00BA9F8F1B17BC3D0072167B /* GHUIViewTransitioning.m in Sources */,
				00BA9F8D1B17BC3D0072167B /* GHUIViewControllerSlide3D.m in Sources */,
				00BA9FCD1B17BC540072167B /* GHUIPanel.m in Sources */,
				00BA9FA91B17BC490072167B /* GHUIAlertView.m in Sources */,
				00BA9FAD1B17BC490072167B /* GHUIListView.m in Sources */,
				00BA9F871B17BC3D0072167B /* GHUIViewController.m in Sources */,
				00BA9F851B17BC3A0072167B /* GHUITapGestureRecognizer.m in Sources */,
				00BA9F811B17BC370072167B /* GHUITextField.m in Sources */,
				00BA9F8B1B17BC3D0072167B /* GHUIViewControllerModal.m in Sources */,
				00BA9F911B17BC3D0072167B /* GHUIViewControllerDropUp.m in Sources */,
				00BA9FCB1B17BC540072167B /* GHUIBorderView.m in Sources */,
				00BA9FA51B17BC490072167B /* GHUIErrorView.m in Sources */,
				00BA9FA71B17BC490072167B /* GHUIActionSheet.m in Sources */,
				00BA9F891B17BC3D0072167B /* GHUIViewControllerAnimation.m in Sources */,
				00BA9F971B17BC3D0072167B /* GHUIViewControllerFall.m in Sources */,
				00BA9F7B1B17BC1F0072167B /* GHUIUtils.m in Sources */,
				00BA9F9D1B17BC490072167B /* GHUIControl.m in Sources */,
				00BA9FC51B17BC540072167B /* GHUIContentView.m in Sources */,
				00BA9FC11B17BC540072167B /* GHUITableViewTitleCell.m in Sources */,
				00BA9FAB1B17BC490072167B /* GHUIImageView.m in Sources */,
				00BA9F931B17BC3D0072167B /* GHUIViewControllerDrop.m in Sources */,
				00BA9F951B17BC3D0072167B /* GHUIViewControllerReveal.m in Sources */,
				00BA9FBF1B17BC540072167B /* GHUICollectionViewLabel.m in Sources */,
				00BA9FD11B17BC540072167B /* GHUINavigationBar.m in Sources */,
				00BA9F9F1B17BC490072167B /* GHUIButton.m in Sources */,
				00BA9FCF1B17BC540072167B /* GHUIModalView.m in Sources */,
				00BA9FC31B17BC540072167B /* GHUIView.m in Sources */,
				00BA9FA31B17BC490072167B /* GHUIActivityView.m in Sources */,
				00BA9FA11B17BC490072167B /* GHUISwitchButton.m in Sources */,
				00BA9F831B17BC3A0072167B /* GHUILongPressGestureRecognizer.m in Sources */,
				00BA9F991B17BC3D0072167B /* GHUIViewControllerFade.m in Sources */,
				00BA9F9B1B17BC400072167B /* GHUILabel.m in Sources */,
				00BA9FC71B17BC540072167B /* GHLayout.m in Sources */,
			);
			runOnlyForDeploymentPostprocessing = 0;
		};
/* End PBXSourcesBuildPhase section */

/* Begin XCBuildConfiguration section */
		00993274181879BE00556ECC /* Debug */ = {
			isa = XCBuildConfiguration;
			buildSettings = {
				ALWAYS_SEARCH_USER_PATHS = NO;
				CLANG_CXX_LANGUAGE_STANDARD = "gnu++0x";
				CLANG_CXX_LIBRARY = "libc++";
				CLANG_ENABLE_MODULES = YES;
				CLANG_ENABLE_OBJC_ARC = YES;
				CLANG_WARN_BOOL_CONVERSION = YES;
				CLANG_WARN_CONSTANT_CONVERSION = YES;
				CLANG_WARN_DIRECT_OBJC_ISA_USAGE = YES_ERROR;
				CLANG_WARN_EMPTY_BODY = YES;
				CLANG_WARN_ENUM_CONVERSION = YES;
				CLANG_WARN_INT_CONVERSION = YES;
				CLANG_WARN_OBJC_ROOT_CLASS = YES_ERROR;
				CLANG_WARN__DUPLICATE_METHOD_MATCH = YES;
				COPY_PHASE_STRIP = NO;
				GCC_C_LANGUAGE_STANDARD = gnu99;
				GCC_DYNAMIC_NO_PIC = NO;
				GCC_OPTIMIZATION_LEVEL = 0;
				GCC_PREPROCESSOR_DEFINITIONS = (
					"DEBUG=1",
					"$(inherited)",
				);
				GCC_SYMBOLS_PRIVATE_EXTERN = NO;
				GCC_WARN_64_TO_32_BIT_CONVERSION = YES;
				GCC_WARN_ABOUT_RETURN_TYPE = YES_ERROR;
				GCC_WARN_UNDECLARED_SELECTOR = YES;
				GCC_WARN_UNINITIALIZED_AUTOS = YES;
				GCC_WARN_UNUSED_FUNCTION = YES;
				GCC_WARN_UNUSED_VARIABLE = YES;
				IPHONEOS_DEPLOYMENT_TARGET = 7.0;
				ONLY_ACTIVE_ARCH = YES;
				SDKROOT = iphoneos;
			};
			name = Debug;
		};
		00993275181879BE00556ECC /* Release */ = {
			isa = XCBuildConfiguration;
			buildSettings = {
				ALWAYS_SEARCH_USER_PATHS = NO;
				CLANG_CXX_LANGUAGE_STANDARD = "gnu++0x";
				CLANG_CXX_LIBRARY = "libc++";
				CLANG_ENABLE_MODULES = YES;
				CLANG_ENABLE_OBJC_ARC = YES;
				CLANG_WARN_BOOL_CONVERSION = YES;
				CLANG_WARN_CONSTANT_CONVERSION = YES;
				CLANG_WARN_DIRECT_OBJC_ISA_USAGE = YES_ERROR;
				CLANG_WARN_EMPTY_BODY = YES;
				CLANG_WARN_ENUM_CONVERSION = YES;
				CLANG_WARN_INT_CONVERSION = YES;
				CLANG_WARN_OBJC_ROOT_CLASS = YES_ERROR;
				CLANG_WARN__DUPLICATE_METHOD_MATCH = YES;
				COPY_PHASE_STRIP = YES;
				ENABLE_NS_ASSERTIONS = NO;
				GCC_C_LANGUAGE_STANDARD = gnu99;
				GCC_WARN_64_TO_32_BIT_CONVERSION = YES;
				GCC_WARN_ABOUT_RETURN_TYPE = YES_ERROR;
				GCC_WARN_UNDECLARED_SELECTOR = YES;
				GCC_WARN_UNINITIALIZED_AUTOS = YES;
				GCC_WARN_UNUSED_FUNCTION = YES;
				GCC_WARN_UNUSED_VARIABLE = YES;
				IPHONEOS_DEPLOYMENT_TARGET = 7.0;
				SDKROOT = iphoneos;
				VALIDATE_PRODUCT = YES;
			};
			name = Release;
		};
		00BA9F731B17BB890072167B /* Debug */ = {
			isa = XCBuildConfiguration;
			baseConfigurationReference = 8AD6B8DE44EA5FB375722F8F /* Pods-GHUIKit.debug.xcconfig */;
			buildSettings = {
				CLANG_WARN_UNREACHABLE_CODE = YES;
				"CODE_SIGN_IDENTITY[sdk=iphoneos*]" = "iPhone Developer";
				CURRENT_PROJECT_VERSION = 1;
				DEBUG_INFORMATION_FORMAT = "dwarf-with-dsym";
				DEFINES_MODULE = YES;
				DYLIB_COMPATIBILITY_VERSION = 1;
				DYLIB_CURRENT_VERSION = 1;
				DYLIB_INSTALL_NAME_BASE = "@rpath";
				ENABLE_STRICT_OBJC_MSGSEND = YES;
				GCC_NO_COMMON_BLOCKS = YES;
				GCC_PREPROCESSOR_DEFINITIONS = (
					"DEBUG=1",
					"$(inherited)",
				);
				GCC_WARN_UNINITIALIZED_AUTOS = YES_AGGRESSIVE;
				INFOPLIST_FILE = GHUIKit/Info.plist;
				INSTALL_PATH = "$(LOCAL_LIBRARY_DIR)/Frameworks";
				IPHONEOS_DEPLOYMENT_TARGET = 8.3;
				LD_RUNPATH_SEARCH_PATHS = "$(inherited) @executable_path/Frameworks @loader_path/Frameworks";
				MTL_ENABLE_DEBUG_INFO = YES;
				PRODUCT_NAME = "$(TARGET_NAME)";
				SKIP_INSTALL = YES;
				TARGETED_DEVICE_FAMILY = "1,2";
				VERSIONING_SYSTEM = "apple-generic";
				VERSION_INFO_PREFIX = "";
			};
			name = Debug;
		};
		00BA9F741B17BB890072167B /* Release */ = {
			isa = XCBuildConfiguration;
			baseConfigurationReference = 95CA27AFA11534E5FD68E28A /* Pods-GHUIKit.release.xcconfig */;
			buildSettings = {
				CLANG_WARN_UNREACHABLE_CODE = YES;
				"CODE_SIGN_IDENTITY[sdk=iphoneos*]" = "iPhone Developer";
				COPY_PHASE_STRIP = NO;
				CURRENT_PROJECT_VERSION = 1;
				DEBUG_INFORMATION_FORMAT = "dwarf-with-dsym";
				DEFINES_MODULE = YES;
				DYLIB_COMPATIBILITY_VERSION = 1;
				DYLIB_CURRENT_VERSION = 1;
				DYLIB_INSTALL_NAME_BASE = "@rpath";
				ENABLE_STRICT_OBJC_MSGSEND = YES;
				GCC_NO_COMMON_BLOCKS = YES;
				GCC_WARN_UNINITIALIZED_AUTOS = YES_AGGRESSIVE;
				INFOPLIST_FILE = GHUIKit/Info.plist;
				INSTALL_PATH = "$(LOCAL_LIBRARY_DIR)/Frameworks";
				IPHONEOS_DEPLOYMENT_TARGET = 8.3;
				LD_RUNPATH_SEARCH_PATHS = "$(inherited) @executable_path/Frameworks @loader_path/Frameworks";
				MTL_ENABLE_DEBUG_INFO = NO;
				PRODUCT_NAME = "$(TARGET_NAME)";
				SKIP_INSTALL = YES;
				TARGETED_DEVICE_FAMILY = "1,2";
				VERSIONING_SYSTEM = "apple-generic";
				VERSION_INFO_PREFIX = "";
			};
			name = Release;
		};
/* End XCBuildConfiguration section */

/* Begin XCConfigurationList section */
		0099324E181879BD00556ECC /* Build configuration list for PBXProject "GHUIKit" */ = {
			isa = XCConfigurationList;
			buildConfigurations = (
				00993274181879BE00556ECC /* Debug */,
				00993275181879BE00556ECC /* Release */,
			);
			defaultConfigurationIsVisible = 0;
			defaultConfigurationName = Release;
		};
		00BA9F721B17BB890072167B /* Build configuration list for PBXNativeTarget "GHUIKit" */ = {
			isa = XCConfigurationList;
			buildConfigurations = (
				00BA9F731B17BB890072167B /* Debug */,
				00BA9F741B17BB890072167B /* Release */,
			);
			defaultConfigurationIsVisible = 0;
			defaultConfigurationName = Release;
		};
/* End XCConfigurationList section */
	};
	rootObject = 0099324B181879BD00556ECC /* Project object */;
}
