<?xml version="1.0" encoding="UTF-8"?>
<!DOCTYPE plist PUBLIC "-//Apple//DTD PLIST 1.0//EN" "http://www.apple.com/DTDs/PropertyList-1.0.dtd">
<plist version="1.0">
<dict>
	<key>archiveVersion</key>
	<string>1</string>
	<key>classes</key>
	<dict/>
	<key>objectVersion</key>
	<string>46</string>
	<key>objects</key>
	<dict>
		<key>0001646B18DA12F400E590EB</key>
		<dict>
			<key>fileEncoding</key>
			<string>4</string>
			<key>isa</key>
			<string>PBXFileReference</string>
			<key>lastKnownFileType</key>
			<string>sourcecode.c.h</string>
			<key>path</key>
			<string>GHUICellButtonView.h</string>
			<key>sourceTree</key>
			<string>&lt;group&gt;</string>
		</dict>
		<key>0001646C18DA12F400E590EB</key>
		<dict>
			<key>fileEncoding</key>
			<string>4</string>
			<key>isa</key>
			<string>PBXFileReference</string>
			<key>lastKnownFileType</key>
			<string>sourcecode.c.objc</string>
			<key>path</key>
			<string>GHUICellButtonView.m</string>
			<key>sourceTree</key>
			<string>&lt;group&gt;</string>
		</dict>
		<key>0001646D18DA12F400E590EB</key>
		<dict>
			<key>fileRef</key>
			<string>0001646C18DA12F400E590EB</string>
			<key>isa</key>
			<string>PBXBuildFile</string>
		</dict>
		<key>0001647718DA65FC00E590EB</key>
		<dict>
			<key>children</key>
			<array>
				<string>0001647818DA664000E590EB</string>
				<string>0001647918DA664000E590EB</string>
				<string>0001647B18DA66D600E590EB</string>
				<string>0001647C18DA66D600E590EB</string>
			</array>
			<key>isa</key>
			<string>PBXGroup</string>
			<key>path</key>
			<string>UIGestureRecognizer</string>
			<key>sourceTree</key>
			<string>&lt;group&gt;</string>
		</dict>
		<key>0001647818DA664000E590EB</key>
		<dict>
			<key>fileEncoding</key>
			<string>4</string>
			<key>isa</key>
			<string>PBXFileReference</string>
			<key>lastKnownFileType</key>
			<string>sourcecode.c.h</string>
			<key>path</key>
			<string>GHUILongPressGestureRecognizer.h</string>
			<key>sourceTree</key>
			<string>&lt;group&gt;</string>
		</dict>
		<key>0001647918DA664000E590EB</key>
		<dict>
			<key>fileEncoding</key>
			<string>4</string>
			<key>isa</key>
			<string>PBXFileReference</string>
			<key>lastKnownFileType</key>
			<string>sourcecode.c.objc</string>
			<key>path</key>
			<string>GHUILongPressGestureRecognizer.m</string>
			<key>sourceTree</key>
			<string>&lt;group&gt;</string>
		</dict>
		<key>0001647A18DA664000E590EB</key>
		<dict>
			<key>fileRef</key>
			<string>0001647918DA664000E590EB</string>
			<key>isa</key>
			<string>PBXBuildFile</string>
		</dict>
		<key>0001647B18DA66D600E590EB</key>
		<dict>
			<key>fileEncoding</key>
			<string>4</string>
			<key>isa</key>
			<string>PBXFileReference</string>
			<key>lastKnownFileType</key>
			<string>sourcecode.c.h</string>
			<key>path</key>
			<string>GHUITapGestureRecognizer.h</string>
			<key>sourceTree</key>
			<string>&lt;group&gt;</string>
		</dict>
		<key>0001647C18DA66D600E590EB</key>
		<dict>
			<key>fileEncoding</key>
			<string>4</string>
			<key>isa</key>
			<string>PBXFileReference</string>
			<key>lastKnownFileType</key>
			<string>sourcecode.c.objc</string>
			<key>path</key>
			<string>GHUITapGestureRecognizer.m</string>
			<key>sourceTree</key>
			<string>&lt;group&gt;</string>
		</dict>
		<key>0001647D18DA66D600E590EB</key>
		<dict>
			<key>fileRef</key>
			<string>0001647C18DA66D600E590EB</string>
			<key>isa</key>
			<string>PBXBuildFile</string>
		</dict>
		<key>0016114419B7DCC300816EB8</key>
		<dict>
			<key>fileEncoding</key>
			<string>4</string>
			<key>isa</key>
			<string>PBXFileReference</string>
			<key>lastKnownFileType</key>
			<string>sourcecode.c.h</string>
			<key>path</key>
			<string>GHUIViewControllerFade.h</string>
			<key>sourceTree</key>
			<string>&lt;group&gt;</string>
		</dict>
		<key>0016114519B7DCC300816EB8</key>
		<dict>
			<key>fileEncoding</key>
			<string>4</string>
			<key>isa</key>
			<string>PBXFileReference</string>
			<key>lastKnownFileType</key>
			<string>sourcecode.c.objc</string>
			<key>path</key>
			<string>GHUIViewControllerFade.m</string>
			<key>sourceTree</key>
			<string>&lt;group&gt;</string>
		</dict>
		<key>0016114619B7DCC300816EB8</key>
		<dict>
			<key>fileRef</key>
			<string>0016114519B7DCC300816EB8</string>
			<key>isa</key>
			<string>PBXBuildFile</string>
		</dict>
		<key>001CF5D918AC081500D830A2</key>
		<dict>
			<key>fileEncoding</key>
			<string>4</string>
			<key>isa</key>
			<string>PBXFileReference</string>
			<key>lastKnownFileType</key>
			<string>sourcecode.c.h</string>
			<key>path</key>
			<string>GHUIViewControllerFall.h</string>
			<key>sourceTree</key>
			<string>&lt;group&gt;</string>
		</dict>
		<key>001CF5DA18AC081500D830A2</key>
		<dict>
			<key>fileEncoding</key>
			<string>4</string>
			<key>isa</key>
			<string>PBXFileReference</string>
			<key>lastKnownFileType</key>
			<string>sourcecode.c.objc</string>
			<key>path</key>
			<string>GHUIViewControllerFall.m</string>
			<key>sourceTree</key>
			<string>&lt;group&gt;</string>
		</dict>
		<key>001CF5DB18AC081500D830A2</key>
		<dict>
			<key>fileRef</key>
			<string>001CF5DA18AC081500D830A2</string>
			<key>isa</key>
			<string>PBXBuildFile</string>
		</dict>
		<key>001CF5DC18AC26C300D830A2</key>
		<dict>
			<key>children</key>
			<array>
				<string>001CF5DD18AC26D800D830A2</string>
				<string>001CF5DE18AC26D800D830A2</string>
				<string>001CF5EE18AEE8C900D830A2</string>
				<string>001CF5EF18AEE8C900D830A2</string>
			</array>
			<key>isa</key>
			<string>PBXGroup</string>
			<key>path</key>
			<string>UIMenu</string>
			<key>sourceTree</key>
			<string>&lt;group&gt;</string>
		</dict>
		<key>001CF5DD18AC26D800D830A2</key>
		<dict>
			<key>fileEncoding</key>
			<string>4</string>
			<key>isa</key>
			<string>PBXFileReference</string>
			<key>lastKnownFileType</key>
			<string>sourcecode.c.h</string>
			<key>path</key>
			<string>GHUIPanel.h</string>
			<key>sourceTree</key>
			<string>&lt;group&gt;</string>
		</dict>
		<key>001CF5DE18AC26D800D830A2</key>
		<dict>
			<key>fileEncoding</key>
			<string>4</string>
			<key>isa</key>
			<string>PBXFileReference</string>
			<key>lastKnownFileType</key>
			<string>sourcecode.c.objc</string>
			<key>path</key>
			<string>GHUIPanel.m</string>
			<key>sourceTree</key>
			<string>&lt;group&gt;</string>
		</dict>
		<key>001CF5DF18AC26D800D830A2</key>
		<dict>
			<key>fileRef</key>
			<string>001CF5DE18AC26D800D830A2</string>
			<key>isa</key>
			<string>PBXBuildFile</string>
		</dict>
		<key>001CF5EE18AEE8C900D830A2</key>
		<dict>
			<key>fileEncoding</key>
			<string>4</string>
			<key>isa</key>
			<string>PBXFileReference</string>
			<key>lastKnownFileType</key>
			<string>sourcecode.c.h</string>
			<key>path</key>
			<string>GHUIModalView.h</string>
			<key>sourceTree</key>
			<string>&lt;group&gt;</string>
		</dict>
		<key>001CF5EF18AEE8C900D830A2</key>
		<dict>
			<key>fileEncoding</key>
			<string>4</string>
			<key>isa</key>
			<string>PBXFileReference</string>
			<key>lastKnownFileType</key>
			<string>sourcecode.c.objc</string>
			<key>path</key>
			<string>GHUIModalView.m</string>
			<key>sourceTree</key>
			<string>&lt;group&gt;</string>
		</dict>
		<key>001CF5F018AEE8C900D830A2</key>
		<dict>
			<key>fileRef</key>
			<string>001CF5EF18AEE8C900D830A2</string>
			<key>isa</key>
			<string>PBXBuildFile</string>
		</dict>
		<key>002ECB021868E4C5005523A6</key>
		<dict>
			<key>fileEncoding</key>
			<string>4</string>
			<key>isa</key>
			<string>PBXFileReference</string>
			<key>lastKnownFileType</key>
			<string>sourcecode.c.h</string>
			<key>path</key>
			<string>GHUIKeyboardHandler.h</string>
			<key>sourceTree</key>
			<string>&lt;group&gt;</string>
		</dict>
		<key>002ECB031868E4C5005523A6</key>
		<dict>
			<key>fileEncoding</key>
			<string>4</string>
			<key>isa</key>
			<string>PBXFileReference</string>
			<key>lastKnownFileType</key>
			<string>sourcecode.c.objc</string>
			<key>path</key>
			<string>GHUIKeyboardHandler.m</string>
			<key>sourceTree</key>
			<string>&lt;group&gt;</string>
		</dict>
		<key>002ECB041868E4C5005523A6</key>
		<dict>
			<key>fileRef</key>
			<string>002ECB031868E4C5005523A6</string>
			<key>isa</key>
			<string>PBXBuildFile</string>
		</dict>
		<key>00307A4C1863C6CD00FA5977</key>
		<dict>
			<key>children</key>
			<array>
				<string>00307A4D1863C6DD00FA5977</string>
				<string>00307A4E1863C6DD00FA5977</string>
			</array>
			<key>isa</key>
			<string>PBXGroup</string>
			<key>path</key>
			<string>UITextField</string>
			<key>sourceTree</key>
			<string>&lt;group&gt;</string>
		</dict>
		<key>00307A4D1863C6DD00FA5977</key>
		<dict>
			<key>fileEncoding</key>
			<string>4</string>
			<key>isa</key>
			<string>PBXFileReference</string>
			<key>lastKnownFileType</key>
			<string>sourcecode.c.h</string>
			<key>path</key>
			<string>GHUITextField.h</string>
			<key>sourceTree</key>
			<string>&lt;group&gt;</string>
		</dict>
		<key>00307A4E1863C6DD00FA5977</key>
		<dict>
			<key>fileEncoding</key>
			<string>4</string>
			<key>isa</key>
			<string>PBXFileReference</string>
			<key>lastKnownFileType</key>
			<string>sourcecode.c.objc</string>
			<key>path</key>
			<string>GHUITextField.m</string>
			<key>sourceTree</key>
			<string>&lt;group&gt;</string>
		</dict>
		<key>00307A4F1863C6DD00FA5977</key>
		<dict>
			<key>fileRef</key>
			<string>00307A4E1863C6DD00FA5977</string>
			<key>isa</key>
			<string>PBXBuildFile</string>
		</dict>
		<key>004A98ED18EA0F0600280D82</key>
		<dict>
			<key>children</key>
			<array>
				<string>004A98EE18EA0F2300280D82</string>
				<string>004A98EF18EA0F2300280D82</string>
			</array>
			<key>isa</key>
			<string>PBXGroup</string>
			<key>path</key>
			<string>UITableViewCell</string>
			<key>sourceTree</key>
			<string>&lt;group&gt;</string>
		</dict>
		<key>004A98EE18EA0F2300280D82</key>
		<dict>
			<key>fileEncoding</key>
			<string>4</string>
			<key>isa</key>
			<string>PBXFileReference</string>
			<key>lastKnownFileType</key>
			<string>sourcecode.c.h</string>
			<key>path</key>
			<string>GHUITableViewTitleCell.h</string>
			<key>sourceTree</key>
			<string>&lt;group&gt;</string>
		</dict>
		<key>004A98EF18EA0F2300280D82</key>
		<dict>
			<key>fileEncoding</key>
			<string>4</string>
			<key>isa</key>
			<string>PBXFileReference</string>
			<key>lastKnownFileType</key>
			<string>sourcecode.c.objc</string>
			<key>path</key>
			<string>GHUITableViewTitleCell.m</string>
			<key>sourceTree</key>
			<string>&lt;group&gt;</string>
		</dict>
		<key>004A98F018EA0F2300280D82</key>
		<dict>
			<key>fileRef</key>
			<string>004A98EF18EA0F2300280D82</string>
			<key>isa</key>
			<string>PBXBuildFile</string>
		</dict>
		<key>004A98FD18EB3A4B00280D82</key>
		<dict>
			<key>fileEncoding</key>
			<string>4</string>
			<key>isa</key>
			<string>PBXFileReference</string>
			<key>lastKnownFileType</key>
			<string>sourcecode.c.h</string>
			<key>path</key>
			<string>GHUIContentView.h</string>
			<key>sourceTree</key>
			<string>&lt;group&gt;</string>
		</dict>
		<key>004A98FE18EB3A4B00280D82</key>
		<dict>
			<key>fileEncoding</key>
			<string>4</string>
			<key>isa</key>
			<string>PBXFileReference</string>
			<key>lastKnownFileType</key>
			<string>sourcecode.c.objc</string>
			<key>path</key>
			<string>GHUIContentView.m</string>
			<key>sourceTree</key>
			<string>&lt;group&gt;</string>
		</dict>
		<key>004A98FF18EB3A4B00280D82</key>
		<dict>
			<key>fileRef</key>
			<string>004A98FE18EB3A4B00280D82</string>
			<key>isa</key>
			<string>PBXBuildFile</string>
		</dict>
		<key>004CB3C318909A1100EFE8F7</key>
		<dict>
			<key>children</key>
			<array>
				<string>004CB3C418909A2A00EFE8F7</string>
				<string>004CB3C518909A2A00EFE8F7</string>
				<string>004CB3C718909A3A00EFE8F7</string>
				<string>004CB3C818909A3A00EFE8F7</string>
				<string>00F238931890A58F00EE58D9</string>
				<string>00F238941890A58F00EE58D9</string>
				<string>00AFEFAB18A5B6F90072632C</string>
				<string>00AFEFAC18A5B6F90072632C</string>
				<string>0001646B18DA12F400E590EB</string>
				<string>0001646C18DA12F400E590EB</string>
				<string>00E239FE19A3DD770099938D</string>
				<string>00E239FF19A3DD770099938D</string>
				<string>004CC31B19A2A4E100172456</string>
				<string>004CC31C19A2A4E100172456</string>
			</array>
			<key>isa</key>
			<string>PBXGroup</string>
			<key>path</key>
			<string>UITableView</string>
			<key>sourceTree</key>
			<string>&lt;group&gt;</string>
		</dict>
		<key>004CB3C418909A2A00EFE8F7</key>
		<dict>
			<key>fileEncoding</key>
			<string>4</string>
			<key>isa</key>
			<string>PBXFileReference</string>
			<key>lastKnownFileType</key>
			<string>sourcecode.c.h</string>
			<key>path</key>
			<string>GHUITableView.h</string>
			<key>sourceTree</key>
			<string>&lt;group&gt;</string>
		</dict>
		<key>004CB3C518909A2A00EFE8F7</key>
		<dict>
			<key>fileEncoding</key>
			<string>4</string>
			<key>isa</key>
			<string>PBXFileReference</string>
			<key>lastKnownFileType</key>
			<string>sourcecode.c.objc</string>
			<key>path</key>
			<string>GHUITableView.m</string>
			<key>sourceTree</key>
			<string>&lt;group&gt;</string>
		</dict>
		<key>004CB3C618909A2A00EFE8F7</key>
		<dict>
			<key>fileRef</key>
			<string>004CB3C518909A2A00EFE8F7</string>
			<key>isa</key>
			<string>PBXBuildFile</string>
		</dict>
		<key>004CB3C718909A3A00EFE8F7</key>
		<dict>
			<key>fileEncoding</key>
			<string>4</string>
			<key>isa</key>
			<string>PBXFileReference</string>
			<key>lastKnownFileType</key>
			<string>sourcecode.c.h</string>
			<key>path</key>
			<string>GHUITableViewDataSource.h</string>
			<key>sourceTree</key>
			<string>&lt;group&gt;</string>
		</dict>
		<key>004CB3C818909A3A00EFE8F7</key>
		<dict>
			<key>fileEncoding</key>
			<string>4</string>
			<key>isa</key>
			<string>PBXFileReference</string>
			<key>lastKnownFileType</key>
			<string>sourcecode.c.objc</string>
			<key>path</key>
			<string>GHUITableViewDataSource.m</string>
			<key>sourceTree</key>
			<string>&lt;group&gt;</string>
		</dict>
		<key>004CB3C918909A3A00EFE8F7</key>
		<dict>
			<key>fileRef</key>
			<string>004CB3C818909A3A00EFE8F7</string>
			<key>isa</key>
			<string>PBXBuildFile</string>
		</dict>
		<key>004CB3CA18909AED00EFE8F7</key>
		<dict>
			<key>fileEncoding</key>
			<string>4</string>
			<key>isa</key>
			<string>PBXFileReference</string>
			<key>lastKnownFileType</key>
			<string>sourcecode.c.h</string>
			<key>path</key>
			<string>GHUICellDataSource.h</string>
			<key>sourceTree</key>
			<string>&lt;group&gt;</string>
		</dict>
		<key>004CB3CB18909AED00EFE8F7</key>
		<dict>
			<key>fileEncoding</key>
			<string>4</string>
			<key>isa</key>
			<string>PBXFileReference</string>
			<key>lastKnownFileType</key>
			<string>sourcecode.c.objc</string>
			<key>path</key>
			<string>GHUICellDataSource.m</string>
			<key>sourceTree</key>
			<string>&lt;group&gt;</string>
		</dict>
		<key>004CB3CC18909AED00EFE8F7</key>
		<dict>
			<key>fileRef</key>
			<string>004CB3CB18909AED00EFE8F7</string>
			<key>isa</key>
			<string>PBXBuildFile</string>
		</dict>
		<key>004CC31B19A2A4E100172456</key>
		<dict>
			<key>fileEncoding</key>
			<string>4</string>
			<key>isa</key>
			<string>PBXFileReference</string>
			<key>lastKnownFileType</key>
			<string>sourcecode.c.h</string>
			<key>path</key>
			<string>GHUIYapTableViewDataSource.h</string>
			<key>sourceTree</key>
			<string>&lt;group&gt;</string>
		</dict>
		<key>004CC31C19A2A4E100172456</key>
		<dict>
			<key>fileEncoding</key>
			<string>4</string>
			<key>isa</key>
			<string>PBXFileReference</string>
			<key>lastKnownFileType</key>
			<string>sourcecode.c.objc</string>
			<key>path</key>
			<string>GHUIYapTableViewDataSource.m</string>
			<key>sourceTree</key>
			<string>&lt;group&gt;</string>
		</dict>
		<key>004CC31E19A2A6C300172456</key>
		<dict>
			<key>fileEncoding</key>
			<string>4</string>
			<key>isa</key>
			<string>PBXFileReference</string>
			<key>lastKnownFileType</key>
			<string>sourcecode.c.h</string>
			<key>path</key>
			<string>GHUIBaseCellDataSource.h</string>
			<key>sourceTree</key>
			<string>&lt;group&gt;</string>
		</dict>
		<key>004CC31F19A2A6C300172456</key>
		<dict>
			<key>fileEncoding</key>
			<string>4</string>
			<key>isa</key>
			<string>PBXFileReference</string>
			<key>lastKnownFileType</key>
			<string>sourcecode.c.objc</string>
			<key>path</key>
			<string>GHUIBaseCellDataSource.m</string>
			<key>sourceTree</key>
			<string>&lt;group&gt;</string>
		</dict>
		<key>004CC32019A2A6C300172456</key>
		<dict>
			<key>fileRef</key>
			<string>004CC31F19A2A6C300172456</string>
			<key>isa</key>
			<string>PBXBuildFile</string>
		</dict>
		<key>004CC32119A2AFA700172456</key>
		<dict>
			<key>fileRef</key>
			<string>004CC31C19A2A4E100172456</string>
			<key>isa</key>
			<string>PBXBuildFile</string>
		</dict>
		<key>0099324A181879BD00556ECC</key>
		<dict>
			<key>children</key>
			<array>
				<string>009932B61820691100556ECC</string>
				<string>009932B71820696E00556ECC</string>
				<string>00993258181879BD00556ECC</string>
				<string>00993255181879BD00556ECC</string>
				<string>00993254181879BD00556ECC</string>
				<string>CBBF10FC981075F921703669</string>
			</array>
			<key>isa</key>
			<string>PBXGroup</string>
			<key>sourceTree</key>
			<string>&lt;group&gt;</string>
		</dict>
		<key>0099324B181879BD00556ECC</key>
		<dict>
			<key>attributes</key>
			<dict>
				<key>LastUpgradeCheck</key>
				<string>0600</string>
				<key>ORGANIZATIONNAME</key>
				<string>Gabriel Handford</string>
			</dict>
			<key>buildConfigurationList</key>
			<string>0099324E181879BD00556ECC</string>
			<key>compatibilityVersion</key>
			<string>Xcode 3.2</string>
			<key>developmentRegion</key>
			<string>English</string>
			<key>hasScannedForEncodings</key>
			<string>0</string>
			<key>isa</key>
			<string>PBXProject</string>
			<key>knownRegions</key>
			<array>
				<string>en</string>
			</array>
			<key>mainGroup</key>
			<string>0099324A181879BD00556ECC</string>
			<key>productRefGroup</key>
			<string>00993254181879BD00556ECC</string>
			<key>projectDirPath</key>
			<string></string>
			<key>projectReferences</key>
			<array/>
			<key>projectRoot</key>
			<string></string>
			<key>targets</key>
			<array>
				<string>00993252181879BD00556ECC</string>
			</array>
		</dict>
		<key>0099324E181879BD00556ECC</key>
		<dict>
			<key>buildConfigurations</key>
			<array>
				<string>00993274181879BE00556ECC</string>
				<string>00993275181879BE00556ECC</string>
			</array>
			<key>defaultConfigurationIsVisible</key>
			<string>0</string>
			<key>defaultConfigurationName</key>
			<string>Release</string>
			<key>isa</key>
			<string>XCConfigurationList</string>
		</dict>
		<key>0099324F181879BD00556ECC</key>
		<dict>
			<key>buildActionMask</key>
			<string>2147483647</string>
			<key>files</key>
			<array>
				<string>001CF5DB18AC081500D830A2</string>
				<string>00307A4F1863C6DD00FA5977</string>
				<string>009932AE1820537000556ECC</string>
				<string>00C1D5E7182D95CA0080E2CF</string>
				<string>0099328218187BFE00556ECC</string>
				<string>0001647A18DA664000E590EB</string>
				<string>004A98F018EA0F2300280D82</string>
				<string>00E875EB192FBCB800946E4E</string>
				<string>004CB3CC18909AED00EFE8F7</string>
				<string>009932A818204F4B00556ECC</string>
				<string>001CF5F018AEE8C900D830A2</string>
				<string>00AFEFA618A5AA100072632C</string>
				<string>00C1D5F1183171E90080E2CF</string>
				<string>00E23A0019A3DD770099938D</string>
				<string>00C095121821D1CE00E37D61</string>
				<string>00F238951890A58F00EE58D9</string>
				<string>009932B51820571F00556ECC</string>
				<string>00AFEFBC18A5C19B0072632C</string>
				<string>004CB3C918909A3A00EFE8F7</string>
				<string>001CF5DF18AC26D800D830A2</string>
				<string>009932A118204D9100556ECC</string>
				<string>00AFEFBF18A5C4330072632C</string>
				<string>00EE07DF18A98B5A0061915F</string>
				<string>002ECB041868E4C5005523A6</string>
				<string>00A411C11829A16000C5A20F</string>
				<string>0001647D18DA66D600E590EB</string>
				<string>009932BA18206DFF00556ECC</string>
				<string>004CB3C618909A2A00EFE8F7</string>
				<string>00EE07DC18A97D4E0061915F</string>
				<string>0016114619B7DCC300816EB8</string>
				<string>004CC32119A2AFA700172456</string>
				<string>00A411BB182457CE00C5A20F</string>
				<string>004CC32019A2A6C300172456</string>
				<string>00A412021829D9CD00C5A20F</string>
				<string>0001646D18DA12F400E590EB</string>
				<string>00AFEFAD18A5B6F90072632C</string>
				<string>0099328F181ADDEB00556ECC</string>
				<string>00EF3D621835C52E00C6B5C0</string>
				<string>009932AB1820501800556ECC</string>
				<string>00EE07E818A9B9940061915F</string>
				<string>00AFEFA318A5A93A0072632C</string>
				<string>00E2B5FD18BBEFB200441C28</string>
				<string>004A98FF18EB3A4B00280D82</string>
				<string>00A411B8182445E200C5A20F</string>
				<string>00C0950E1821C64200E37D61</string>
				<string>00E1A6BC18230DD300BBDFBD</string>
			</array>
			<key>isa</key>
			<string>PBXSourcesBuildPhase</string>
			<key>runOnlyForDeploymentPostprocessing</key>
			<string>0</string>
		</dict>
		<key>00993250181879BD00556ECC</key>
		<dict>
			<key>buildActionMask</key>
			<string>2147483647</string>
			<key>files</key>
			<array>
				<string>0099328418187DBE00556ECC</string>
				<string>00993257181879BD00556ECC</string>
				<string>CEB2341B467542B980EEF5F6</string>
			</array>
			<key>isa</key>
			<string>PBXFrameworksBuildPhase</string>
			<key>runOnlyForDeploymentPostprocessing</key>
			<string>0</string>
		</dict>
		<key>00993251181879BD00556ECC</key>
		<dict>
			<key>buildActionMask</key>
			<string>2147483647</string>
			<key>dstPath</key>
			<string>include/$(PRODUCT_NAME)</string>
			<key>dstSubfolderSpec</key>
			<string>16</string>
			<key>files</key>
			<array>
				<string>0099325C181879BD00556ECC</string>
			</array>
			<key>isa</key>
			<string>PBXCopyFilesBuildPhase</string>
			<key>runOnlyForDeploymentPostprocessing</key>
			<string>0</string>
		</dict>
		<key>00993252181879BD00556ECC</key>
		<dict>
			<key>buildConfigurationList</key>
			<string>00993276181879BE00556ECC</string>
			<key>buildPhases</key>
			<array>
				<string>FB88F8DBD0204C1E9FC95343</string>
				<string>0099324F181879BD00556ECC</string>
				<string>00993250181879BD00556ECC</string>
				<string>00993251181879BD00556ECC</string>
				<string>F846BB60569348B8BB13386B</string>
			</array>
			<key>buildRules</key>
			<array/>
			<key>dependencies</key>
			<array/>
			<key>isa</key>
			<string>PBXNativeTarget</string>
			<key>name</key>
			<string>GHUIKit</string>
			<key>productName</key>
			<string>GHUIKit</string>
			<key>productReference</key>
			<string>00993253181879BD00556ECC</string>
			<key>productType</key>
			<string>com.apple.product-type.library.static</string>
		</dict>
		<key>00993253181879BD00556ECC</key>
		<dict>
			<key>explicitFileType</key>
			<string>archive.ar</string>
			<key>includeInIndex</key>
			<string>0</string>
			<key>isa</key>
			<string>PBXFileReference</string>
			<key>path</key>
			<string>libGHUIKit.a</string>
			<key>sourceTree</key>
			<string>BUILT_PRODUCTS_DIR</string>
		</dict>
		<key>00993254181879BD00556ECC</key>
		<dict>
			<key>children</key>
			<array>
				<string>00993253181879BD00556ECC</string>
			</array>
			<key>isa</key>
			<string>PBXGroup</string>
			<key>name</key>
			<string>Products</string>
			<key>sourceTree</key>
			<string>&lt;group&gt;</string>
		</dict>
		<key>00993255181879BD00556ECC</key>
		<dict>
			<key>children</key>
			<array>
				<string>0099328318187DBE00556ECC</string>
				<string>00993256181879BD00556ECC</string>
				<string>5E609F41752043869A0ED942</string>
				<string>00A411D21829D6EA00C5A20F</string>
			</array>
			<key>isa</key>
			<string>PBXGroup</string>
			<key>name</key>
			<string>Frameworks</string>
			<key>sourceTree</key>
			<string>&lt;group&gt;</string>
		</dict>
		<key>00993256181879BD00556ECC</key>
		<dict>
			<key>isa</key>
			<string>PBXFileReference</string>
			<key>lastKnownFileType</key>
			<string>wrapper.framework</string>
			<key>name</key>
			<string>Foundation.framework</string>
			<key>path</key>
			<string>System/Library/Frameworks/Foundation.framework</string>
			<key>sourceTree</key>
			<string>SDKROOT</string>
		</dict>
		<key>00993257181879BD00556ECC</key>
		<dict>
			<key>fileRef</key>
			<string>00993256181879BD00556ECC</string>
			<key>isa</key>
			<string>PBXBuildFile</string>
		</dict>
		<key>00993258181879BD00556ECC</key>
		<dict>
			<key>children</key>
			<array>
				<string>0099325B181879BD00556ECC</string>
				<string>0099328A1819A68A00556ECC</string>
				<string>00A411BF1829A16000C5A20F</string>
				<string>00A411C01829A16000C5A20F</string>
				<string>0099327F18187BFE00556ECC</string>
				<string>004CB3C318909A1100EFE8F7</string>
				<string>004A98ED18EA0F0600280D82</string>
				<string>0099329E18204D8600556ECC</string>
				<string>001CF5DC18AC26C300D830A2</string>
				<string>009932B21820570F00556ECC</string>
				<string>009932A518204F3200556ECC</string>
				<string>00C0950B1821C63200E37D61</string>
				<string>00C0950F1821D1B500E37D61</string>
				<string>00E1A6B918230DB100BBDFBD</string>
				<string>00A411B5182445D400C5A20F</string>
				<string>00A411FF1829D9AF00C5A20F</string>
				<string>00C1D5E4182D95BC0080E2CF</string>
				<string>00993259181879BD00556ECC</string>
				<string>00C1D5E8183171160080E2CF</string>
				<string>0001647718DA65FC00E590EB</string>
				<string>00307A4C1863C6CD00FA5977</string>
			</array>
			<key>isa</key>
			<string>PBXGroup</string>
			<key>path</key>
			<string>GHUIKit</string>
			<key>sourceTree</key>
			<string>&lt;group&gt;</string>
		</dict>
		<key>00993259181879BD00556ECC</key>
		<dict>
			<key>children</key>
			<array>
				<string>0099325A181879BD00556ECC</string>
			</array>
			<key>isa</key>
			<string>PBXGroup</string>
			<key>name</key>
			<string>Supporting Files</string>
			<key>sourceTree</key>
			<string>&lt;group&gt;</string>
		</dict>
		<key>0099325A181879BD00556ECC</key>
		<dict>
			<key>isa</key>
			<string>PBXFileReference</string>
			<key>lastKnownFileType</key>
			<string>sourcecode.c.h</string>
			<key>path</key>
			<string>GHUIKit-Prefix.pch</string>
			<key>sourceTree</key>
			<string>&lt;group&gt;</string>
		</dict>
		<key>0099325B181879BD00556ECC</key>
		<dict>
			<key>isa</key>
			<string>PBXFileReference</string>
			<key>lastKnownFileType</key>
			<string>sourcecode.c.h</string>
			<key>path</key>
			<string>GHUIKit.h</string>
			<key>sourceTree</key>
			<string>&lt;group&gt;</string>
		</dict>
		<key>0099325C181879BD00556ECC</key>
		<dict>
			<key>fileRef</key>
			<string>0099325B181879BD00556ECC</string>
			<key>isa</key>
			<string>PBXBuildFile</string>
		</dict>
		<key>00993274181879BE00556ECC</key>
		<dict>
			<key>buildSettings</key>
			<dict>
				<key>ALWAYS_SEARCH_USER_PATHS</key>
				<string>NO</string>
				<key>CLANG_CXX_LANGUAGE_STANDARD</key>
				<string>gnu++0x</string>
				<key>CLANG_CXX_LIBRARY</key>
				<string>libc++</string>
				<key>CLANG_ENABLE_MODULES</key>
				<string>YES</string>
				<key>CLANG_ENABLE_OBJC_ARC</key>
				<string>YES</string>
				<key>CLANG_WARN_BOOL_CONVERSION</key>
				<string>YES</string>
				<key>CLANG_WARN_CONSTANT_CONVERSION</key>
				<string>YES</string>
				<key>CLANG_WARN_DIRECT_OBJC_ISA_USAGE</key>
				<string>YES_ERROR</string>
				<key>CLANG_WARN_EMPTY_BODY</key>
				<string>YES</string>
				<key>CLANG_WARN_ENUM_CONVERSION</key>
				<string>YES</string>
				<key>CLANG_WARN_INT_CONVERSION</key>
				<string>YES</string>
				<key>CLANG_WARN_OBJC_ROOT_CLASS</key>
				<string>YES_ERROR</string>
				<key>CLANG_WARN__DUPLICATE_METHOD_MATCH</key>
				<string>YES</string>
				<key>COPY_PHASE_STRIP</key>
				<string>NO</string>
				<key>GCC_C_LANGUAGE_STANDARD</key>
				<string>gnu99</string>
				<key>GCC_DYNAMIC_NO_PIC</key>
				<string>NO</string>
				<key>GCC_OPTIMIZATION_LEVEL</key>
				<string>0</string>
				<key>GCC_PREPROCESSOR_DEFINITIONS</key>
				<array>
					<string>DEBUG=1</string>
					<string>$(inherited)</string>
				</array>
				<key>GCC_SYMBOLS_PRIVATE_EXTERN</key>
				<string>NO</string>
				<key>GCC_WARN_64_TO_32_BIT_CONVERSION</key>
				<string>YES</string>
				<key>GCC_WARN_ABOUT_RETURN_TYPE</key>
				<string>YES_ERROR</string>
				<key>GCC_WARN_UNDECLARED_SELECTOR</key>
				<string>YES</string>
				<key>GCC_WARN_UNINITIALIZED_AUTOS</key>
				<string>YES</string>
				<key>GCC_WARN_UNUSED_FUNCTION</key>
				<string>YES</string>
				<key>GCC_WARN_UNUSED_VARIABLE</key>
				<string>YES</string>
				<key>IPHONEOS_DEPLOYMENT_TARGET</key>
				<string>7.0</string>
				<key>ONLY_ACTIVE_ARCH</key>
				<string>YES</string>
				<key>SDKROOT</key>
				<string>iphoneos</string>
			</dict>
			<key>isa</key>
			<string>XCBuildConfiguration</string>
			<key>name</key>
			<string>Debug</string>
		</dict>
		<key>00993275181879BE00556ECC</key>
		<dict>
			<key>buildSettings</key>
			<dict>
				<key>ALWAYS_SEARCH_USER_PATHS</key>
				<string>NO</string>
				<key>CLANG_CXX_LANGUAGE_STANDARD</key>
				<string>gnu++0x</string>
				<key>CLANG_CXX_LIBRARY</key>
				<string>libc++</string>
				<key>CLANG_ENABLE_MODULES</key>
				<string>YES</string>
				<key>CLANG_ENABLE_OBJC_ARC</key>
				<string>YES</string>
				<key>CLANG_WARN_BOOL_CONVERSION</key>
				<string>YES</string>
				<key>CLANG_WARN_CONSTANT_CONVERSION</key>
				<string>YES</string>
				<key>CLANG_WARN_DIRECT_OBJC_ISA_USAGE</key>
				<string>YES_ERROR</string>
				<key>CLANG_WARN_EMPTY_BODY</key>
				<string>YES</string>
				<key>CLANG_WARN_ENUM_CONVERSION</key>
				<string>YES</string>
				<key>CLANG_WARN_INT_CONVERSION</key>
				<string>YES</string>
				<key>CLANG_WARN_OBJC_ROOT_CLASS</key>
				<string>YES_ERROR</string>
				<key>CLANG_WARN__DUPLICATE_METHOD_MATCH</key>
				<string>YES</string>
				<key>COPY_PHASE_STRIP</key>
				<string>YES</string>
				<key>ENABLE_NS_ASSERTIONS</key>
				<string>NO</string>
				<key>GCC_C_LANGUAGE_STANDARD</key>
				<string>gnu99</string>
				<key>GCC_WARN_64_TO_32_BIT_CONVERSION</key>
				<string>YES</string>
				<key>GCC_WARN_ABOUT_RETURN_TYPE</key>
				<string>YES_ERROR</string>
				<key>GCC_WARN_UNDECLARED_SELECTOR</key>
				<string>YES</string>
				<key>GCC_WARN_UNINITIALIZED_AUTOS</key>
				<string>YES</string>
				<key>GCC_WARN_UNUSED_FUNCTION</key>
				<string>YES</string>
				<key>GCC_WARN_UNUSED_VARIABLE</key>
				<string>YES</string>
				<key>IPHONEOS_DEPLOYMENT_TARGET</key>
				<string>7.0</string>
				<key>SDKROOT</key>
				<string>iphoneos</string>
				<key>VALIDATE_PRODUCT</key>
				<string>YES</string>
			</dict>
			<key>isa</key>
			<string>XCBuildConfiguration</string>
			<key>name</key>
			<string>Release</string>
		</dict>
		<key>00993276181879BE00556ECC</key>
		<dict>
			<key>buildConfigurations</key>
			<array>
				<string>00993277181879BE00556ECC</string>
				<string>00993278181879BE00556ECC</string>
			</array>
			<key>defaultConfigurationIsVisible</key>
			<string>0</string>
			<key>defaultConfigurationName</key>
			<string>Release</string>
			<key>isa</key>
			<string>XCConfigurationList</string>
		</dict>
		<key>00993277181879BE00556ECC</key>
		<dict>
			<key>baseConfigurationReference</key>
			<string>2090F3423E82FE188EE4E3C1</string>
			<key>buildSettings</key>
			<dict>
				<key>DSTROOT</key>
				<string>/tmp/GHUIKit.dst</string>
				<key>GCC_PRECOMPILE_PREFIX_HEADER</key>
				<string>YES</string>
				<key>GCC_PREFIX_HEADER</key>
				<string>GHUIKit/GHUIKit-Prefix.pch</string>
				<key>PRODUCT_NAME</key>
				<string>$(TARGET_NAME)</string>
				<key>SKIP_INSTALL</key>
				<string>YES</string>
			</dict>
			<key>isa</key>
			<string>XCBuildConfiguration</string>
			<key>name</key>
			<string>Debug</string>
		</dict>
		<key>00993278181879BE00556ECC</key>
		<dict>
			<key>baseConfigurationReference</key>
			<string>8BB0EFC4790EB4AA079D5661</string>
			<key>buildSettings</key>
			<dict>
				<key>DSTROOT</key>
				<string>/tmp/GHUIKit.dst</string>
				<key>GCC_PRECOMPILE_PREFIX_HEADER</key>
				<string>YES</string>
				<key>GCC_PREFIX_HEADER</key>
				<string>GHUIKit/GHUIKit-Prefix.pch</string>
				<key>PRODUCT_NAME</key>
				<string>$(TARGET_NAME)</string>
				<key>SKIP_INSTALL</key>
				<string>YES</string>
			</dict>
			<key>isa</key>
			<string>XCBuildConfiguration</string>
			<key>name</key>
			<string>Release</string>
		</dict>
		<key>0099327F18187BFE00556ECC</key>
		<dict>
			<key>children</key>
			<array>
				<string>0099328018187BFE00556ECC</string>
				<string>0099328118187BFE00556ECC</string>
				<string>0099328D181ADDEB00556ECC</string>
				<string>0099328E181ADDEB00556ECC</string>
				<string>00A411B9182457CE00C5A20F</string>
				<string>00A411BA182457CE00C5A20F</string>
				<string>00EF3D601835C52E00C6B5C0</string>
				<string>00EF3D611835C52E00C6B5C0</string>
				<string>004CC31E19A2A6C300172456</string>
				<string>004CC31F19A2A6C300172456</string>
				<string>004CB3CA18909AED00EFE8F7</string>
				<string>004CB3CB18909AED00EFE8F7</string>
			</array>
			<key>isa</key>
			<string>PBXGroup</string>
			<key>path</key>
			<string>UICollectionView</string>
			<key>sourceTree</key>
			<string>&lt;group&gt;</string>
		</dict>
		<key>0099328018187BFE00556ECC</key>
		<dict>
			<key>fileEncoding</key>
			<string>4</string>
			<key>isa</key>
			<string>PBXFileReference</string>
			<key>lastKnownFileType</key>
			<string>sourcecode.c.h</string>
			<key>path</key>
			<string>GHUICollectionView.h</string>
			<key>sourceTree</key>
			<string>&lt;group&gt;</string>
		</dict>
		<key>0099328118187BFE00556ECC</key>
		<dict>
			<key>fileEncoding</key>
			<string>4</string>
			<key>isa</key>
			<string>PBXFileReference</string>
			<key>lastKnownFileType</key>
			<string>sourcecode.c.objc</string>
			<key>path</key>
			<string>GHUICollectionView.m</string>
			<key>sourceTree</key>
			<string>&lt;group&gt;</string>
		</dict>
		<key>0099328218187BFE00556ECC</key>
		<dict>
			<key>fileRef</key>
			<string>0099328118187BFE00556ECC</string>
			<key>isa</key>
			<string>PBXBuildFile</string>
		</dict>
		<key>0099328318187DBE00556ECC</key>
		<dict>
			<key>isa</key>
			<string>PBXFileReference</string>
			<key>lastKnownFileType</key>
			<string>wrapper.framework</string>
			<key>name</key>
			<string>UIKit.framework</string>
			<key>path</key>
			<string>System/Library/Frameworks/UIKit.framework</string>
			<key>sourceTree</key>
			<string>SDKROOT</string>
		</dict>
		<key>0099328418187DBE00556ECC</key>
		<dict>
			<key>fileRef</key>
			<string>0099328318187DBE00556ECC</string>
			<key>isa</key>
			<string>PBXBuildFile</string>
		</dict>
		<key>0099328A1819A68A00556ECC</key>
		<dict>
			<key>fileEncoding</key>
			<string>4</string>
			<key>isa</key>
			<string>PBXFileReference</string>
			<key>lastKnownFileType</key>
			<string>sourcecode.c.h</string>
			<key>path</key>
			<string>GHUIDefines.h</string>
			<key>sourceTree</key>
			<string>&lt;group&gt;</string>
		</dict>
		<key>0099328D181ADDEB00556ECC</key>
		<dict>
			<key>fileEncoding</key>
			<string>4</string>
			<key>isa</key>
			<string>PBXFileReference</string>
			<key>lastKnownFileType</key>
			<string>sourcecode.c.h</string>
			<key>path</key>
			<string>GHUICollectionViewCell.h</string>
			<key>sourceTree</key>
			<string>&lt;group&gt;</string>
		</dict>
		<key>0099328E181ADDEB00556ECC</key>
		<dict>
			<key>fileEncoding</key>
			<string>4</string>
			<key>isa</key>
			<string>PBXFileReference</string>
			<key>lastKnownFileType</key>
			<string>sourcecode.c.objc</string>
			<key>path</key>
			<string>GHUICollectionViewCell.m</string>
			<key>sourceTree</key>
			<string>&lt;group&gt;</string>
		</dict>
		<key>0099328F181ADDEB00556ECC</key>
		<dict>
			<key>fileRef</key>
			<string>0099328E181ADDEB00556ECC</string>
			<key>isa</key>
			<string>PBXBuildFile</string>
		</dict>
		<key>0099329E18204D8600556ECC</key>
		<dict>
			<key>children</key>
			<array>
				<string>0099329F18204D9100556ECC</string>
				<string>009932A018204D9100556ECC</string>
				<string>004A98FD18EB3A4B00280D82</string>
				<string>004A98FE18EB3A4B00280D82</string>
				<string>009932AC1820537000556ECC</string>
				<string>009932AD1820537000556ECC</string>
				<string>002ECB021868E4C5005523A6</string>
				<string>002ECB031868E4C5005523A6</string>
				<string>00E875E9192FBCB800946E4E</string>
				<string>00E875EA192FBCB800946E4E</string>
			</array>
			<key>isa</key>
			<string>PBXGroup</string>
			<key>path</key>
			<string>UIView</string>
			<key>sourceTree</key>
			<string>&lt;group&gt;</string>
		</dict>
		<key>0099329F18204D9100556ECC</key>
		<dict>
			<key>fileEncoding</key>
			<string>4</string>
			<key>isa</key>
			<string>PBXFileReference</string>
			<key>lastKnownFileType</key>
			<string>sourcecode.c.h</string>
			<key>path</key>
			<string>GHUIView.h</string>
			<key>sourceTree</key>
			<string>&lt;group&gt;</string>
		</dict>
		<key>009932A018204D9100556ECC</key>
		<dict>
			<key>fileEncoding</key>
			<string>4</string>
			<key>isa</key>
			<string>PBXFileReference</string>
			<key>lastKnownFileType</key>
			<string>sourcecode.c.objc</string>
			<key>path</key>
			<string>GHUIView.m</string>
			<key>sourceTree</key>
			<string>&lt;group&gt;</string>
		</dict>
		<key>009932A118204D9100556ECC</key>
		<dict>
			<key>fileRef</key>
			<string>009932A018204D9100556ECC</string>
			<key>isa</key>
			<string>PBXBuildFile</string>
		</dict>
		<key>009932A518204F3200556ECC</key>
		<dict>
			<key>children</key>
			<array>
				<string>009932A91820501800556ECC</string>
				<string>009932AA1820501800556ECC</string>
				<string>009932A618204F4B00556ECC</string>
				<string>009932A718204F4B00556ECC</string>
				<string>009932B818206DFF00556ECC</string>
				<string>009932B918206DFF00556ECC</string>
			</array>
			<key>isa</key>
			<string>PBXGroup</string>
			<key>path</key>
			<string>UIButton</string>
			<key>sourceTree</key>
			<string>&lt;group&gt;</string>
		</dict>
		<key>009932A618204F4B00556ECC</key>
		<dict>
			<key>fileEncoding</key>
			<string>4</string>
			<key>isa</key>
			<string>PBXFileReference</string>
			<key>lastKnownFileType</key>
			<string>sourcecode.c.h</string>
			<key>path</key>
			<string>GHUIButton.h</string>
			<key>sourceTree</key>
			<string>&lt;group&gt;</string>
		</dict>
		<key>009932A718204F4B00556ECC</key>
		<dict>
			<key>fileEncoding</key>
			<string>4</string>
			<key>isa</key>
			<string>PBXFileReference</string>
			<key>lastKnownFileType</key>
			<string>sourcecode.c.objc</string>
			<key>path</key>
			<string>GHUIButton.m</string>
			<key>sourceTree</key>
			<string>&lt;group&gt;</string>
		</dict>
		<key>009932A818204F4B00556ECC</key>
		<dict>
			<key>fileRef</key>
			<string>009932A718204F4B00556ECC</string>
			<key>isa</key>
			<string>PBXBuildFile</string>
		</dict>
		<key>009932A91820501800556ECC</key>
		<dict>
			<key>fileEncoding</key>
			<string>4</string>
			<key>isa</key>
			<string>PBXFileReference</string>
			<key>lastKnownFileType</key>
			<string>sourcecode.c.h</string>
			<key>path</key>
			<string>GHUIControl.h</string>
			<key>sourceTree</key>
			<string>&lt;group&gt;</string>
		</dict>
		<key>009932AA1820501800556ECC</key>
		<dict>
			<key>fileEncoding</key>
			<string>4</string>
			<key>isa</key>
			<string>PBXFileReference</string>
			<key>lastKnownFileType</key>
			<string>sourcecode.c.objc</string>
			<key>path</key>
			<string>GHUIControl.m</string>
			<key>sourceTree</key>
			<string>&lt;group&gt;</string>
		</dict>
		<key>009932AB1820501800556ECC</key>
		<dict>
			<key>fileRef</key>
			<string>009932AA1820501800556ECC</string>
			<key>isa</key>
			<string>PBXBuildFile</string>
		</dict>
		<key>009932AC1820537000556ECC</key>
		<dict>
			<key>fileEncoding</key>
			<string>4</string>
			<key>isa</key>
			<string>PBXFileReference</string>
			<key>lastKnownFileType</key>
			<string>sourcecode.c.h</string>
			<key>path</key>
			<string>GHLayout.h</string>
			<key>sourceTree</key>
			<string>&lt;group&gt;</string>
		</dict>
		<key>009932AD1820537000556ECC</key>
		<dict>
			<key>fileEncoding</key>
			<string>4</string>
			<key>isa</key>
			<string>PBXFileReference</string>
			<key>lastKnownFileType</key>
			<string>sourcecode.c.objc</string>
			<key>path</key>
			<string>GHLayout.m</string>
			<key>sourceTree</key>
			<string>&lt;group&gt;</string>
		</dict>
		<key>009932AE1820537000556ECC</key>
		<dict>
			<key>fileRef</key>
			<string>009932AD1820537000556ECC</string>
			<key>isa</key>
			<string>PBXBuildFile</string>
		</dict>
		<key>009932B21820570F00556ECC</key>
		<dict>
			<key>children</key>
			<array>
				<string>009932B31820571F00556ECC</string>
				<string>009932B41820571F00556ECC</string>
			</array>
			<key>isa</key>
			<string>PBXGroup</string>
			<key>path</key>
			<string>UINavigationBar</string>
			<key>sourceTree</key>
			<string>&lt;group&gt;</string>
		</dict>
		<key>009932B31820571F00556ECC</key>
		<dict>
			<key>fileEncoding</key>
			<string>4</string>
			<key>isa</key>
			<string>PBXFileReference</string>
			<key>lastKnownFileType</key>
			<string>sourcecode.c.h</string>
			<key>path</key>
			<string>GHUINavigationBar.h</string>
			<key>sourceTree</key>
			<string>&lt;group&gt;</string>
		</dict>
		<key>009932B41820571F00556ECC</key>
		<dict>
			<key>fileEncoding</key>
			<string>4</string>
			<key>isa</key>
			<string>PBXFileReference</string>
			<key>lastKnownFileType</key>
			<string>sourcecode.c.objc</string>
			<key>path</key>
			<string>GHUINavigationBar.m</string>
			<key>sourceTree</key>
			<string>&lt;group&gt;</string>
		</dict>
		<key>009932B51820571F00556ECC</key>
		<dict>
			<key>fileRef</key>
			<string>009932B41820571F00556ECC</string>
			<key>isa</key>
			<string>PBXBuildFile</string>
		</dict>
		<key>009932B61820691100556ECC</key>
		<dict>
			<key>isa</key>
			<string>PBXFileReference</string>
			<key>lastKnownFileType</key>
			<string>text</string>
			<key>path</key>
			<string>Podfile</string>
			<key>sourceTree</key>
			<string>&lt;group&gt;</string>
			<key>xcLanguageSpecificationIdentifier</key>
			<string>xcode.lang.ruby</string>
		</dict>
		<key>009932B71820696E00556ECC</key>
		<dict>
			<key>isa</key>
			<string>PBXFileReference</string>
			<key>lastKnownFileType</key>
			<string>text</string>
			<key>path</key>
			<string>GHUIKit.podspec</string>
			<key>sourceTree</key>
			<string>&lt;group&gt;</string>
		</dict>
		<key>009932B818206DFF00556ECC</key>
		<dict>
			<key>fileEncoding</key>
			<string>4</string>
			<key>isa</key>
			<string>PBXFileReference</string>
			<key>lastKnownFileType</key>
			<string>sourcecode.c.h</string>
			<key>path</key>
			<string>GHUISwitchButton.h</string>
			<key>sourceTree</key>
			<string>&lt;group&gt;</string>
		</dict>
		<key>009932B918206DFF00556ECC</key>
		<dict>
			<key>fileEncoding</key>
			<string>4</string>
			<key>isa</key>
			<string>PBXFileReference</string>
			<key>lastKnownFileType</key>
			<string>sourcecode.c.objc</string>
			<key>path</key>
			<string>GHUISwitchButton.m</string>
			<key>sourceTree</key>
			<string>&lt;group&gt;</string>
		</dict>
		<key>009932BA18206DFF00556ECC</key>
		<dict>
			<key>fileRef</key>
			<string>009932B918206DFF00556ECC</string>
			<key>isa</key>
			<string>PBXBuildFile</string>
		</dict>
		<key>00A411B5182445D400C5A20F</key>
		<dict>
			<key>children</key>
			<array>
				<string>00A411B6182445E200C5A20F</string>
				<string>00A411B7182445E200C5A20F</string>
			</array>
			<key>isa</key>
			<string>PBXGroup</string>
			<key>path</key>
			<string>UIImageView</string>
			<key>sourceTree</key>
			<string>&lt;group&gt;</string>
		</dict>
		<key>00A411B6182445E200C5A20F</key>
		<dict>
			<key>fileEncoding</key>
			<string>4</string>
			<key>isa</key>
			<string>PBXFileReference</string>
			<key>lastKnownFileType</key>
			<string>sourcecode.c.h</string>
			<key>path</key>
			<string>GHUIImageView.h</string>
			<key>sourceTree</key>
			<string>&lt;group&gt;</string>
		</dict>
		<key>00A411B7182445E200C5A20F</key>
		<dict>
			<key>fileEncoding</key>
			<string>4</string>
			<key>isa</key>
			<string>PBXFileReference</string>
			<key>lastKnownFileType</key>
			<string>sourcecode.c.objc</string>
			<key>path</key>
			<string>GHUIImageView.m</string>
			<key>sourceTree</key>
			<string>&lt;group&gt;</string>
		</dict>
		<key>00A411B8182445E200C5A20F</key>
		<dict>
			<key>fileRef</key>
			<string>00A411B7182445E200C5A20F</string>
			<key>isa</key>
			<string>PBXBuildFile</string>
		</dict>
		<key>00A411B9182457CE00C5A20F</key>
		<dict>
			<key>fileEncoding</key>
			<string>4</string>
			<key>isa</key>
			<string>PBXFileReference</string>
			<key>lastKnownFileType</key>
			<string>sourcecode.c.h</string>
			<key>path</key>
			<string>GHUICollectionViewDataSource.h</string>
			<key>sourceTree</key>
			<string>&lt;group&gt;</string>
		</dict>
		<key>00A411BA182457CE00C5A20F</key>
		<dict>
			<key>fileEncoding</key>
			<string>4</string>
			<key>isa</key>
			<string>PBXFileReference</string>
			<key>lastKnownFileType</key>
			<string>sourcecode.c.objc</string>
			<key>path</key>
			<string>GHUICollectionViewDataSource.m</string>
			<key>sourceTree</key>
			<string>&lt;group&gt;</string>
		</dict>
		<key>00A411BB182457CE00C5A20F</key>
		<dict>
			<key>fileRef</key>
			<string>00A411BA182457CE00C5A20F</string>
			<key>isa</key>
			<string>PBXBuildFile</string>
		</dict>
		<key>00A411BF1829A16000C5A20F</key>
		<dict>
			<key>fileEncoding</key>
			<string>4</string>
			<key>isa</key>
			<string>PBXFileReference</string>
			<key>lastKnownFileType</key>
			<string>sourcecode.c.h</string>
			<key>path</key>
			<string>GHUIUtils.h</string>
			<key>sourceTree</key>
			<string>&lt;group&gt;</string>
		</dict>
		<key>00A411C01829A16000C5A20F</key>
		<dict>
			<key>fileEncoding</key>
			<string>4</string>
			<key>isa</key>
			<string>PBXFileReference</string>
			<key>lastKnownFileType</key>
			<string>sourcecode.c.objc</string>
			<key>path</key>
			<string>GHUIUtils.m</string>
			<key>sourceTree</key>
			<string>&lt;group&gt;</string>
		</dict>
		<key>00A411C11829A16000C5A20F</key>
		<dict>
			<key>fileRef</key>
			<string>00A411C01829A16000C5A20F</string>
			<key>isa</key>
			<string>PBXBuildFile</string>
		</dict>
		<key>00A411D21829D6EA00C5A20F</key>
		<dict>
			<key>isa</key>
			<string>PBXFileReference</string>
			<key>lastKnownFileType</key>
			<string>wrapper.framework</string>
			<key>name</key>
			<string>CoreGraphics.framework</string>
			<key>path</key>
			<string>System/Library/Frameworks/CoreGraphics.framework</string>
			<key>sourceTree</key>
			<string>SDKROOT</string>
		</dict>
		<key>00A411FF1829D9AF00C5A20F</key>
		<dict>
			<key>children</key>
			<array>
				<string>00A412001829D9CD00C5A20F</string>
				<string>00A412011829D9CD00C5A20F</string>
			</array>
			<key>isa</key>
			<string>PBXGroup</string>
			<key>path</key>
			<string>UIListView</string>
			<key>sourceTree</key>
			<string>&lt;group&gt;</string>
		</dict>
		<key>00A412001829D9CD00C5A20F</key>
		<dict>
			<key>fileEncoding</key>
			<string>4</string>
			<key>isa</key>
			<string>PBXFileReference</string>
			<key>lastKnownFileType</key>
			<string>sourcecode.c.h</string>
			<key>path</key>
			<string>GHUIListView.h</string>
			<key>sourceTree</key>
			<string>&lt;group&gt;</string>
		</dict>
		<key>00A412011829D9CD00C5A20F</key>
		<dict>
			<key>fileEncoding</key>
			<string>4</string>
			<key>isa</key>
			<string>PBXFileReference</string>
			<key>lastKnownFileType</key>
			<string>sourcecode.c.objc</string>
			<key>path</key>
			<string>GHUIListView.m</string>
			<key>sourceTree</key>
			<string>&lt;group&gt;</string>
		</dict>
		<key>00A412021829D9CD00C5A20F</key>
		<dict>
			<key>fileRef</key>
			<string>00A412011829D9CD00C5A20F</string>
			<key>isa</key>
			<string>PBXBuildFile</string>
		</dict>
		<key>00AFEFA118A5A93A0072632C</key>
		<dict>
			<key>fileEncoding</key>
			<string>4</string>
			<key>isa</key>
			<string>PBXFileReference</string>
			<key>lastKnownFileType</key>
			<string>sourcecode.c.h</string>
			<key>path</key>
			<string>GHUIViewControllerAnimation.h</string>
			<key>sourceTree</key>
			<string>&lt;group&gt;</string>
		</dict>
		<key>00AFEFA218A5A93A0072632C</key>
		<dict>
			<key>fileEncoding</key>
			<string>4</string>
			<key>isa</key>
			<string>PBXFileReference</string>
			<key>lastKnownFileType</key>
			<string>sourcecode.c.objc</string>
			<key>path</key>
			<string>GHUIViewControllerAnimation.m</string>
			<key>sourceTree</key>
			<string>&lt;group&gt;</string>
		</dict>
		<key>00AFEFA318A5A93A0072632C</key>
		<dict>
			<key>fileRef</key>
			<string>00AFEFA218A5A93A0072632C</string>
			<key>isa</key>
			<string>PBXBuildFile</string>
		</dict>
		<key>00AFEFA418A5AA100072632C</key>
		<dict>
			<key>fileEncoding</key>
			<string>4</string>
			<key>isa</key>
			<string>PBXFileReference</string>
			<key>lastKnownFileType</key>
			<string>sourcecode.c.h</string>
			<key>path</key>
			<string>GHUIViewControllerDropUp.h</string>
			<key>sourceTree</key>
			<string>&lt;group&gt;</string>
		</dict>
		<key>00AFEFA518A5AA100072632C</key>
		<dict>
			<key>fileEncoding</key>
			<string>4</string>
			<key>isa</key>
			<string>PBXFileReference</string>
			<key>lastKnownFileType</key>
			<string>sourcecode.c.objc</string>
			<key>path</key>
			<string>GHUIViewControllerDropUp.m</string>
			<key>sourceTree</key>
			<string>&lt;group&gt;</string>
		</dict>
		<key>00AFEFA618A5AA100072632C</key>
		<dict>
			<key>fileRef</key>
			<string>00AFEFA518A5AA100072632C</string>
			<key>isa</key>
			<string>PBXBuildFile</string>
		</dict>
		<key>00AFEFAB18A5B6F90072632C</key>
		<dict>
			<key>fileEncoding</key>
			<string>4</string>
			<key>isa</key>
			<string>PBXFileReference</string>
			<key>lastKnownFileType</key>
			<string>sourcecode.c.h</string>
			<key>path</key>
			<string>GHUITableViewDetailCell.h</string>
			<key>sourceTree</key>
			<string>&lt;group&gt;</string>
		</dict>
		<key>00AFEFAC18A5B6F90072632C</key>
		<dict>
			<key>fileEncoding</key>
			<string>4</string>
			<key>isa</key>
			<string>PBXFileReference</string>
			<key>lastKnownFileType</key>
			<string>sourcecode.c.objc</string>
			<key>path</key>
			<string>GHUITableViewDetailCell.m</string>
			<key>sourceTree</key>
			<string>&lt;group&gt;</string>
		</dict>
		<key>00AFEFAD18A5B6F90072632C</key>
		<dict>
			<key>fileRef</key>
			<string>00AFEFAC18A5B6F90072632C</string>
			<key>isa</key>
			<string>PBXBuildFile</string>
		</dict>
		<key>00AFEFBA18A5C19B0072632C</key>
		<dict>
			<key>fileEncoding</key>
			<string>4</string>
			<key>isa</key>
			<string>PBXFileReference</string>
			<key>lastKnownFileType</key>
			<string>sourcecode.c.h</string>
			<key>path</key>
			<string>GHUIViewControllerModal.h</string>
			<key>sourceTree</key>
			<string>&lt;group&gt;</string>
		</dict>
		<key>00AFEFBB18A5C19B0072632C</key>
		<dict>
			<key>fileEncoding</key>
			<string>4</string>
			<key>isa</key>
			<string>PBXFileReference</string>
			<key>lastKnownFileType</key>
			<string>sourcecode.c.objc</string>
			<key>path</key>
			<string>GHUIViewControllerModal.m</string>
			<key>sourceTree</key>
			<string>&lt;group&gt;</string>
		</dict>
		<key>00AFEFBC18A5C19B0072632C</key>
		<dict>
			<key>fileRef</key>
			<string>00AFEFBB18A5C19B0072632C</string>
			<key>isa</key>
			<string>PBXBuildFile</string>
		</dict>
		<key>00AFEFBD18A5C4330072632C</key>
		<dict>
			<key>fileEncoding</key>
			<string>4</string>
			<key>isa</key>
			<string>PBXFileReference</string>
			<key>lastKnownFileType</key>
			<string>sourcecode.c.h</string>
			<key>path</key>
			<string>GHUIViewControllerSlide3D.h</string>
			<key>sourceTree</key>
			<string>&lt;group&gt;</string>
		</dict>
		<key>00AFEFBE18A5C4330072632C</key>
		<dict>
			<key>fileEncoding</key>
			<string>4</string>
			<key>isa</key>
			<string>PBXFileReference</string>
			<key>lastKnownFileType</key>
			<string>sourcecode.c.objc</string>
			<key>path</key>
			<string>GHUIViewControllerSlide3D.m</string>
			<key>sourceTree</key>
			<string>&lt;group&gt;</string>
		</dict>
		<key>00AFEFBF18A5C4330072632C</key>
		<dict>
			<key>fileRef</key>
			<string>00AFEFBE18A5C4330072632C</string>
			<key>isa</key>
			<string>PBXBuildFile</string>
		</dict>
		<key>00C0950B1821C63200E37D61</key>
		<dict>
			<key>children</key>
			<array>
				<string>00C0950C1821C64200E37D61</string>
				<string>00C0950D1821C64200E37D61</string>
				<string>00E2B5FB18BBEFB200441C28</string>
				<string>00E2B5FC18BBEFB200441C28</string>
			</array>
			<key>isa</key>
			<string>PBXGroup</string>
			<key>path</key>
			<string>UIActivityView</string>
			<key>sourceTree</key>
			<string>&lt;group&gt;</string>
		</dict>
		<key>00C0950C1821C64200E37D61</key>
		<dict>
			<key>fileEncoding</key>
			<string>4</string>
			<key>isa</key>
			<string>PBXFileReference</string>
			<key>lastKnownFileType</key>
			<string>sourcecode.c.h</string>
			<key>path</key>
			<string>GHUIActivityView.h</string>
			<key>sourceTree</key>
			<string>&lt;group&gt;</string>
		</dict>
		<key>00C0950D1821C64200E37D61</key>
		<dict>
			<key>fileEncoding</key>
			<string>4</string>
			<key>isa</key>
			<string>PBXFileReference</string>
			<key>lastKnownFileType</key>
			<string>sourcecode.c.objc</string>
			<key>path</key>
			<string>GHUIActivityView.m</string>
			<key>sourceTree</key>
			<string>&lt;group&gt;</string>
		</dict>
		<key>00C0950E1821C64200E37D61</key>
		<dict>
			<key>fileRef</key>
			<string>00C0950D1821C64200E37D61</string>
			<key>isa</key>
			<string>PBXBuildFile</string>
		</dict>
		<key>00C0950F1821D1B500E37D61</key>
		<dict>
			<key>children</key>
			<array>
				<string>00C095101821D1CE00E37D61</string>
				<string>00C095111821D1CE00E37D61</string>
			</array>
			<key>isa</key>
			<string>PBXGroup</string>
			<key>path</key>
			<string>UIActionSheet</string>
			<key>sourceTree</key>
			<string>&lt;group&gt;</string>
		</dict>
		<key>00C095101821D1CE00E37D61</key>
		<dict>
			<key>fileEncoding</key>
			<string>4</string>
			<key>isa</key>
			<string>PBXFileReference</string>
			<key>lastKnownFileType</key>
			<string>sourcecode.c.h</string>
			<key>path</key>
			<string>GHUIActionSheet.h</string>
			<key>sourceTree</key>
			<string>&lt;group&gt;</string>
		</dict>
		<key>00C095111821D1CE00E37D61</key>
		<dict>
			<key>fileEncoding</key>
			<string>4</string>
			<key>isa</key>
			<string>PBXFileReference</string>
			<key>lastKnownFileType</key>
			<string>sourcecode.c.objc</string>
			<key>path</key>
			<string>GHUIActionSheet.m</string>
			<key>sourceTree</key>
			<string>&lt;group&gt;</string>
		</dict>
		<key>00C095121821D1CE00E37D61</key>
		<dict>
			<key>fileRef</key>
			<string>00C095111821D1CE00E37D61</string>
			<key>isa</key>
			<string>PBXBuildFile</string>
		</dict>
		<key>00C1D5E4182D95BC0080E2CF</key>
		<dict>
			<key>children</key>
			<array>
				<string>00C1D5E5182D95CA0080E2CF</string>
				<string>00C1D5E6182D95CA0080E2CF</string>
			</array>
			<key>isa</key>
			<string>PBXGroup</string>
			<key>path</key>
			<string>UILabel</string>
			<key>sourceTree</key>
			<string>&lt;group&gt;</string>
		</dict>
		<key>00C1D5E5182D95CA0080E2CF</key>
		<dict>
			<key>fileEncoding</key>
			<string>4</string>
			<key>isa</key>
			<string>PBXFileReference</string>
			<key>lastKnownFileType</key>
			<string>sourcecode.c.h</string>
			<key>path</key>
			<string>GHUILabel.h</string>
			<key>sourceTree</key>
			<string>&lt;group&gt;</string>
		</dict>
		<key>00C1D5E6182D95CA0080E2CF</key>
		<dict>
			<key>fileEncoding</key>
			<string>4</string>
			<key>isa</key>
			<string>PBXFileReference</string>
			<key>lastKnownFileType</key>
			<string>sourcecode.c.objc</string>
			<key>path</key>
			<string>GHUILabel.m</string>
			<key>sourceTree</key>
			<string>&lt;group&gt;</string>
		</dict>
		<key>00C1D5E7182D95CA0080E2CF</key>
		<dict>
			<key>fileRef</key>
			<string>00C1D5E6182D95CA0080E2CF</string>
			<key>isa</key>
			<string>PBXBuildFile</string>
		</dict>
		<key>00C1D5E8183171160080E2CF</key>
		<dict>
			<key>children</key>
			<array>
				<string>00C1D5EF183171E90080E2CF</string>
				<string>00C1D5F0183171E90080E2CF</string>
				<string>00AFEFA118A5A93A0072632C</string>
				<string>00AFEFA218A5A93A0072632C</string>
				<string>00AFEFBA18A5C19B0072632C</string>
				<string>00AFEFBB18A5C19B0072632C</string>
				<string>00AFEFBD18A5C4330072632C</string>
				<string>00AFEFBE18A5C4330072632C</string>
				<string>00EE07DA18A97D4E0061915F</string>
				<string>00EE07DB18A97D4E0061915F</string>
				<string>00AFEFA418A5AA100072632C</string>
				<string>00AFEFA518A5AA100072632C</string>
				<string>00EE07DD18A98B5A0061915F</string>
				<string>00EE07DE18A98B5A0061915F</string>
				<string>00EE07E618A9B9940061915F</string>
				<string>00EE07E718A9B9940061915F</string>
				<string>001CF5D918AC081500D830A2</string>
				<string>001CF5DA18AC081500D830A2</string>
				<string>0016114419B7DCC300816EB8</string>
				<string>0016114519B7DCC300816EB8</string>
			</array>
			<key>isa</key>
			<string>PBXGroup</string>
			<key>path</key>
			<string>UINavigationController</string>
			<key>sourceTree</key>
			<string>&lt;group&gt;</string>
		</dict>
		<key>00C1D5EF183171E90080E2CF</key>
		<dict>
			<key>fileEncoding</key>
			<string>4</string>
			<key>isa</key>
			<string>PBXFileReference</string>
			<key>lastKnownFileType</key>
			<string>sourcecode.c.h</string>
			<key>path</key>
			<string>GHUIViewController.h</string>
			<key>sourceTree</key>
			<string>&lt;group&gt;</string>
		</dict>
		<key>00C1D5F0183171E90080E2CF</key>
		<dict>
			<key>fileEncoding</key>
			<string>4</string>
			<key>isa</key>
			<string>PBXFileReference</string>
			<key>lastKnownFileType</key>
			<string>sourcecode.c.objc</string>
			<key>path</key>
			<string>GHUIViewController.m</string>
			<key>sourceTree</key>
			<string>&lt;group&gt;</string>
		</dict>
		<key>00C1D5F1183171E90080E2CF</key>
		<dict>
			<key>fileRef</key>
			<string>00C1D5F0183171E90080E2CF</string>
			<key>isa</key>
			<string>PBXBuildFile</string>
		</dict>
		<key>00E1A6B918230DB100BBDFBD</key>
		<dict>
			<key>children</key>
			<array>
				<string>00E1A6BA18230DD300BBDFBD</string>
				<string>00E1A6BB18230DD300BBDFBD</string>
			</array>
			<key>isa</key>
			<string>PBXGroup</string>
			<key>path</key>
			<string>UIAlertView</string>
			<key>sourceTree</key>
			<string>&lt;group&gt;</string>
		</dict>
		<key>00E1A6BA18230DD300BBDFBD</key>
		<dict>
			<key>fileEncoding</key>
			<string>4</string>
			<key>isa</key>
			<string>PBXFileReference</string>
			<key>lastKnownFileType</key>
			<string>sourcecode.c.h</string>
			<key>path</key>
			<string>GHUIAlertView.h</string>
			<key>sourceTree</key>
			<string>&lt;group&gt;</string>
		</dict>
		<key>00E1A6BB18230DD300BBDFBD</key>
		<dict>
			<key>fileEncoding</key>
			<string>4</string>
			<key>isa</key>
			<string>PBXFileReference</string>
			<key>lastKnownFileType</key>
			<string>sourcecode.c.objc</string>
			<key>path</key>
			<string>GHUIAlertView.m</string>
			<key>sourceTree</key>
			<string>&lt;group&gt;</string>
		</dict>
		<key>00E1A6BC18230DD300BBDFBD</key>
		<dict>
			<key>fileRef</key>
			<string>00E1A6BB18230DD300BBDFBD</string>
			<key>isa</key>
			<string>PBXBuildFile</string>
		</dict>
		<key>00E239FE19A3DD770099938D</key>
		<dict>
			<key>fileEncoding</key>
			<string>4</string>
			<key>isa</key>
			<string>PBXFileReference</string>
			<key>lastKnownFileType</key>
			<string>sourcecode.c.h</string>
			<key>path</key>
			<string>GHUIYapTableView.h</string>
			<key>sourceTree</key>
			<string>&lt;group&gt;</string>
		</dict>
		<key>00E239FF19A3DD770099938D</key>
		<dict>
			<key>fileEncoding</key>
			<string>4</string>
			<key>isa</key>
			<string>PBXFileReference</string>
			<key>lastKnownFileType</key>
			<string>sourcecode.c.objc</string>
			<key>path</key>
			<string>GHUIYapTableView.m</string>
			<key>sourceTree</key>
			<string>&lt;group&gt;</string>
		</dict>
		<key>00E23A0019A3DD770099938D</key>
		<dict>
			<key>fileRef</key>
			<string>00E239FF19A3DD770099938D</string>
			<key>isa</key>
			<string>PBXBuildFile</string>
		</dict>
		<key>00E2B5FB18BBEFB200441C28</key>
		<dict>
			<key>fileEncoding</key>
			<string>4</string>
			<key>isa</key>
			<string>PBXFileReference</string>
			<key>lastKnownFileType</key>
			<string>sourcecode.c.h</string>
			<key>path</key>
			<string>GHUIErrorView.h</string>
			<key>sourceTree</key>
			<string>&lt;group&gt;</string>
		</dict>
		<key>00E2B5FC18BBEFB200441C28</key>
		<dict>
			<key>fileEncoding</key>
			<string>4</string>
			<key>isa</key>
			<string>PBXFileReference</string>
			<key>lastKnownFileType</key>
			<string>sourcecode.c.objc</string>
			<key>path</key>
			<string>GHUIErrorView.m</string>
			<key>sourceTree</key>
			<string>&lt;group&gt;</string>
		</dict>
		<key>00E2B5FD18BBEFB200441C28</key>
		<dict>
			<key>fileRef</key>
			<string>00E2B5FC18BBEFB200441C28</string>
			<key>isa</key>
			<string>PBXBuildFile</string>
		</dict>
		<key>00E875E9192FBCB800946E4E</key>
		<dict>
			<key>fileEncoding</key>
			<string>4</string>
			<key>isa</key>
			<string>PBXFileReference</string>
			<key>lastKnownFileType</key>
			<string>sourcecode.c.h</string>
			<key>path</key>
			<string>GHUIBorderView.h</string>
			<key>sourceTree</key>
			<string>&lt;group&gt;</string>
		</dict>
		<key>00E875EA192FBCB800946E4E</key>
		<dict>
			<key>fileEncoding</key>
			<string>4</string>
			<key>isa</key>
			<string>PBXFileReference</string>
			<key>lastKnownFileType</key>
			<string>sourcecode.c.objc</string>
			<key>path</key>
			<string>GHUIBorderView.m</string>
			<key>sourceTree</key>
			<string>&lt;group&gt;</string>
		</dict>
		<key>00E875EB192FBCB800946E4E</key>
		<dict>
			<key>fileRef</key>
			<string>00E875EA192FBCB800946E4E</string>
			<key>isa</key>
			<string>PBXBuildFile</string>
		</dict>
		<key>00EE07DA18A97D4E0061915F</key>
		<dict>
			<key>fileEncoding</key>
			<string>4</string>
			<key>isa</key>
			<string>PBXFileReference</string>
			<key>lastKnownFileType</key>
			<string>sourcecode.c.h</string>
			<key>path</key>
			<string>GHUIViewTransitioning.h</string>
			<key>sourceTree</key>
			<string>&lt;group&gt;</string>
		</dict>
		<key>00EE07DB18A97D4E0061915F</key>
		<dict>
			<key>fileEncoding</key>
			<string>4</string>
			<key>isa</key>
			<string>PBXFileReference</string>
			<key>lastKnownFileType</key>
			<string>sourcecode.c.objc</string>
			<key>path</key>
			<string>GHUIViewTransitioning.m</string>
			<key>sourceTree</key>
			<string>&lt;group&gt;</string>
		</dict>
		<key>00EE07DC18A97D4E0061915F</key>
		<dict>
			<key>fileRef</key>
			<string>00EE07DB18A97D4E0061915F</string>
			<key>isa</key>
			<string>PBXBuildFile</string>
		</dict>
		<key>00EE07DD18A98B5A0061915F</key>
		<dict>
			<key>fileEncoding</key>
			<string>4</string>
			<key>isa</key>
			<string>PBXFileReference</string>
			<key>lastKnownFileType</key>
			<string>sourcecode.c.h</string>
			<key>path</key>
			<string>GHUIViewControllerDrop.h</string>
			<key>sourceTree</key>
			<string>&lt;group&gt;</string>
		</dict>
		<key>00EE07DE18A98B5A0061915F</key>
		<dict>
			<key>fileEncoding</key>
			<string>4</string>
			<key>isa</key>
			<string>PBXFileReference</string>
			<key>lastKnownFileType</key>
			<string>sourcecode.c.objc</string>
			<key>path</key>
			<string>GHUIViewControllerDrop.m</string>
			<key>sourceTree</key>
			<string>&lt;group&gt;</string>
		</dict>
		<key>00EE07DF18A98B5A0061915F</key>
		<dict>
			<key>fileRef</key>
			<string>00EE07DE18A98B5A0061915F</string>
			<key>isa</key>
			<string>PBXBuildFile</string>
		</dict>
		<key>00EE07E618A9B9940061915F</key>
		<dict>
			<key>fileEncoding</key>
			<string>4</string>
			<key>isa</key>
			<string>PBXFileReference</string>
			<key>lastKnownFileType</key>
			<string>sourcecode.c.h</string>
			<key>path</key>
			<string>GHUIViewControllerReveal.h</string>
			<key>sourceTree</key>
			<string>&lt;group&gt;</string>
		</dict>
		<key>00EE07E718A9B9940061915F</key>
		<dict>
			<key>fileEncoding</key>
			<string>4</string>
			<key>isa</key>
			<string>PBXFileReference</string>
			<key>lastKnownFileType</key>
			<string>sourcecode.c.objc</string>
			<key>path</key>
			<string>GHUIViewControllerReveal.m</string>
			<key>sourceTree</key>
			<string>&lt;group&gt;</string>
		</dict>
		<key>00EE07E818A9B9940061915F</key>
		<dict>
			<key>fileRef</key>
			<string>00EE07E718A9B9940061915F</string>
			<key>isa</key>
			<string>PBXBuildFile</string>
		</dict>
		<key>00EF3D601835C52E00C6B5C0</key>
		<dict>
			<key>fileEncoding</key>
			<string>4</string>
			<key>isa</key>
			<string>PBXFileReference</string>
			<key>lastKnownFileType</key>
			<string>sourcecode.c.h</string>
			<key>path</key>
			<string>GHUICollectionViewLabel.h</string>
			<key>sourceTree</key>
			<string>&lt;group&gt;</string>
		</dict>
		<key>00EF3D611835C52E00C6B5C0</key>
		<dict>
			<key>fileEncoding</key>
			<string>4</string>
			<key>isa</key>
			<string>PBXFileReference</string>
			<key>lastKnownFileType</key>
			<string>sourcecode.c.objc</string>
			<key>path</key>
			<string>GHUICollectionViewLabel.m</string>
			<key>sourceTree</key>
			<string>&lt;group&gt;</string>
		</dict>
		<key>00EF3D621835C52E00C6B5C0</key>
		<dict>
			<key>fileRef</key>
			<string>00EF3D611835C52E00C6B5C0</string>
			<key>isa</key>
			<string>PBXBuildFile</string>
		</dict>
		<key>00F238931890A58F00EE58D9</key>
		<dict>
			<key>fileEncoding</key>
			<string>4</string>
			<key>isa</key>
			<string>PBXFileReference</string>
			<key>lastKnownFileType</key>
			<string>sourcecode.c.h</string>
			<key>path</key>
			<string>GHUITableViewCell.h</string>
			<key>sourceTree</key>
			<string>&lt;group&gt;</string>
		</dict>
		<key>00F238941890A58F00EE58D9</key>
		<dict>
			<key>fileEncoding</key>
			<string>4</string>
			<key>isa</key>
			<string>PBXFileReference</string>
			<key>lastKnownFileType</key>
			<string>sourcecode.c.objc</string>
			<key>path</key>
			<string>GHUITableViewCell.m</string>
			<key>sourceTree</key>
			<string>&lt;group&gt;</string>
		</dict>
		<key>00F238951890A58F00EE58D9</key>
		<dict>
			<key>fileRef</key>
			<string>00F238941890A58F00EE58D9</string>
			<key>isa</key>
			<string>PBXBuildFile</string>
		</dict>
		<key>2090F3423E82FE188EE4E3C1</key>
		<dict>
			<key>includeInIndex</key>
			<string>1</string>
			<key>isa</key>
			<string>PBXFileReference</string>
			<key>lastKnownFileType</key>
			<string>text.xcconfig</string>
			<key>name</key>
			<string>Pods.debug.xcconfig</string>
			<key>path</key>
			<string>Pods/Target Support Files/Pods/Pods.debug.xcconfig</string>
			<key>sourceTree</key>
			<string>&lt;group&gt;</string>
		</dict>
		<key>5E609F41752043869A0ED942</key>
		<dict>
			<key>explicitFileType</key>
			<string>archive.ar</string>
			<key>includeInIndex</key>
			<string>0</string>
			<key>isa</key>
			<string>PBXFileReference</string>
			<key>path</key>
			<string>libPods.a</string>
			<key>sourceTree</key>
			<string>BUILT_PRODUCTS_DIR</string>
		</dict>
		<key>8BB0EFC4790EB4AA079D5661</key>
		<dict>
			<key>includeInIndex</key>
			<string>1</string>
			<key>isa</key>
			<string>PBXFileReference</string>
			<key>lastKnownFileType</key>
			<string>text.xcconfig</string>
			<key>name</key>
			<string>Pods.release.xcconfig</string>
			<key>path</key>
			<string>Pods/Target Support Files/Pods/Pods.release.xcconfig</string>
			<key>sourceTree</key>
			<string>&lt;group&gt;</string>
		</dict>
		<key>CBBF10FC981075F921703669</key>
		<dict>
			<key>children</key>
			<array>
				<string>2090F3423E82FE188EE4E3C1</string>
				<string>8BB0EFC4790EB4AA079D5661</string>
			</array>
			<key>isa</key>
			<string>PBXGroup</string>
			<key>name</key>
			<string>Pods</string>
			<key>sourceTree</key>
			<string>&lt;group&gt;</string>
		</dict>
		<key>CEB2341B467542B980EEF5F6</key>
		<dict>
			<key>fileRef</key>
			<string>5E609F41752043869A0ED942</string>
			<key>isa</key>
			<string>PBXBuildFile</string>
		</dict>
		<key>F846BB60569348B8BB13386B</key>
		<dict>
			<key>buildActionMask</key>
			<string>2147483647</string>
			<key>files</key>
			<array/>
			<key>inputPaths</key>
			<array/>
			<key>isa</key>
			<string>PBXShellScriptBuildPhase</string>
			<key>name</key>
			<string>Copy Pods Resources</string>
			<key>outputPaths</key>
			<array/>
			<key>runOnlyForDeploymentPostprocessing</key>
			<string>0</string>
			<key>shellPath</key>
			<string>/bin/sh</string>
			<key>shellScript</key>
			<string>"${SRCROOT}/Pods/Target Support Files/Pods/Pods-resources.sh"
</string>
			<key>showEnvVarsInLog</key>
			<string>0</string>
		</dict>
		<key>FB88F8DBD0204C1E9FC95343</key>
		<dict>
			<key>buildActionMask</key>
			<string>2147483647</string>
			<key>files</key>
			<array/>
			<key>inputPaths</key>
			<array/>
			<key>isa</key>
			<string>PBXShellScriptBuildPhase</string>
			<key>name</key>
			<string>Check Pods Manifest.lock</string>
			<key>outputPaths</key>
			<array/>
			<key>runOnlyForDeploymentPostprocessing</key>
			<string>0</string>
			<key>shellPath</key>
			<string>/bin/sh</string>
			<key>shellScript</key>
			<string>diff "${PODS_ROOT}/../Podfile.lock" "${PODS_ROOT}/Manifest.lock" &gt; /dev/null
if [[ $? != 0 ]] ; then
    cat &lt;&lt; EOM
error: The sandbox is not in sync with the Podfile.lock. Run 'pod install' or update your CocoaPods installation.
EOM
    exit 1
fi
</string>
			<key>showEnvVarsInLog</key>
			<string>0</string>
		</dict>
	</dict>
	<key>rootObject</key>
	<string>0099324B181879BD00556ECC</string>
</dict>
</plist>
